{
  "version": 4,
  "terraform_version": "1.6.0",
  "serial": 274,
  "lineage": "8686f405-da9b-6e7d-b7f9-e9de939ade0a",
  "outputs": {
    "S3_Storage_Account_AssumeRole_ARN": {
      "value": "arn:aws:iam::902593349028:role/dis-s3-bucket-cross-account-access",
      "type": "string"
    },
    "current_time": {
      "value": "2023-11-28T18:25:20Z",
      "type": "string"
    }
  },
  "resources": [
    {
      "mode": "data",
      "type": "archive_file",
      "name": "lambda_zip",
      "provider": "provider[\"registry.terraform.io/hashicorp/archive\"]",
      "instances": [
        {
          "schema_version": 0,
          "attributes": {
            "exclude_symlink_directories": null,
            "excludes": [
              "__pycache__",
              "package",
              "venv"
            ],
            "id": "c821e4b3a4d7c88f1e1571701dc45acf3b8d2219",
            "output_base64sha256": "7mo5L2hMwDFIagoX+Th+t/cr2QK/+YY/Iu3Nb2q/i8Y=",
            "output_base64sha512": "if+e8x3XTT8HYQlDaxEjMZePqSKX6NezMU8iKU1H0+HocHdYNgVJGWDAGY2axhG1I3xkwYfy8NPbwAMBK0hgMg==",
            "output_file_mode": null,
            "output_md5": "9f9edd21892e8b135acd78e3114debd2",
            "output_path": "./lambda.zip",
            "output_sha": "c821e4b3a4d7c88f1e1571701dc45acf3b8d2219",
            "output_sha256": "ee6a392f684cc031486a0a17f9387eb7f72bd902bff9863f22edcd6f6abf8bc6",
            "output_sha512": "89ff9ef31dd74d3f076109436b112331978fa92297e8d7b3314f22294d47d3e1e87077583605491960c0198d9ac611b5237c64c187f2f0d3dbc003012b486032",
            "output_size": 6940,
            "source": [],
            "source_content": null,
            "source_content_filename": null,
            "source_dir": "./../lambda/src",
            "source_file": null,
            "type": "zip"
          },
          "sensitive_attributes": []
        }
      ]
    },
    {
      "mode": "data",
      "type": "aws_caller_identity",
      "name": "dis",
      "provider": "provider[\"registry.terraform.io/hashicorp/aws\"].dis",
      "instances": [
        {
          "schema_version": 0,
          "attributes": {
            "account_id": "259353170667",
            "arn": "arn:aws:sts::259353170667:assumed-role/AWSReservedSSO_AWS-CSS-Editors_218f394defd81366/SSoutar-adm@gha.kfplcnp.com",
            "id": "259353170667",
            "user_id": "AROATYYVHKLVXQK2YNISM:SSoutar-adm@gha.kfplcnp.com"
          },
          "sensitive_attributes": []
        }
      ]
    },
    {
      "mode": "data",
      "type": "aws_caller_identity",
      "name": "dps",
      "provider": "provider[\"registry.terraform.io/hashicorp/aws\"].dps",
      "instances": [
        {
          "schema_version": 0,
          "attributes": {
            "account_id": "902593349028",
            "arn": "arn:aws:sts::902593349028:assumed-role/AWSReservedSSO_AWS-CSS-Editors_966bdfcecdf3f762/SSoutar-adm@gha.kfplcnp.com",
            "id": "902593349028",
            "user_id": "AROA5EJWBQWSPR6XD2ZT7:SSoutar-adm@gha.kfplcnp.com"
          },
          "sensitive_attributes": []
        }
      ]
    },
    {
      "mode": "managed",
      "type": "aws_cloudwatch_event_rule",
      "name": "DISDailyBucketTagChecker",
      "provider": "provider[\"registry.terraform.io/hashicorp/aws\"].dps",
      "instances": [
        {
          "schema_version": 0,
          "attributes": {
            "arn": "arn:aws:events:eu-west-1:902593349028:rule/DIS-IpaaS-Bucket-Tag-Check",
            "description": "Checks all buckets for ipaas tags run every 5 minutes during code testing",
            "event_bus_name": "default",
            "event_pattern": null,
            "id": "DIS-IpaaS-Bucket-Tag-Check",
            "is_enabled": true,
            "name": "DIS-IpaaS-Bucket-Tag-Check",
            "name_prefix": "",
            "role_arn": "",
            "schedule_expression": "cron(0/2 0-23 ? * MON-SAT *)",
            "tags": {
              "Charge_Code": "15445",
              "Environment": "dev",
              "OpCo": "kits",
              "Orchestration": "TF",
              "Service": "ipaas_cross_account_access",
              "Technical_Owner": "Cloud Solution Services",
              "dt_servicenow_owner": "Cloud Solution Services",
              "git_commit": "6dad2010382f0d082b3b9599a3ff02ea251c0089",
              "git_file": "terraform/lambda.tf",
              "git_last_modified_at": "2023-11-23 12:15:43",
              "git_last_modified_by": "steven.soutar@kingfisher.com",
              "git_modifiers": "steven.soutar",
              "git_org": "Bodsda",
              "git_repo": "lambda",
              "yor_name": "DISDailyBucketTagChecker",
              "yor_trace": "079211dc-a52f-4860-adf7-c6aa5ea5c157"
            },
            "tags_all": {
              "Charge_Code": "15445",
              "Environment": "dev",
              "OpCo": "kits",
              "Orchestration": "TF",
              "Service": "ipaas_cross_account_access",
              "Technical_Owner": "Cloud Solution Services",
              "dt_servicenow_owner": "Cloud Solution Services",
              "git_commit": "6dad2010382f0d082b3b9599a3ff02ea251c0089",
              "git_file": "terraform/lambda.tf",
              "git_last_modified_at": "2023-11-23 12:15:43",
              "git_last_modified_by": "steven.soutar@kingfisher.com",
              "git_modifiers": "steven.soutar",
              "git_org": "Bodsda",
              "git_repo": "lambda",
              "yor_name": "DISDailyBucketTagChecker",
              "yor_trace": "079211dc-a52f-4860-adf7-c6aa5ea5c157"
            }
          },
          "sensitive_attributes": [],
          "private": "bnVsbA=="
        }
      ]
    },
    {
      "mode": "managed",
      "type": "aws_cloudwatch_event_target",
      "name": "RunCheckDaily",
      "provider": "provider[\"registry.terraform.io/hashicorp/aws\"].dps",
      "instances": [
        {
          "schema_version": 1,
          "attributes": {
            "arn": "arn:aws:lambda:eu-west-1:902593349028:function:dis-ipaas-cross-account-function",
            "batch_target": [],
            "dead_letter_config": [],
            "ecs_target": [],
            "event_bus_name": "default",
            "http_target": [],
            "id": "DIS-IpaaS-Bucket-Tag-Check-lambda",
            "input": "",
            "input_path": "",
            "input_transformer": [],
            "kinesis_target": [],
            "redshift_target": [],
            "retry_policy": [],
            "role_arn": "",
            "rule": "DIS-IpaaS-Bucket-Tag-Check",
            "run_command_targets": [],
            "sagemaker_pipeline_target": [],
            "sqs_target": [],
            "target_id": "lambda"
          },
          "sensitive_attributes": [],
          "private": "eyJzY2hlbWFfdmVyc2lvbiI6IjEifQ==",
          "dependencies": [
            "aws_cloudwatch_event_rule.DISDailyBucketTagChecker",
            "aws_iam_role.lambda_iam_role",
            "aws_lambda_function.dis_ipaas_bucket_tag_checker",
            "data.archive_file.lambda_zip",
            "null_resource.my_lambda_buildstep"
          ]
        }
      ]
    },
    {
      "mode": "managed",
      "type": "aws_iam_role",
      "name": "dis_aws_bucket_role",
      "provider": "provider[\"registry.terraform.io/hashicorp/aws\"].dps",
      "instances": [
        {
          "schema_version": 0,
          "attributes": {
            "arn": "arn:aws:iam::902593349028:role/dis-s3-bucket-cross-account-access",
            "assume_role_policy": "{\"Statement\":[{\"Action\":\"sts:AssumeRole\",\"Effect\":\"Allow\",\"Principal\":{\"AWS\":\"arn:aws:iam::259353170667:root\"}}],\"Version\":\"2012-10-17\"}",
            "create_date": "2023-11-28T10:08:00Z",
            "description": "",
            "force_detach_policies": false,
            "id": "dis-s3-bucket-cross-account-access",
            "inline_policy": [],
            "managed_policy_arns": [
              "arn:aws:iam::902593349028:policy/dis-managed-ipaas-read-buckets-policy-1",
              "arn:aws:iam::902593349028:policy/dis-managed-ipaas-read-buckets-policy-2",
              "arn:aws:iam::902593349028:policy/dis-managed-ipaas-read-buckets-policy-3",
              "arn:aws:iam::902593349028:policy/dis-managed-ipaas-read-buckets-policy-4",
              "arn:aws:iam::902593349028:policy/dis-managed-ipaas-read-objects-policy-1",
              "arn:aws:iam::902593349028:policy/dis-managed-ipaas-read-objects-policy-2",
              "arn:aws:iam::902593349028:policy/dis-managed-ipaas-read-objects-policy-3",
              "arn:aws:iam::902593349028:policy/dis-managed-ipaas-read-objects-policy-4",
              "arn:aws:iam::902593349028:policy/dis-managed-ipaas-write-buckets-policy-1",
              "arn:aws:iam::902593349028:policy/dis-managed-ipaas-write-objects-policy-1"
            ],
            "max_session_duration": 3600,
            "name": "dis-s3-bucket-cross-account-access",
            "name_prefix": "",
            "path": "/",
            "permissions_boundary": "",
            "tags": {
              "git_commit": "6dad2010382f0d082b3b9599a3ff02ea251c0089",
              "git_file": "terraform/main.tf",
              "git_last_modified_at": "2023-11-23 12:15:43",
              "git_last_modified_by": "steven.soutar@kingfisher.com",
              "git_modifiers": "steven.soutar",
              "git_org": "Bodsda",
              "git_repo": "lambda",
              "yor_name": "dis_aws_bucket_role",
              "yor_trace": "72e75b8c-b596-4b3f-8c74-4905afd4de73"
            },
            "tags_all": {
              "git_commit": "6dad2010382f0d082b3b9599a3ff02ea251c0089",
              "git_file": "terraform/main.tf",
              "git_last_modified_at": "2023-11-23 12:15:43",
              "git_last_modified_by": "steven.soutar@kingfisher.com",
              "git_modifiers": "steven.soutar",
              "git_org": "Bodsda",
              "git_repo": "lambda",
              "yor_name": "dis_aws_bucket_role",
              "yor_trace": "72e75b8c-b596-4b3f-8c74-4905afd4de73"
            },
            "unique_id": "AROA5EJWBQWSBFJJP6CTV"
          },
          "sensitive_attributes": [],
          "private": "bnVsbA==",
          "dependencies": [
            "data.aws_caller_identity.dis"
          ]
        }
      ]
    },
    {
      "mode": "managed",
      "type": "aws_iam_role",
      "name": "lambda_iam_role",
      "provider": "provider[\"registry.terraform.io/hashicorp/aws\"].dps",
      "instances": [
        {
          "schema_version": 0,
          "attributes": {
            "arn": "arn:aws:iam::902593349028:role/dis_lambda_ipaas_bucket_checker_role",
            "assume_role_policy": "{\"Statement\":[{\"Action\":\"sts:AssumeRole\",\"Effect\":\"Allow\",\"Principal\":{\"Service\":\"lambda.amazonaws.com\"},\"Sid\":\"\"}],\"Version\":\"2012-10-17\"}",
            "create_date": "2023-11-28T10:08:00Z",
            "description": "",
            "force_detach_policies": false,
            "id": "dis_lambda_ipaas_bucket_checker_role",
            "inline_policy": [],
            "managed_policy_arns": [
              "arn:aws:iam::902593349028:policy/dis_lambda_policy"
            ],
            "max_session_duration": 3600,
            "name": "dis_lambda_ipaas_bucket_checker_role",
            "name_prefix": "",
            "path": "/",
            "permissions_boundary": "",
            "tags": {
              "git_commit": "6dad2010382f0d082b3b9599a3ff02ea251c0089",
              "git_file": "terraform/lambda.tf",
              "git_last_modified_at": "2023-11-23 12:15:43",
              "git_last_modified_by": "steven.soutar@kingfisher.com",
              "git_modifiers": "steven.soutar",
              "git_org": "Bodsda",
              "git_repo": "lambda",
              "yor_name": "lambda_iam_role",
              "yor_trace": "dc8a7e5e-a4e4-435a-8224-81ca58aa635b"
            },
            "tags_all": {
              "git_commit": "6dad2010382f0d082b3b9599a3ff02ea251c0089",
              "git_file": "terraform/lambda.tf",
              "git_last_modified_at": "2023-11-23 12:15:43",
              "git_last_modified_by": "steven.soutar@kingfisher.com",
              "git_modifiers": "steven.soutar",
              "git_org": "Bodsda",
              "git_repo": "lambda",
              "yor_name": "lambda_iam_role",
              "yor_trace": "dc8a7e5e-a4e4-435a-8224-81ca58aa635b"
            },
            "unique_id": "AROA5EJWBQWSAR2QC5IDD"
          },
          "sensitive_attributes": [],
          "private": "bnVsbA=="
        }
      ]
    },
    {
      "mode": "managed",
      "type": "aws_lambda_function",
      "name": "dis_ipaas_bucket_tag_checker",
      "provider": "provider[\"registry.terraform.io/hashicorp/aws\"].dps",
      "instances": [
        {
          "schema_version": 0,
          "attributes": {
            "architectures": [
              "x86_64"
            ],
            "arn": "arn:aws:lambda:eu-west-1:902593349028:function:dis-ipaas-cross-account-function",
            "code_signing_config_arn": "",
            "dead_letter_config": [],
            "description": "Check buckets for ipaas tag",
            "environment": [],
            "ephemeral_storage": [
              {
                "size": 512
              }
            ],
            "file_system_config": [],
            "filename": "./lambda.zip",
            "function_name": "dis-ipaas-cross-account-function",
            "handler": "lambda.lambda_handler",
            "id": "dis-ipaas-cross-account-function",
            "image_config": [],
            "image_uri": "",
            "invoke_arn": "arn:aws:apigateway:eu-west-1:lambda:path/2015-03-31/functions/arn:aws:lambda:eu-west-1:902593349028:function:dis-ipaas-cross-account-function/invocations",
            "kms_key_arn": "",
            "last_modified": "2023-11-28T18:08:44.000+0000",
            "layers": [],
            "memory_size": 128,
            "package_type": "Zip",
            "publish": false,
            "qualified_arn": "arn:aws:lambda:eu-west-1:902593349028:function:dis-ipaas-cross-account-function:$LATEST",
            "qualified_invoke_arn": "arn:aws:apigateway:eu-west-1:lambda:path/2015-03-31/functions/arn:aws:lambda:eu-west-1:902593349028:function:dis-ipaas-cross-account-function:$LATEST/invocations",
            "replace_security_groups_on_destroy": null,
            "replacement_security_group_ids": null,
            "reserved_concurrent_executions": -1,
            "role": "arn:aws:iam::902593349028:role/dis_lambda_ipaas_bucket_checker_role",
            "runtime": "python3.11",
            "s3_bucket": null,
            "s3_key": null,
            "s3_object_version": null,
            "signing_job_arn": "",
            "signing_profile_version_arn": "",
            "skip_destroy": false,
            "snap_start": [],
            "source_code_hash": "7mo5L2hMwDFIagoX+Th+t/cr2QK/+YY/Iu3Nb2q/i8Y=",
            "source_code_size": 6940,
            "tags": {
              "Charge_Code": "15445",
              "Environment": "dev",
              "Name": "dis-ipaas-cross-account-function",
              "OpCo": "kits",
              "Orchestration": "TF",
              "Service": "ipaas_cross_account_access",
              "Technical_Owner": "Cloud Solution Services",
              "dt_servicenow_owner": "Cloud Solution Services",
              "git_commit": "6dad2010382f0d082b3b9599a3ff02ea251c0089",
              "git_file": "terraform/lambda.tf",
              "git_last_modified_at": "2023-11-23 12:15:43",
              "git_last_modified_by": "steven.soutar@kingfisher.com",
              "git_modifiers": "steven.soutar",
              "git_org": "Bodsda",
              "git_repo": "lambda",
              "yor_name": "dis_ipaas_bucket_tag_checker",
              "yor_trace": "beeed9f1-8ded-4006-9471-dde40cc28bc1"
            },
            "tags_all": {
              "Charge_Code": "15445",
              "Environment": "dev",
              "Name": "dis-ipaas-cross-account-function",
              "OpCo": "kits",
              "Orchestration": "TF",
              "Service": "ipaas_cross_account_access",
              "Technical_Owner": "Cloud Solution Services",
              "dt_servicenow_owner": "Cloud Solution Services",
              "git_commit": "6dad2010382f0d082b3b9599a3ff02ea251c0089",
              "git_file": "terraform/lambda.tf",
              "git_last_modified_at": "2023-11-23 12:15:43",
              "git_last_modified_by": "steven.soutar@kingfisher.com",
              "git_modifiers": "steven.soutar",
              "git_org": "Bodsda",
              "git_repo": "lambda",
              "yor_name": "dis_ipaas_bucket_tag_checker",
              "yor_trace": "beeed9f1-8ded-4006-9471-dde40cc28bc1"
            },
            "timeout": 900,
            "timeouts": null,
            "tracing_config": [
              {
                "mode": "PassThrough"
              }
            ],
            "version": "$LATEST",
            "vpc_config": []
          },
          "sensitive_attributes": [],
          "private": "eyJlMmJmYjczMC1lY2FhLTExZTYtOGY4OC0zNDM2M2JjN2M0YzAiOnsiY3JlYXRlIjo2MDAwMDAwMDAwMDAsImRlbGV0ZSI6NjAwMDAwMDAwMDAwLCJ1cGRhdGUiOjYwMDAwMDAwMDAwMH19",
          "dependencies": [
            "aws_iam_role.lambda_iam_role",
            "data.archive_file.lambda_zip",
            "null_resource.my_lambda_buildstep"
          ]
        }
      ]
    },
    {
      "mode": "managed",
      "type": "aws_lambda_permission",
      "name": "allow_cloudwatch_to_call_lambda",
      "provider": "provider[\"registry.terraform.io/hashicorp/aws\"].dps",
      "instances": [
        {
          "schema_version": 0,
          "attributes": {
            "action": "lambda:InvokeFunction",
            "event_source_token": null,
            "function_name": "dis-ipaas-cross-account-function",
            "function_url_auth_type": null,
            "id": "AllowExecutionFromCloudWatch",
            "principal": "events.amazonaws.com",
            "principal_org_id": null,
            "qualifier": "",
            "source_account": null,
            "source_arn": "arn:aws:events:eu-west-1:902593349028:rule/DIS-IpaaS-Bucket-Tag-Check",
            "statement_id": "AllowExecutionFromCloudWatch",
            "statement_id_prefix": ""
          },
          "sensitive_attributes": [],
          "private": "bnVsbA==",
          "dependencies": [
            "aws_cloudwatch_event_rule.DISDailyBucketTagChecker",
            "aws_iam_role.lambda_iam_role",
            "aws_lambda_function.dis_ipaas_bucket_tag_checker",
            "data.archive_file.lambda_zip",
            "null_resource.my_lambda_buildstep"
          ]
        }
      ]
    },
    {
      "mode": "managed",
      "type": "null_resource",
      "name": "my_lambda_buildstep",
      "provider": "provider[\"registry.terraform.io/hashicorp/null\"]",
      "instances": [
        {
          "schema_version": 0,
          "attributes": {
            "id": "1274693585105968095",
            "triggers": {
              "build": "zrjdRoPbyrLL+98IWbmIW7yMitwOIjJhfvwQLO0YpSA=",
              "handler": "YC5vUeeyYtYcwbylJti+uMQjmosecVdMaQJr4vqQBEI=",
              "requirements": "U4NUeyl+JycWnkl8WYnY7N9CgZPxqWyWiJ3DBGGVdbQ="
            }
          },
          "sensitive_attributes": []
        }
      ]
    }
  ],
  "check_results": null
}
