{
  "version": 4,
  "terraform_version": "1.6.0",
  "serial": 1699,
  "lineage": "aa0e860d-fe99-49d1-5e31-48a3e454dae5",
  "outputs": {},
  "resources": [
    {
      "mode": "managed",
      "type": "aws_s3_bucket",
      "name": "test_buckets",
      "provider": "provider[\"registry.terraform.io/hashicorp/aws\"]",
      "instances": [
        {
          "index_key": 0,
          "schema_version": 0,
          "attributes": {
            "acceleration_status": "",
            "acl": null,
            "arn": "arn:aws:s3:::f771bd06fb871eb613a846e3036a74b31028ccd7ce6a-test-ipaas-bucket",
            "bucket": "f771bd06fb871eb613a846e3036a74b31028ccd7ce6a-test-ipaas-bucket",
            "bucket_domain_name": "f771bd06fb871eb613a846e3036a74b31028ccd7ce6a-test-ipaas-bucket.s3.amazonaws.com",
            "bucket_prefix": "",
            "bucket_regional_domain_name": "f771bd06fb871eb613a846e3036a74b31028ccd7ce6a-test-ipaas-bucket.s3.eu-west-1.amazonaws.com",
            "cors_rule": [],
            "force_destroy": false,
            "grant": [
              {
                "id": "ac3133221f9a6772efa7a43f0a53fb73eab15ca0636a1ed24c2d9dcba89226ca",
                "permissions": [
                  "FULL_CONTROL"
                ],
                "type": "CanonicalUser",
                "uri": ""
              }
            ],
            "hosted_zone_id": "Z1BKCTXD74EZPE",
            "id": "f771bd06fb871eb613a846e3036a74b31028ccd7ce6a-test-ipaas-bucket",
            "lifecycle_rule": [],
            "logging": [],
            "object_lock_configuration": [],
            "object_lock_enabled": false,
            "policy": "",
            "region": "eu-west-1",
            "replication_configuration": [],
            "request_payer": "BucketOwner",
            "server_side_encryption_configuration": [
              {
                "rule": [
                  {
                    "apply_server_side_encryption_by_default": [
                      {
                        "kms_master_key_id": "",
                        "sse_algorithm": "AES256"
                      }
                    ],
                    "bucket_key_enabled": false
                  }
                ]
              }
            ],
            "tags": {
              "git_commit": "6dad2010382f0d082b3b9599a3ff02ea251c0089",
              "git_file": "tests/terraform/main.tf",
              "git_last_modified_at": "2023-11-23 12:15:43",
              "git_last_modified_by": "steven.soutar@kingfisher.com",
              "git_modifiers": "steven.soutar",
              "git_org": "Bodsda",
              "git_repo": "lambda",
              "ipaas_transfer_enabled": "read",
              "yor_name": "test_buckets",
              "yor_trace": "8e461766-a84c-408b-93c8-64b2c855e817"
            },
            "tags_all": {
              "git_commit": "6dad2010382f0d082b3b9599a3ff02ea251c0089",
              "git_file": "tests/terraform/main.tf",
              "git_last_modified_at": "2023-11-23 12:15:43",
              "git_last_modified_by": "steven.soutar@kingfisher.com",
              "git_modifiers": "steven.soutar",
              "git_org": "Bodsda",
              "git_repo": "lambda",
              "ipaas_transfer_enabled": "read",
              "yor_name": "test_buckets",
              "yor_trace": "8e461766-a84c-408b-93c8-64b2c855e817"
            },
            "timeouts": null,
            "versioning": [
              {
                "enabled": false,
                "mfa_delete": false
              }
            ],
            "website": [],
            "website_domain": null,
            "website_endpoint": null
          },
          "sensitive_attributes": [],
          "private": "eyJlMmJmYjczMC1lY2FhLTExZTYtOGY4OC0zNDM2M2JjN2M0YzAiOnsiY3JlYXRlIjoxMjAwMDAwMDAwMDAwLCJkZWxldGUiOjM2MDAwMDAwMDAwMDAsInJlYWQiOjEyMDAwMDAwMDAwMDAsInVwZGF0ZSI6MTIwMDAwMDAwMDAwMH19",
          "dependencies": [
            "random_id.bucket_names"
          ]
        },
        {
          "index_key": 1,
          "schema_version": 0,
          "attributes": {
            "acceleration_status": "",
            "acl": null,
            "arn": "arn:aws:s3:::98c931d962b46e7bf6cdddc514549cf13560113b30f9-test-ipaas-bucket",
            "bucket": "98c931d962b46e7bf6cdddc514549cf13560113b30f9-test-ipaas-bucket",
            "bucket_domain_name": "98c931d962b46e7bf6cdddc514549cf13560113b30f9-test-ipaas-bucket.s3.amazonaws.com",
            "bucket_prefix": "",
            "bucket_regional_domain_name": "98c931d962b46e7bf6cdddc514549cf13560113b30f9-test-ipaas-bucket.s3.eu-west-1.amazonaws.com",
            "cors_rule": [],
            "force_destroy": false,
            "grant": [
              {
                "id": "ac3133221f9a6772efa7a43f0a53fb73eab15ca0636a1ed24c2d9dcba89226ca",
                "permissions": [
                  "FULL_CONTROL"
                ],
                "type": "CanonicalUser",
                "uri": ""
              }
            ],
            "hosted_zone_id": "Z1BKCTXD74EZPE",
            "id": "98c931d962b46e7bf6cdddc514549cf13560113b30f9-test-ipaas-bucket",
            "lifecycle_rule": [],
            "logging": [],
            "object_lock_configuration": [],
            "object_lock_enabled": false,
            "policy": "",
            "region": "eu-west-1",
            "replication_configuration": [],
            "request_payer": "BucketOwner",
            "server_side_encryption_configuration": [
              {
                "rule": [
                  {
                    "apply_server_side_encryption_by_default": [
                      {
                        "kms_master_key_id": "",
                        "sse_algorithm": "AES256"
                      }
                    ],
                    "bucket_key_enabled": false
                  }
                ]
              }
            ],
            "tags": {
              "git_commit": "6dad2010382f0d082b3b9599a3ff02ea251c0089",
              "git_file": "tests/terraform/main.tf",
              "git_last_modified_at": "2023-11-23 12:15:43",
              "git_last_modified_by": "steven.soutar@kingfisher.com",
              "git_modifiers": "steven.soutar",
              "git_org": "Bodsda",
              "git_repo": "lambda",
              "ipaas_transfer_enabled": "read",
              "yor_name": "test_buckets",
              "yor_trace": "8e461766-a84c-408b-93c8-64b2c855e817"
            },
            "tags_all": {
              "git_commit": "6dad2010382f0d082b3b9599a3ff02ea251c0089",
              "git_file": "tests/terraform/main.tf",
              "git_last_modified_at": "2023-11-23 12:15:43",
              "git_last_modified_by": "steven.soutar@kingfisher.com",
              "git_modifiers": "steven.soutar",
              "git_org": "Bodsda",
              "git_repo": "lambda",
              "ipaas_transfer_enabled": "read",
              "yor_name": "test_buckets",
              "yor_trace": "8e461766-a84c-408b-93c8-64b2c855e817"
            },
            "timeouts": null,
            "versioning": [
              {
                "enabled": false,
                "mfa_delete": false
              }
            ],
            "website": [],
            "website_domain": null,
            "website_endpoint": null
          },
          "sensitive_attributes": [],
          "private": "eyJlMmJmYjczMC1lY2FhLTExZTYtOGY4OC0zNDM2M2JjN2M0YzAiOnsiY3JlYXRlIjoxMjAwMDAwMDAwMDAwLCJkZWxldGUiOjM2MDAwMDAwMDAwMDAsInJlYWQiOjEyMDAwMDAwMDAwMDAsInVwZGF0ZSI6MTIwMDAwMDAwMDAwMH19",
          "dependencies": [
            "random_id.bucket_names"
          ]
        },
        {
          "index_key": 2,
          "schema_version": 0,
          "attributes": {
            "acceleration_status": "",
            "acl": null,
            "arn": "arn:aws:s3:::507b4d13bb515f40b7d7893cc266663ab95e5797f4c0-test-ipaas-bucket",
            "bucket": "507b4d13bb515f40b7d7893cc266663ab95e5797f4c0-test-ipaas-bucket",
            "bucket_domain_name": "507b4d13bb515f40b7d7893cc266663ab95e5797f4c0-test-ipaas-bucket.s3.amazonaws.com",
            "bucket_prefix": "",
            "bucket_regional_domain_name": "507b4d13bb515f40b7d7893cc266663ab95e5797f4c0-test-ipaas-bucket.s3.eu-west-1.amazonaws.com",
            "cors_rule": [],
            "force_destroy": false,
            "grant": [
              {
                "id": "ac3133221f9a6772efa7a43f0a53fb73eab15ca0636a1ed24c2d9dcba89226ca",
                "permissions": [
                  "FULL_CONTROL"
                ],
                "type": "CanonicalUser",
                "uri": ""
              }
            ],
            "hosted_zone_id": "Z1BKCTXD74EZPE",
            "id": "507b4d13bb515f40b7d7893cc266663ab95e5797f4c0-test-ipaas-bucket",
            "lifecycle_rule": [],
            "logging": [],
            "object_lock_configuration": [],
            "object_lock_enabled": false,
            "policy": "",
            "region": "eu-west-1",
            "replication_configuration": [],
            "request_payer": "BucketOwner",
            "server_side_encryption_configuration": [
              {
                "rule": [
                  {
                    "apply_server_side_encryption_by_default": [
                      {
                        "kms_master_key_id": "",
                        "sse_algorithm": "AES256"
                      }
                    ],
                    "bucket_key_enabled": false
                  }
                ]
              }
            ],
            "tags": {
              "git_commit": "6dad2010382f0d082b3b9599a3ff02ea251c0089",
              "git_file": "tests/terraform/main.tf",
              "git_last_modified_at": "2023-11-23 12:15:43",
              "git_last_modified_by": "steven.soutar@kingfisher.com",
              "git_modifiers": "steven.soutar",
              "git_org": "Bodsda",
              "git_repo": "lambda",
              "ipaas_transfer_enabled": "read",
              "yor_name": "test_buckets",
              "yor_trace": "8e461766-a84c-408b-93c8-64b2c855e817"
            },
            "tags_all": {
              "git_commit": "6dad2010382f0d082b3b9599a3ff02ea251c0089",
              "git_file": "tests/terraform/main.tf",
              "git_last_modified_at": "2023-11-23 12:15:43",
              "git_last_modified_by": "steven.soutar@kingfisher.com",
              "git_modifiers": "steven.soutar",
              "git_org": "Bodsda",
              "git_repo": "lambda",
              "ipaas_transfer_enabled": "read",
              "yor_name": "test_buckets",
              "yor_trace": "8e461766-a84c-408b-93c8-64b2c855e817"
            },
            "timeouts": null,
            "versioning": [
              {
                "enabled": false,
                "mfa_delete": false
              }
            ],
            "website": [],
            "website_domain": null,
            "website_endpoint": null
          },
          "sensitive_attributes": [],
          "private": "eyJlMmJmYjczMC1lY2FhLTExZTYtOGY4OC0zNDM2M2JjN2M0YzAiOnsiY3JlYXRlIjoxMjAwMDAwMDAwMDAwLCJkZWxldGUiOjM2MDAwMDAwMDAwMDAsInJlYWQiOjEyMDAwMDAwMDAwMDAsInVwZGF0ZSI6MTIwMDAwMDAwMDAwMH19",
          "dependencies": [
            "random_id.bucket_names"
          ]
        },
        {
          "index_key": 3,
          "schema_version": 0,
          "attributes": {
            "acceleration_status": "",
            "acl": null,
            "arn": "arn:aws:s3:::f298dc4726799b9e446b2ab93f5324062dbf19d213c1-test-ipaas-bucket",
            "bucket": "f298dc4726799b9e446b2ab93f5324062dbf19d213c1-test-ipaas-bucket",
            "bucket_domain_name": "f298dc4726799b9e446b2ab93f5324062dbf19d213c1-test-ipaas-bucket.s3.amazonaws.com",
            "bucket_prefix": "",
            "bucket_regional_domain_name": "f298dc4726799b9e446b2ab93f5324062dbf19d213c1-test-ipaas-bucket.s3.eu-west-1.amazonaws.com",
            "cors_rule": [],
            "force_destroy": false,
            "grant": [
              {
                "id": "ac3133221f9a6772efa7a43f0a53fb73eab15ca0636a1ed24c2d9dcba89226ca",
                "permissions": [
                  "FULL_CONTROL"
                ],
                "type": "CanonicalUser",
                "uri": ""
              }
            ],
            "hosted_zone_id": "Z1BKCTXD74EZPE",
            "id": "f298dc4726799b9e446b2ab93f5324062dbf19d213c1-test-ipaas-bucket",
            "lifecycle_rule": [],
            "logging": [],
            "object_lock_configuration": [],
            "object_lock_enabled": false,
            "policy": "",
            "region": "eu-west-1",
            "replication_configuration": [],
            "request_payer": "BucketOwner",
            "server_side_encryption_configuration": [
              {
                "rule": [
                  {
                    "apply_server_side_encryption_by_default": [
                      {
                        "kms_master_key_id": "",
                        "sse_algorithm": "AES256"
                      }
                    ],
                    "bucket_key_enabled": false
                  }
                ]
              }
            ],
            "tags": {
              "git_commit": "6dad2010382f0d082b3b9599a3ff02ea251c0089",
              "git_file": "tests/terraform/main.tf",
              "git_last_modified_at": "2023-11-23 12:15:43",
              "git_last_modified_by": "steven.soutar@kingfisher.com",
              "git_modifiers": "steven.soutar",
              "git_org": "Bodsda",
              "git_repo": "lambda",
              "ipaas_transfer_enabled": "read",
              "yor_name": "test_buckets",
              "yor_trace": "8e461766-a84c-408b-93c8-64b2c855e817"
            },
            "tags_all": {
              "git_commit": "6dad2010382f0d082b3b9599a3ff02ea251c0089",
              "git_file": "tests/terraform/main.tf",
              "git_last_modified_at": "2023-11-23 12:15:43",
              "git_last_modified_by": "steven.soutar@kingfisher.com",
              "git_modifiers": "steven.soutar",
              "git_org": "Bodsda",
              "git_repo": "lambda",
              "ipaas_transfer_enabled": "read",
              "yor_name": "test_buckets",
              "yor_trace": "8e461766-a84c-408b-93c8-64b2c855e817"
            },
            "timeouts": null,
            "versioning": [
              {
                "enabled": false,
                "mfa_delete": false
              }
            ],
            "website": [],
            "website_domain": null,
            "website_endpoint": null
          },
          "sensitive_attributes": [],
          "private": "eyJlMmJmYjczMC1lY2FhLTExZTYtOGY4OC0zNDM2M2JjN2M0YzAiOnsiY3JlYXRlIjoxMjAwMDAwMDAwMDAwLCJkZWxldGUiOjM2MDAwMDAwMDAwMDAsInJlYWQiOjEyMDAwMDAwMDAwMDAsInVwZGF0ZSI6MTIwMDAwMDAwMDAwMH19",
          "dependencies": [
            "random_id.bucket_names"
          ]
        },
        {
          "index_key": 4,
          "schema_version": 0,
          "attributes": {
            "acceleration_status": "",
            "acl": null,
            "arn": "arn:aws:s3:::ec9509487c824c5c639144aa7c2a9091a742ec4604c2-test-ipaas-bucket",
            "bucket": "ec9509487c824c5c639144aa7c2a9091a742ec4604c2-test-ipaas-bucket",
            "bucket_domain_name": "ec9509487c824c5c639144aa7c2a9091a742ec4604c2-test-ipaas-bucket.s3.amazonaws.com",
            "bucket_prefix": "",
            "bucket_regional_domain_name": "ec9509487c824c5c639144aa7c2a9091a742ec4604c2-test-ipaas-bucket.s3.eu-west-1.amazonaws.com",
            "cors_rule": [],
            "force_destroy": false,
            "grant": [
              {
                "id": "ac3133221f9a6772efa7a43f0a53fb73eab15ca0636a1ed24c2d9dcba89226ca",
                "permissions": [
                  "FULL_CONTROL"
                ],
                "type": "CanonicalUser",
                "uri": ""
              }
            ],
            "hosted_zone_id": "Z1BKCTXD74EZPE",
            "id": "ec9509487c824c5c639144aa7c2a9091a742ec4604c2-test-ipaas-bucket",
            "lifecycle_rule": [],
            "logging": [],
            "object_lock_configuration": [],
            "object_lock_enabled": false,
            "policy": "",
            "region": "eu-west-1",
            "replication_configuration": [],
            "request_payer": "BucketOwner",
            "server_side_encryption_configuration": [
              {
                "rule": [
                  {
                    "apply_server_side_encryption_by_default": [
                      {
                        "kms_master_key_id": "",
                        "sse_algorithm": "AES256"
                      }
                    ],
                    "bucket_key_enabled": false
                  }
                ]
              }
            ],
            "tags": {
              "git_commit": "6dad2010382f0d082b3b9599a3ff02ea251c0089",
              "git_file": "tests/terraform/main.tf",
              "git_last_modified_at": "2023-11-23 12:15:43",
              "git_last_modified_by": "steven.soutar@kingfisher.com",
              "git_modifiers": "steven.soutar",
              "git_org": "Bodsda",
              "git_repo": "lambda",
              "ipaas_transfer_enabled": "read",
              "yor_name": "test_buckets",
              "yor_trace": "8e461766-a84c-408b-93c8-64b2c855e817"
            },
            "tags_all": {
              "git_commit": "6dad2010382f0d082b3b9599a3ff02ea251c0089",
              "git_file": "tests/terraform/main.tf",
              "git_last_modified_at": "2023-11-23 12:15:43",
              "git_last_modified_by": "steven.soutar@kingfisher.com",
              "git_modifiers": "steven.soutar",
              "git_org": "Bodsda",
              "git_repo": "lambda",
              "ipaas_transfer_enabled": "read",
              "yor_name": "test_buckets",
              "yor_trace": "8e461766-a84c-408b-93c8-64b2c855e817"
            },
            "timeouts": null,
            "versioning": [
              {
                "enabled": false,
                "mfa_delete": false
              }
            ],
            "website": [],
            "website_domain": null,
            "website_endpoint": null
          },
          "sensitive_attributes": [],
          "private": "eyJlMmJmYjczMC1lY2FhLTExZTYtOGY4OC0zNDM2M2JjN2M0YzAiOnsiY3JlYXRlIjoxMjAwMDAwMDAwMDAwLCJkZWxldGUiOjM2MDAwMDAwMDAwMDAsInJlYWQiOjEyMDAwMDAwMDAwMDAsInVwZGF0ZSI6MTIwMDAwMDAwMDAwMH19",
          "dependencies": [
            "random_id.bucket_names"
          ]
        },
        {
          "index_key": 5,
          "schema_version": 0,
          "attributes": {
            "acceleration_status": "",
            "acl": null,
            "arn": "arn:aws:s3:::85de06d1b10d1a5fb283741b376f333a4d919acc8f29-test-ipaas-bucket",
            "bucket": "85de06d1b10d1a5fb283741b376f333a4d919acc8f29-test-ipaas-bucket",
            "bucket_domain_name": "85de06d1b10d1a5fb283741b376f333a4d919acc8f29-test-ipaas-bucket.s3.amazonaws.com",
            "bucket_prefix": "",
            "bucket_regional_domain_name": "85de06d1b10d1a5fb283741b376f333a4d919acc8f29-test-ipaas-bucket.s3.eu-west-1.amazonaws.com",
            "cors_rule": [],
            "force_destroy": false,
            "grant": [
              {
                "id": "ac3133221f9a6772efa7a43f0a53fb73eab15ca0636a1ed24c2d9dcba89226ca",
                "permissions": [
                  "FULL_CONTROL"
                ],
                "type": "CanonicalUser",
                "uri": ""
              }
            ],
            "hosted_zone_id": "Z1BKCTXD74EZPE",
            "id": "85de06d1b10d1a5fb283741b376f333a4d919acc8f29-test-ipaas-bucket",
            "lifecycle_rule": [],
            "logging": [],
            "object_lock_configuration": [],
            "object_lock_enabled": false,
            "policy": "",
            "region": "eu-west-1",
            "replication_configuration": [],
            "request_payer": "BucketOwner",
            "server_side_encryption_configuration": [
              {
                "rule": [
                  {
                    "apply_server_side_encryption_by_default": [
                      {
                        "kms_master_key_id": "",
                        "sse_algorithm": "AES256"
                      }
                    ],
                    "bucket_key_enabled": false
                  }
                ]
              }
            ],
            "tags": {
              "git_commit": "6dad2010382f0d082b3b9599a3ff02ea251c0089",
              "git_file": "tests/terraform/main.tf",
              "git_last_modified_at": "2023-11-23 12:15:43",
              "git_last_modified_by": "steven.soutar@kingfisher.com",
              "git_modifiers": "steven.soutar",
              "git_org": "Bodsda",
              "git_repo": "lambda",
              "ipaas_transfer_enabled": "read",
              "yor_name": "test_buckets",
              "yor_trace": "8e461766-a84c-408b-93c8-64b2c855e817"
            },
            "tags_all": {
              "git_commit": "6dad2010382f0d082b3b9599a3ff02ea251c0089",
              "git_file": "tests/terraform/main.tf",
              "git_last_modified_at": "2023-11-23 12:15:43",
              "git_last_modified_by": "steven.soutar@kingfisher.com",
              "git_modifiers": "steven.soutar",
              "git_org": "Bodsda",
              "git_repo": "lambda",
              "ipaas_transfer_enabled": "read",
              "yor_name": "test_buckets",
              "yor_trace": "8e461766-a84c-408b-93c8-64b2c855e817"
            },
            "timeouts": null,
            "versioning": [
              {
                "enabled": false,
                "mfa_delete": false
              }
            ],
            "website": [],
            "website_domain": null,
            "website_endpoint": null
          },
          "sensitive_attributes": [],
          "private": "eyJlMmJmYjczMC1lY2FhLTExZTYtOGY4OC0zNDM2M2JjN2M0YzAiOnsiY3JlYXRlIjoxMjAwMDAwMDAwMDAwLCJkZWxldGUiOjM2MDAwMDAwMDAwMDAsInJlYWQiOjEyMDAwMDAwMDAwMDAsInVwZGF0ZSI6MTIwMDAwMDAwMDAwMH19",
          "dependencies": [
            "random_id.bucket_names"
          ]
        },
        {
          "index_key": 6,
          "schema_version": 0,
          "attributes": {
            "acceleration_status": "",
            "acl": null,
            "arn": "arn:aws:s3:::191a705b7a81fbaa5ce42e3cab33d5d44445d45052bd-test-ipaas-bucket",
            "bucket": "191a705b7a81fbaa5ce42e3cab33d5d44445d45052bd-test-ipaas-bucket",
            "bucket_domain_name": "191a705b7a81fbaa5ce42e3cab33d5d44445d45052bd-test-ipaas-bucket.s3.amazonaws.com",
            "bucket_prefix": "",
            "bucket_regional_domain_name": "191a705b7a81fbaa5ce42e3cab33d5d44445d45052bd-test-ipaas-bucket.s3.eu-west-1.amazonaws.com",
            "cors_rule": [],
            "force_destroy": false,
            "grant": [
              {
                "id": "ac3133221f9a6772efa7a43f0a53fb73eab15ca0636a1ed24c2d9dcba89226ca",
                "permissions": [
                  "FULL_CONTROL"
                ],
                "type": "CanonicalUser",
                "uri": ""
              }
            ],
            "hosted_zone_id": "Z1BKCTXD74EZPE",
            "id": "191a705b7a81fbaa5ce42e3cab33d5d44445d45052bd-test-ipaas-bucket",
            "lifecycle_rule": [],
            "logging": [],
            "object_lock_configuration": [],
            "object_lock_enabled": false,
            "policy": "",
            "region": "eu-west-1",
            "replication_configuration": [],
            "request_payer": "BucketOwner",
            "server_side_encryption_configuration": [
              {
                "rule": [
                  {
                    "apply_server_side_encryption_by_default": [
                      {
                        "kms_master_key_id": "",
                        "sse_algorithm": "AES256"
                      }
                    ],
                    "bucket_key_enabled": false
                  }
                ]
              }
            ],
            "tags": {
              "git_commit": "6dad2010382f0d082b3b9599a3ff02ea251c0089",
              "git_file": "tests/terraform/main.tf",
              "git_last_modified_at": "2023-11-23 12:15:43",
              "git_last_modified_by": "steven.soutar@kingfisher.com",
              "git_modifiers": "steven.soutar",
              "git_org": "Bodsda",
              "git_repo": "lambda",
              "ipaas_transfer_enabled": "read",
              "yor_name": "test_buckets",
              "yor_trace": "8e461766-a84c-408b-93c8-64b2c855e817"
            },
            "tags_all": {
              "git_commit": "6dad2010382f0d082b3b9599a3ff02ea251c0089",
              "git_file": "tests/terraform/main.tf",
              "git_last_modified_at": "2023-11-23 12:15:43",
              "git_last_modified_by": "steven.soutar@kingfisher.com",
              "git_modifiers": "steven.soutar",
              "git_org": "Bodsda",
              "git_repo": "lambda",
              "ipaas_transfer_enabled": "read",
              "yor_name": "test_buckets",
              "yor_trace": "8e461766-a84c-408b-93c8-64b2c855e817"
            },
            "timeouts": null,
            "versioning": [
              {
                "enabled": false,
                "mfa_delete": false
              }
            ],
            "website": [],
            "website_domain": null,
            "website_endpoint": null
          },
          "sensitive_attributes": [],
          "private": "eyJlMmJmYjczMC1lY2FhLTExZTYtOGY4OC0zNDM2M2JjN2M0YzAiOnsiY3JlYXRlIjoxMjAwMDAwMDAwMDAwLCJkZWxldGUiOjM2MDAwMDAwMDAwMDAsInJlYWQiOjEyMDAwMDAwMDAwMDAsInVwZGF0ZSI6MTIwMDAwMDAwMDAwMH19",
          "dependencies": [
            "random_id.bucket_names"
          ]
        },
        {
          "index_key": 7,
          "schema_version": 0,
          "attributes": {
            "acceleration_status": "",
            "acl": null,
            "arn": "arn:aws:s3:::3bfd2f7142ed1ea27ab2d9164f919f98c842653e9a23-test-ipaas-bucket",
            "bucket": "3bfd2f7142ed1ea27ab2d9164f919f98c842653e9a23-test-ipaas-bucket",
            "bucket_domain_name": "3bfd2f7142ed1ea27ab2d9164f919f98c842653e9a23-test-ipaas-bucket.s3.amazonaws.com",
            "bucket_prefix": "",
            "bucket_regional_domain_name": "3bfd2f7142ed1ea27ab2d9164f919f98c842653e9a23-test-ipaas-bucket.s3.eu-west-1.amazonaws.com",
            "cors_rule": [],
            "force_destroy": false,
            "grant": [
              {
                "id": "ac3133221f9a6772efa7a43f0a53fb73eab15ca0636a1ed24c2d9dcba89226ca",
                "permissions": [
                  "FULL_CONTROL"
                ],
                "type": "CanonicalUser",
                "uri": ""
              }
            ],
            "hosted_zone_id": "Z1BKCTXD74EZPE",
            "id": "3bfd2f7142ed1ea27ab2d9164f919f98c842653e9a23-test-ipaas-bucket",
            "lifecycle_rule": [],
            "logging": [],
            "object_lock_configuration": [],
            "object_lock_enabled": false,
            "policy": "",
            "region": "eu-west-1",
            "replication_configuration": [],
            "request_payer": "BucketOwner",
            "server_side_encryption_configuration": [
              {
                "rule": [
                  {
                    "apply_server_side_encryption_by_default": [
                      {
                        "kms_master_key_id": "",
                        "sse_algorithm": "AES256"
                      }
                    ],
                    "bucket_key_enabled": false
                  }
                ]
              }
            ],
            "tags": {
              "git_commit": "6dad2010382f0d082b3b9599a3ff02ea251c0089",
              "git_file": "tests/terraform/main.tf",
              "git_last_modified_at": "2023-11-23 12:15:43",
              "git_last_modified_by": "steven.soutar@kingfisher.com",
              "git_modifiers": "steven.soutar",
              "git_org": "Bodsda",
              "git_repo": "lambda",
              "ipaas_transfer_enabled": "read",
              "yor_name": "test_buckets",
              "yor_trace": "8e461766-a84c-408b-93c8-64b2c855e817"
            },
            "tags_all": {
              "git_commit": "6dad2010382f0d082b3b9599a3ff02ea251c0089",
              "git_file": "tests/terraform/main.tf",
              "git_last_modified_at": "2023-11-23 12:15:43",
              "git_last_modified_by": "steven.soutar@kingfisher.com",
              "git_modifiers": "steven.soutar",
              "git_org": "Bodsda",
              "git_repo": "lambda",
              "ipaas_transfer_enabled": "read",
              "yor_name": "test_buckets",
              "yor_trace": "8e461766-a84c-408b-93c8-64b2c855e817"
            },
            "timeouts": null,
            "versioning": [
              {
                "enabled": false,
                "mfa_delete": false
              }
            ],
            "website": [],
            "website_domain": null,
            "website_endpoint": null
          },
          "sensitive_attributes": [],
          "private": "eyJlMmJmYjczMC1lY2FhLTExZTYtOGY4OC0zNDM2M2JjN2M0YzAiOnsiY3JlYXRlIjoxMjAwMDAwMDAwMDAwLCJkZWxldGUiOjM2MDAwMDAwMDAwMDAsInJlYWQiOjEyMDAwMDAwMDAwMDAsInVwZGF0ZSI6MTIwMDAwMDAwMDAwMH19",
          "dependencies": [
            "random_id.bucket_names"
          ]
        },
        {
          "index_key": 8,
          "schema_version": 0,
          "attributes": {
            "acceleration_status": "",
            "acl": null,
            "arn": "arn:aws:s3:::d5fb2d3fa310f8f402ea6aa1290761f8bf56732b71e8-test-ipaas-bucket",
            "bucket": "d5fb2d3fa310f8f402ea6aa1290761f8bf56732b71e8-test-ipaas-bucket",
            "bucket_domain_name": "d5fb2d3fa310f8f402ea6aa1290761f8bf56732b71e8-test-ipaas-bucket.s3.amazonaws.com",
            "bucket_prefix": "",
            "bucket_regional_domain_name": "d5fb2d3fa310f8f402ea6aa1290761f8bf56732b71e8-test-ipaas-bucket.s3.eu-west-1.amazonaws.com",
            "cors_rule": [],
            "force_destroy": false,
            "grant": [
              {
                "id": "ac3133221f9a6772efa7a43f0a53fb73eab15ca0636a1ed24c2d9dcba89226ca",
                "permissions": [
                  "FULL_CONTROL"
                ],
                "type": "CanonicalUser",
                "uri": ""
              }
            ],
            "hosted_zone_id": "Z1BKCTXD74EZPE",
            "id": "d5fb2d3fa310f8f402ea6aa1290761f8bf56732b71e8-test-ipaas-bucket",
            "lifecycle_rule": [],
            "logging": [],
            "object_lock_configuration": [],
            "object_lock_enabled": false,
            "policy": "",
            "region": "eu-west-1",
            "replication_configuration": [],
            "request_payer": "BucketOwner",
            "server_side_encryption_configuration": [
              {
                "rule": [
                  {
                    "apply_server_side_encryption_by_default": [
                      {
                        "kms_master_key_id": "",
                        "sse_algorithm": "AES256"
                      }
                    ],
                    "bucket_key_enabled": false
                  }
                ]
              }
            ],
            "tags": {
              "git_commit": "6dad2010382f0d082b3b9599a3ff02ea251c0089",
              "git_file": "tests/terraform/main.tf",
              "git_last_modified_at": "2023-11-23 12:15:43",
              "git_last_modified_by": "steven.soutar@kingfisher.com",
              "git_modifiers": "steven.soutar",
              "git_org": "Bodsda",
              "git_repo": "lambda",
              "ipaas_transfer_enabled": "read",
              "yor_name": "test_buckets",
              "yor_trace": "8e461766-a84c-408b-93c8-64b2c855e817"
            },
            "tags_all": {
              "git_commit": "6dad2010382f0d082b3b9599a3ff02ea251c0089",
              "git_file": "tests/terraform/main.tf",
              "git_last_modified_at": "2023-11-23 12:15:43",
              "git_last_modified_by": "steven.soutar@kingfisher.com",
              "git_modifiers": "steven.soutar",
              "git_org": "Bodsda",
              "git_repo": "lambda",
              "ipaas_transfer_enabled": "read",
              "yor_name": "test_buckets",
              "yor_trace": "8e461766-a84c-408b-93c8-64b2c855e817"
            },
            "timeouts": null,
            "versioning": [
              {
                "enabled": false,
                "mfa_delete": false
              }
            ],
            "website": [],
            "website_domain": null,
            "website_endpoint": null
          },
          "sensitive_attributes": [],
          "private": "eyJlMmJmYjczMC1lY2FhLTExZTYtOGY4OC0zNDM2M2JjN2M0YzAiOnsiY3JlYXRlIjoxMjAwMDAwMDAwMDAwLCJkZWxldGUiOjM2MDAwMDAwMDAwMDAsInJlYWQiOjEyMDAwMDAwMDAwMDAsInVwZGF0ZSI6MTIwMDAwMDAwMDAwMH19",
          "dependencies": [
            "random_id.bucket_names"
          ]
        },
        {
          "index_key": 9,
          "schema_version": 0,
          "attributes": {
            "acceleration_status": "",
            "acl": null,
            "arn": "arn:aws:s3:::a8233e86f377dc4e92a82d1177b591759a4f772b10d5-test-ipaas-bucket",
            "bucket": "a8233e86f377dc4e92a82d1177b591759a4f772b10d5-test-ipaas-bucket",
            "bucket_domain_name": "a8233e86f377dc4e92a82d1177b591759a4f772b10d5-test-ipaas-bucket.s3.amazonaws.com",
            "bucket_prefix": "",
            "bucket_regional_domain_name": "a8233e86f377dc4e92a82d1177b591759a4f772b10d5-test-ipaas-bucket.s3.eu-west-1.amazonaws.com",
            "cors_rule": [],
            "force_destroy": false,
            "grant": [
              {
                "id": "ac3133221f9a6772efa7a43f0a53fb73eab15ca0636a1ed24c2d9dcba89226ca",
                "permissions": [
                  "FULL_CONTROL"
                ],
                "type": "CanonicalUser",
                "uri": ""
              }
            ],
            "hosted_zone_id": "Z1BKCTXD74EZPE",
            "id": "a8233e86f377dc4e92a82d1177b591759a4f772b10d5-test-ipaas-bucket",
            "lifecycle_rule": [],
            "logging": [],
            "object_lock_configuration": [],
            "object_lock_enabled": false,
            "policy": "",
            "region": "eu-west-1",
            "replication_configuration": [],
            "request_payer": "BucketOwner",
            "server_side_encryption_configuration": [
              {
                "rule": [
                  {
                    "apply_server_side_encryption_by_default": [
                      {
                        "kms_master_key_id": "",
                        "sse_algorithm": "AES256"
                      }
                    ],
                    "bucket_key_enabled": false
                  }
                ]
              }
            ],
            "tags": {
              "git_commit": "6dad2010382f0d082b3b9599a3ff02ea251c0089",
              "git_file": "tests/terraform/main.tf",
              "git_last_modified_at": "2023-11-23 12:15:43",
              "git_last_modified_by": "steven.soutar@kingfisher.com",
              "git_modifiers": "steven.soutar",
              "git_org": "Bodsda",
              "git_repo": "lambda",
              "ipaas_transfer_enabled": "read",
              "yor_name": "test_buckets",
              "yor_trace": "8e461766-a84c-408b-93c8-64b2c855e817"
            },
            "tags_all": {
              "git_commit": "6dad2010382f0d082b3b9599a3ff02ea251c0089",
              "git_file": "tests/terraform/main.tf",
              "git_last_modified_at": "2023-11-23 12:15:43",
              "git_last_modified_by": "steven.soutar@kingfisher.com",
              "git_modifiers": "steven.soutar",
              "git_org": "Bodsda",
              "git_repo": "lambda",
              "ipaas_transfer_enabled": "read",
              "yor_name": "test_buckets",
              "yor_trace": "8e461766-a84c-408b-93c8-64b2c855e817"
            },
            "timeouts": null,
            "versioning": [
              {
                "enabled": false,
                "mfa_delete": false
              }
            ],
            "website": [],
            "website_domain": null,
            "website_endpoint": null
          },
          "sensitive_attributes": [],
          "private": "eyJlMmJmYjczMC1lY2FhLTExZTYtOGY4OC0zNDM2M2JjN2M0YzAiOnsiY3JlYXRlIjoxMjAwMDAwMDAwMDAwLCJkZWxldGUiOjM2MDAwMDAwMDAwMDAsInJlYWQiOjEyMDAwMDAwMDAwMDAsInVwZGF0ZSI6MTIwMDAwMDAwMDAwMH19",
          "dependencies": [
            "random_id.bucket_names"
          ]
        },
        {
          "index_key": 10,
          "schema_version": 0,
          "attributes": {
            "acceleration_status": "",
            "acl": null,
            "arn": "arn:aws:s3:::a848a0537a4a9fde264aa4c4e9f8a0e3e370295f1c15-test-ipaas-bucket",
            "bucket": "a848a0537a4a9fde264aa4c4e9f8a0e3e370295f1c15-test-ipaas-bucket",
            "bucket_domain_name": "a848a0537a4a9fde264aa4c4e9f8a0e3e370295f1c15-test-ipaas-bucket.s3.amazonaws.com",
            "bucket_prefix": "",
            "bucket_regional_domain_name": "a848a0537a4a9fde264aa4c4e9f8a0e3e370295f1c15-test-ipaas-bucket.s3.eu-west-1.amazonaws.com",
            "cors_rule": [],
            "force_destroy": false,
            "grant": [
              {
                "id": "ac3133221f9a6772efa7a43f0a53fb73eab15ca0636a1ed24c2d9dcba89226ca",
                "permissions": [
                  "FULL_CONTROL"
                ],
                "type": "CanonicalUser",
                "uri": ""
              }
            ],
            "hosted_zone_id": "Z1BKCTXD74EZPE",
            "id": "a848a0537a4a9fde264aa4c4e9f8a0e3e370295f1c15-test-ipaas-bucket",
            "lifecycle_rule": [],
            "logging": [],
            "object_lock_configuration": [],
            "object_lock_enabled": false,
            "policy": "",
            "region": "eu-west-1",
            "replication_configuration": [],
            "request_payer": "BucketOwner",
            "server_side_encryption_configuration": [
              {
                "rule": [
                  {
                    "apply_server_side_encryption_by_default": [
                      {
                        "kms_master_key_id": "",
                        "sse_algorithm": "AES256"
                      }
                    ],
                    "bucket_key_enabled": false
                  }
                ]
              }
            ],
            "tags": {
              "git_commit": "6dad2010382f0d082b3b9599a3ff02ea251c0089",
              "git_file": "tests/terraform/main.tf",
              "git_last_modified_at": "2023-11-23 12:15:43",
              "git_last_modified_by": "steven.soutar@kingfisher.com",
              "git_modifiers": "steven.soutar",
              "git_org": "Bodsda",
              "git_repo": "lambda",
              "ipaas_transfer_enabled": "read",
              "yor_name": "test_buckets",
              "yor_trace": "8e461766-a84c-408b-93c8-64b2c855e817"
            },
            "tags_all": {
              "git_commit": "6dad2010382f0d082b3b9599a3ff02ea251c0089",
              "git_file": "tests/terraform/main.tf",
              "git_last_modified_at": "2023-11-23 12:15:43",
              "git_last_modified_by": "steven.soutar@kingfisher.com",
              "git_modifiers": "steven.soutar",
              "git_org": "Bodsda",
              "git_repo": "lambda",
              "ipaas_transfer_enabled": "read",
              "yor_name": "test_buckets",
              "yor_trace": "8e461766-a84c-408b-93c8-64b2c855e817"
            },
            "timeouts": null,
            "versioning": [
              {
                "enabled": false,
                "mfa_delete": false
              }
            ],
            "website": [],
            "website_domain": null,
            "website_endpoint": null
          },
          "sensitive_attributes": [],
          "private": "eyJlMmJmYjczMC1lY2FhLTExZTYtOGY4OC0zNDM2M2JjN2M0YzAiOnsiY3JlYXRlIjoxMjAwMDAwMDAwMDAwLCJkZWxldGUiOjM2MDAwMDAwMDAwMDAsInJlYWQiOjEyMDAwMDAwMDAwMDAsInVwZGF0ZSI6MTIwMDAwMDAwMDAwMH19",
          "dependencies": [
            "random_id.bucket_names"
          ]
        },
        {
          "index_key": 11,
          "schema_version": 0,
          "attributes": {
            "acceleration_status": "",
            "acl": null,
            "arn": "arn:aws:s3:::9a9bbba74487391e2cc147d7b73f24dc561aea116969-test-ipaas-bucket",
            "bucket": "9a9bbba74487391e2cc147d7b73f24dc561aea116969-test-ipaas-bucket",
            "bucket_domain_name": "9a9bbba74487391e2cc147d7b73f24dc561aea116969-test-ipaas-bucket.s3.amazonaws.com",
            "bucket_prefix": "",
            "bucket_regional_domain_name": "9a9bbba74487391e2cc147d7b73f24dc561aea116969-test-ipaas-bucket.s3.eu-west-1.amazonaws.com",
            "cors_rule": [],
            "force_destroy": false,
            "grant": [
              {
                "id": "ac3133221f9a6772efa7a43f0a53fb73eab15ca0636a1ed24c2d9dcba89226ca",
                "permissions": [
                  "FULL_CONTROL"
                ],
                "type": "CanonicalUser",
                "uri": ""
              }
            ],
            "hosted_zone_id": "Z1BKCTXD74EZPE",
            "id": "9a9bbba74487391e2cc147d7b73f24dc561aea116969-test-ipaas-bucket",
            "lifecycle_rule": [],
            "logging": [],
            "object_lock_configuration": [],
            "object_lock_enabled": false,
            "policy": "",
            "region": "eu-west-1",
            "replication_configuration": [],
            "request_payer": "BucketOwner",
            "server_side_encryption_configuration": [
              {
                "rule": [
                  {
                    "apply_server_side_encryption_by_default": [
                      {
                        "kms_master_key_id": "",
                        "sse_algorithm": "AES256"
                      }
                    ],
                    "bucket_key_enabled": false
                  }
                ]
              }
            ],
            "tags": {
              "git_commit": "6dad2010382f0d082b3b9599a3ff02ea251c0089",
              "git_file": "tests/terraform/main.tf",
              "git_last_modified_at": "2023-11-23 12:15:43",
              "git_last_modified_by": "steven.soutar@kingfisher.com",
              "git_modifiers": "steven.soutar",
              "git_org": "Bodsda",
              "git_repo": "lambda",
              "ipaas_transfer_enabled": "read",
              "yor_name": "test_buckets",
              "yor_trace": "8e461766-a84c-408b-93c8-64b2c855e817"
            },
            "tags_all": {
              "git_commit": "6dad2010382f0d082b3b9599a3ff02ea251c0089",
              "git_file": "tests/terraform/main.tf",
              "git_last_modified_at": "2023-11-23 12:15:43",
              "git_last_modified_by": "steven.soutar@kingfisher.com",
              "git_modifiers": "steven.soutar",
              "git_org": "Bodsda",
              "git_repo": "lambda",
              "ipaas_transfer_enabled": "read",
              "yor_name": "test_buckets",
              "yor_trace": "8e461766-a84c-408b-93c8-64b2c855e817"
            },
            "timeouts": null,
            "versioning": [
              {
                "enabled": false,
                "mfa_delete": false
              }
            ],
            "website": [],
            "website_domain": null,
            "website_endpoint": null
          },
          "sensitive_attributes": [],
          "private": "eyJlMmJmYjczMC1lY2FhLTExZTYtOGY4OC0zNDM2M2JjN2M0YzAiOnsiY3JlYXRlIjoxMjAwMDAwMDAwMDAwLCJkZWxldGUiOjM2MDAwMDAwMDAwMDAsInJlYWQiOjEyMDAwMDAwMDAwMDAsInVwZGF0ZSI6MTIwMDAwMDAwMDAwMH19",
          "dependencies": [
            "random_id.bucket_names"
          ]
        },
        {
          "index_key": 12,
          "schema_version": 0,
          "attributes": {
            "acceleration_status": "",
            "acl": null,
            "arn": "arn:aws:s3:::542f24187533290ba19362160323f4220e06a20fc66c-test-ipaas-bucket",
            "bucket": "542f24187533290ba19362160323f4220e06a20fc66c-test-ipaas-bucket",
            "bucket_domain_name": "542f24187533290ba19362160323f4220e06a20fc66c-test-ipaas-bucket.s3.amazonaws.com",
            "bucket_prefix": "",
            "bucket_regional_domain_name": "542f24187533290ba19362160323f4220e06a20fc66c-test-ipaas-bucket.s3.eu-west-1.amazonaws.com",
            "cors_rule": [],
            "force_destroy": false,
            "grant": [
              {
                "id": "ac3133221f9a6772efa7a43f0a53fb73eab15ca0636a1ed24c2d9dcba89226ca",
                "permissions": [
                  "FULL_CONTROL"
                ],
                "type": "CanonicalUser",
                "uri": ""
              }
            ],
            "hosted_zone_id": "Z1BKCTXD74EZPE",
            "id": "542f24187533290ba19362160323f4220e06a20fc66c-test-ipaas-bucket",
            "lifecycle_rule": [],
            "logging": [],
            "object_lock_configuration": [],
            "object_lock_enabled": false,
            "policy": "",
            "region": "eu-west-1",
            "replication_configuration": [],
            "request_payer": "BucketOwner",
            "server_side_encryption_configuration": [
              {
                "rule": [
                  {
                    "apply_server_side_encryption_by_default": [
                      {
                        "kms_master_key_id": "",
                        "sse_algorithm": "AES256"
                      }
                    ],
                    "bucket_key_enabled": false
                  }
                ]
              }
            ],
            "tags": {
              "git_commit": "6dad2010382f0d082b3b9599a3ff02ea251c0089",
              "git_file": "tests/terraform/main.tf",
              "git_last_modified_at": "2023-11-23 12:15:43",
              "git_last_modified_by": "steven.soutar@kingfisher.com",
              "git_modifiers": "steven.soutar",
              "git_org": "Bodsda",
              "git_repo": "lambda",
              "ipaas_transfer_enabled": "read",
              "yor_name": "test_buckets",
              "yor_trace": "8e461766-a84c-408b-93c8-64b2c855e817"
            },
            "tags_all": {
              "git_commit": "6dad2010382f0d082b3b9599a3ff02ea251c0089",
              "git_file": "tests/terraform/main.tf",
              "git_last_modified_at": "2023-11-23 12:15:43",
              "git_last_modified_by": "steven.soutar@kingfisher.com",
              "git_modifiers": "steven.soutar",
              "git_org": "Bodsda",
              "git_repo": "lambda",
              "ipaas_transfer_enabled": "read",
              "yor_name": "test_buckets",
              "yor_trace": "8e461766-a84c-408b-93c8-64b2c855e817"
            },
            "timeouts": null,
            "versioning": [
              {
                "enabled": false,
                "mfa_delete": false
              }
            ],
            "website": [],
            "website_domain": null,
            "website_endpoint": null
          },
          "sensitive_attributes": [],
          "private": "eyJlMmJmYjczMC1lY2FhLTExZTYtOGY4OC0zNDM2M2JjN2M0YzAiOnsiY3JlYXRlIjoxMjAwMDAwMDAwMDAwLCJkZWxldGUiOjM2MDAwMDAwMDAwMDAsInJlYWQiOjEyMDAwMDAwMDAwMDAsInVwZGF0ZSI6MTIwMDAwMDAwMDAwMH19",
          "dependencies": [
            "random_id.bucket_names"
          ]
        },
        {
          "index_key": 13,
          "schema_version": 0,
          "attributes": {
            "acceleration_status": "",
            "acl": null,
            "arn": "arn:aws:s3:::530717e106bed5bf29327e427ed2f4df42914a1eb066-test-ipaas-bucket",
            "bucket": "530717e106bed5bf29327e427ed2f4df42914a1eb066-test-ipaas-bucket",
            "bucket_domain_name": "530717e106bed5bf29327e427ed2f4df42914a1eb066-test-ipaas-bucket.s3.amazonaws.com",
            "bucket_prefix": "",
            "bucket_regional_domain_name": "530717e106bed5bf29327e427ed2f4df42914a1eb066-test-ipaas-bucket.s3.eu-west-1.amazonaws.com",
            "cors_rule": [],
            "force_destroy": false,
            "grant": [
              {
                "id": "ac3133221f9a6772efa7a43f0a53fb73eab15ca0636a1ed24c2d9dcba89226ca",
                "permissions": [
                  "FULL_CONTROL"
                ],
                "type": "CanonicalUser",
                "uri": ""
              }
            ],
            "hosted_zone_id": "Z1BKCTXD74EZPE",
            "id": "530717e106bed5bf29327e427ed2f4df42914a1eb066-test-ipaas-bucket",
            "lifecycle_rule": [],
            "logging": [],
            "object_lock_configuration": [],
            "object_lock_enabled": false,
            "policy": "",
            "region": "eu-west-1",
            "replication_configuration": [],
            "request_payer": "BucketOwner",
            "server_side_encryption_configuration": [
              {
                "rule": [
                  {
                    "apply_server_side_encryption_by_default": [
                      {
                        "kms_master_key_id": "",
                        "sse_algorithm": "AES256"
                      }
                    ],
                    "bucket_key_enabled": false
                  }
                ]
              }
            ],
            "tags": {
              "git_commit": "6dad2010382f0d082b3b9599a3ff02ea251c0089",
              "git_file": "tests/terraform/main.tf",
              "git_last_modified_at": "2023-11-23 12:15:43",
              "git_last_modified_by": "steven.soutar@kingfisher.com",
              "git_modifiers": "steven.soutar",
              "git_org": "Bodsda",
              "git_repo": "lambda",
              "ipaas_transfer_enabled": "read",
              "yor_name": "test_buckets",
              "yor_trace": "8e461766-a84c-408b-93c8-64b2c855e817"
            },
            "tags_all": {
              "git_commit": "6dad2010382f0d082b3b9599a3ff02ea251c0089",
              "git_file": "tests/terraform/main.tf",
              "git_last_modified_at": "2023-11-23 12:15:43",
              "git_last_modified_by": "steven.soutar@kingfisher.com",
              "git_modifiers": "steven.soutar",
              "git_org": "Bodsda",
              "git_repo": "lambda",
              "ipaas_transfer_enabled": "read",
              "yor_name": "test_buckets",
              "yor_trace": "8e461766-a84c-408b-93c8-64b2c855e817"
            },
            "timeouts": null,
            "versioning": [
              {
                "enabled": false,
                "mfa_delete": false
              }
            ],
            "website": [],
            "website_domain": null,
            "website_endpoint": null
          },
          "sensitive_attributes": [],
          "private": "eyJlMmJmYjczMC1lY2FhLTExZTYtOGY4OC0zNDM2M2JjN2M0YzAiOnsiY3JlYXRlIjoxMjAwMDAwMDAwMDAwLCJkZWxldGUiOjM2MDAwMDAwMDAwMDAsInJlYWQiOjEyMDAwMDAwMDAwMDAsInVwZGF0ZSI6MTIwMDAwMDAwMDAwMH19",
          "dependencies": [
            "random_id.bucket_names"
          ]
        },
        {
          "index_key": 14,
          "schema_version": 0,
          "attributes": {
            "acceleration_status": "",
            "acl": null,
            "arn": "arn:aws:s3:::bc53b281d32f95975460b4c3bf2d23b8c62eb43336a4-test-ipaas-bucket",
            "bucket": "bc53b281d32f95975460b4c3bf2d23b8c62eb43336a4-test-ipaas-bucket",
            "bucket_domain_name": "bc53b281d32f95975460b4c3bf2d23b8c62eb43336a4-test-ipaas-bucket.s3.amazonaws.com",
            "bucket_prefix": "",
            "bucket_regional_domain_name": "bc53b281d32f95975460b4c3bf2d23b8c62eb43336a4-test-ipaas-bucket.s3.eu-west-1.amazonaws.com",
            "cors_rule": [],
            "force_destroy": false,
            "grant": [
              {
                "id": "ac3133221f9a6772efa7a43f0a53fb73eab15ca0636a1ed24c2d9dcba89226ca",
                "permissions": [
                  "FULL_CONTROL"
                ],
                "type": "CanonicalUser",
                "uri": ""
              }
            ],
            "hosted_zone_id": "Z1BKCTXD74EZPE",
            "id": "bc53b281d32f95975460b4c3bf2d23b8c62eb43336a4-test-ipaas-bucket",
            "lifecycle_rule": [],
            "logging": [],
            "object_lock_configuration": [],
            "object_lock_enabled": false,
            "policy": "",
            "region": "eu-west-1",
            "replication_configuration": [],
            "request_payer": "BucketOwner",
            "server_side_encryption_configuration": [
              {
                "rule": [
                  {
                    "apply_server_side_encryption_by_default": [
                      {
                        "kms_master_key_id": "",
                        "sse_algorithm": "AES256"
                      }
                    ],
                    "bucket_key_enabled": false
                  }
                ]
              }
            ],
            "tags": {
              "git_commit": "6dad2010382f0d082b3b9599a3ff02ea251c0089",
              "git_file": "tests/terraform/main.tf",
              "git_last_modified_at": "2023-11-23 12:15:43",
              "git_last_modified_by": "steven.soutar@kingfisher.com",
              "git_modifiers": "steven.soutar",
              "git_org": "Bodsda",
              "git_repo": "lambda",
              "ipaas_transfer_enabled": "read",
              "yor_name": "test_buckets",
              "yor_trace": "8e461766-a84c-408b-93c8-64b2c855e817"
            },
            "tags_all": {
              "git_commit": "6dad2010382f0d082b3b9599a3ff02ea251c0089",
              "git_file": "tests/terraform/main.tf",
              "git_last_modified_at": "2023-11-23 12:15:43",
              "git_last_modified_by": "steven.soutar@kingfisher.com",
              "git_modifiers": "steven.soutar",
              "git_org": "Bodsda",
              "git_repo": "lambda",
              "ipaas_transfer_enabled": "read",
              "yor_name": "test_buckets",
              "yor_trace": "8e461766-a84c-408b-93c8-64b2c855e817"
            },
            "timeouts": null,
            "versioning": [
              {
                "enabled": false,
                "mfa_delete": false
              }
            ],
            "website": [],
            "website_domain": null,
            "website_endpoint": null
          },
          "sensitive_attributes": [],
          "private": "eyJlMmJmYjczMC1lY2FhLTExZTYtOGY4OC0zNDM2M2JjN2M0YzAiOnsiY3JlYXRlIjoxMjAwMDAwMDAwMDAwLCJkZWxldGUiOjM2MDAwMDAwMDAwMDAsInJlYWQiOjEyMDAwMDAwMDAwMDAsInVwZGF0ZSI6MTIwMDAwMDAwMDAwMH19",
          "dependencies": [
            "random_id.bucket_names"
          ]
        },
        {
          "index_key": 15,
          "schema_version": 0,
          "attributes": {
            "acceleration_status": "",
            "acl": null,
            "arn": "arn:aws:s3:::3d8646cfece28a10a3b0e178e05436923487beeb98ab-test-ipaas-bucket",
            "bucket": "3d8646cfece28a10a3b0e178e05436923487beeb98ab-test-ipaas-bucket",
            "bucket_domain_name": "3d8646cfece28a10a3b0e178e05436923487beeb98ab-test-ipaas-bucket.s3.amazonaws.com",
            "bucket_prefix": "",
            "bucket_regional_domain_name": "3d8646cfece28a10a3b0e178e05436923487beeb98ab-test-ipaas-bucket.s3.eu-west-1.amazonaws.com",
            "cors_rule": [],
            "force_destroy": false,
            "grant": [
              {
                "id": "ac3133221f9a6772efa7a43f0a53fb73eab15ca0636a1ed24c2d9dcba89226ca",
                "permissions": [
                  "FULL_CONTROL"
                ],
                "type": "CanonicalUser",
                "uri": ""
              }
            ],
            "hosted_zone_id": "Z1BKCTXD74EZPE",
            "id": "3d8646cfece28a10a3b0e178e05436923487beeb98ab-test-ipaas-bucket",
            "lifecycle_rule": [],
            "logging": [],
            "object_lock_configuration": [],
            "object_lock_enabled": false,
            "policy": "",
            "region": "eu-west-1",
            "replication_configuration": [],
            "request_payer": "BucketOwner",
            "server_side_encryption_configuration": [
              {
                "rule": [
                  {
                    "apply_server_side_encryption_by_default": [
                      {
                        "kms_master_key_id": "",
                        "sse_algorithm": "AES256"
                      }
                    ],
                    "bucket_key_enabled": false
                  }
                ]
              }
            ],
            "tags": {
              "git_commit": "6dad2010382f0d082b3b9599a3ff02ea251c0089",
              "git_file": "tests/terraform/main.tf",
              "git_last_modified_at": "2023-11-23 12:15:43",
              "git_last_modified_by": "steven.soutar@kingfisher.com",
              "git_modifiers": "steven.soutar",
              "git_org": "Bodsda",
              "git_repo": "lambda",
              "ipaas_transfer_enabled": "read",
              "yor_name": "test_buckets",
              "yor_trace": "8e461766-a84c-408b-93c8-64b2c855e817"
            },
            "tags_all": {
              "git_commit": "6dad2010382f0d082b3b9599a3ff02ea251c0089",
              "git_file": "tests/terraform/main.tf",
              "git_last_modified_at": "2023-11-23 12:15:43",
              "git_last_modified_by": "steven.soutar@kingfisher.com",
              "git_modifiers": "steven.soutar",
              "git_org": "Bodsda",
              "git_repo": "lambda",
              "ipaas_transfer_enabled": "read",
              "yor_name": "test_buckets",
              "yor_trace": "8e461766-a84c-408b-93c8-64b2c855e817"
            },
            "timeouts": null,
            "versioning": [
              {
                "enabled": false,
                "mfa_delete": false
              }
            ],
            "website": [],
            "website_domain": null,
            "website_endpoint": null
          },
          "sensitive_attributes": [],
          "private": "eyJlMmJmYjczMC1lY2FhLTExZTYtOGY4OC0zNDM2M2JjN2M0YzAiOnsiY3JlYXRlIjoxMjAwMDAwMDAwMDAwLCJkZWxldGUiOjM2MDAwMDAwMDAwMDAsInJlYWQiOjEyMDAwMDAwMDAwMDAsInVwZGF0ZSI6MTIwMDAwMDAwMDAwMH19",
          "dependencies": [
            "random_id.bucket_names"
          ]
        },
        {
          "index_key": 16,
          "schema_version": 0,
          "attributes": {
            "acceleration_status": "",
            "acl": null,
            "arn": "arn:aws:s3:::a27164b4421c83fcb12feeda5035c3d6839088208489-test-ipaas-bucket",
            "bucket": "a27164b4421c83fcb12feeda5035c3d6839088208489-test-ipaas-bucket",
            "bucket_domain_name": "a27164b4421c83fcb12feeda5035c3d6839088208489-test-ipaas-bucket.s3.amazonaws.com",
            "bucket_prefix": "",
            "bucket_regional_domain_name": "a27164b4421c83fcb12feeda5035c3d6839088208489-test-ipaas-bucket.s3.eu-west-1.amazonaws.com",
            "cors_rule": [],
            "force_destroy": false,
            "grant": [
              {
                "id": "ac3133221f9a6772efa7a43f0a53fb73eab15ca0636a1ed24c2d9dcba89226ca",
                "permissions": [
                  "FULL_CONTROL"
                ],
                "type": "CanonicalUser",
                "uri": ""
              }
            ],
            "hosted_zone_id": "Z1BKCTXD74EZPE",
            "id": "a27164b4421c83fcb12feeda5035c3d6839088208489-test-ipaas-bucket",
            "lifecycle_rule": [],
            "logging": [],
            "object_lock_configuration": [],
            "object_lock_enabled": false,
            "policy": "",
            "region": "eu-west-1",
            "replication_configuration": [],
            "request_payer": "BucketOwner",
            "server_side_encryption_configuration": [
              {
                "rule": [
                  {
                    "apply_server_side_encryption_by_default": [
                      {
                        "kms_master_key_id": "",
                        "sse_algorithm": "AES256"
                      }
                    ],
                    "bucket_key_enabled": false
                  }
                ]
              }
            ],
            "tags": {
              "git_commit": "6dad2010382f0d082b3b9599a3ff02ea251c0089",
              "git_file": "tests/terraform/main.tf",
              "git_last_modified_at": "2023-11-23 12:15:43",
              "git_last_modified_by": "steven.soutar@kingfisher.com",
              "git_modifiers": "steven.soutar",
              "git_org": "Bodsda",
              "git_repo": "lambda",
              "ipaas_transfer_enabled": "read",
              "yor_name": "test_buckets",
              "yor_trace": "8e461766-a84c-408b-93c8-64b2c855e817"
            },
            "tags_all": {
              "git_commit": "6dad2010382f0d082b3b9599a3ff02ea251c0089",
              "git_file": "tests/terraform/main.tf",
              "git_last_modified_at": "2023-11-23 12:15:43",
              "git_last_modified_by": "steven.soutar@kingfisher.com",
              "git_modifiers": "steven.soutar",
              "git_org": "Bodsda",
              "git_repo": "lambda",
              "ipaas_transfer_enabled": "read",
              "yor_name": "test_buckets",
              "yor_trace": "8e461766-a84c-408b-93c8-64b2c855e817"
            },
            "timeouts": null,
            "versioning": [
              {
                "enabled": false,
                "mfa_delete": false
              }
            ],
            "website": [],
            "website_domain": null,
            "website_endpoint": null
          },
          "sensitive_attributes": [],
          "private": "eyJlMmJmYjczMC1lY2FhLTExZTYtOGY4OC0zNDM2M2JjN2M0YzAiOnsiY3JlYXRlIjoxMjAwMDAwMDAwMDAwLCJkZWxldGUiOjM2MDAwMDAwMDAwMDAsInJlYWQiOjEyMDAwMDAwMDAwMDAsInVwZGF0ZSI6MTIwMDAwMDAwMDAwMH19",
          "dependencies": [
            "random_id.bucket_names"
          ]
        },
        {
          "index_key": 17,
          "schema_version": 0,
          "attributes": {
            "acceleration_status": "",
            "acl": null,
            "arn": "arn:aws:s3:::8a337805d6ce4a4c17f7223c758ef50f82576d33f6b3-test-ipaas-bucket",
            "bucket": "8a337805d6ce4a4c17f7223c758ef50f82576d33f6b3-test-ipaas-bucket",
            "bucket_domain_name": "8a337805d6ce4a4c17f7223c758ef50f82576d33f6b3-test-ipaas-bucket.s3.amazonaws.com",
            "bucket_prefix": "",
            "bucket_regional_domain_name": "8a337805d6ce4a4c17f7223c758ef50f82576d33f6b3-test-ipaas-bucket.s3.eu-west-1.amazonaws.com",
            "cors_rule": [],
            "force_destroy": false,
            "grant": [
              {
                "id": "ac3133221f9a6772efa7a43f0a53fb73eab15ca0636a1ed24c2d9dcba89226ca",
                "permissions": [
                  "FULL_CONTROL"
                ],
                "type": "CanonicalUser",
                "uri": ""
              }
            ],
            "hosted_zone_id": "Z1BKCTXD74EZPE",
            "id": "8a337805d6ce4a4c17f7223c758ef50f82576d33f6b3-test-ipaas-bucket",
            "lifecycle_rule": [],
            "logging": [],
            "object_lock_configuration": [],
            "object_lock_enabled": false,
            "policy": "",
            "region": "eu-west-1",
            "replication_configuration": [],
            "request_payer": "BucketOwner",
            "server_side_encryption_configuration": [
              {
                "rule": [
                  {
                    "apply_server_side_encryption_by_default": [
                      {
                        "kms_master_key_id": "",
                        "sse_algorithm": "AES256"
                      }
                    ],
                    "bucket_key_enabled": false
                  }
                ]
              }
            ],
            "tags": {
              "git_commit": "6dad2010382f0d082b3b9599a3ff02ea251c0089",
              "git_file": "tests/terraform/main.tf",
              "git_last_modified_at": "2023-11-23 12:15:43",
              "git_last_modified_by": "steven.soutar@kingfisher.com",
              "git_modifiers": "steven.soutar",
              "git_org": "Bodsda",
              "git_repo": "lambda",
              "ipaas_transfer_enabled": "read",
              "yor_name": "test_buckets",
              "yor_trace": "8e461766-a84c-408b-93c8-64b2c855e817"
            },
            "tags_all": {
              "git_commit": "6dad2010382f0d082b3b9599a3ff02ea251c0089",
              "git_file": "tests/terraform/main.tf",
              "git_last_modified_at": "2023-11-23 12:15:43",
              "git_last_modified_by": "steven.soutar@kingfisher.com",
              "git_modifiers": "steven.soutar",
              "git_org": "Bodsda",
              "git_repo": "lambda",
              "ipaas_transfer_enabled": "read",
              "yor_name": "test_buckets",
              "yor_trace": "8e461766-a84c-408b-93c8-64b2c855e817"
            },
            "timeouts": null,
            "versioning": [
              {
                "enabled": false,
                "mfa_delete": false
              }
            ],
            "website": [],
            "website_domain": null,
            "website_endpoint": null
          },
          "sensitive_attributes": [],
          "private": "eyJlMmJmYjczMC1lY2FhLTExZTYtOGY4OC0zNDM2M2JjN2M0YzAiOnsiY3JlYXRlIjoxMjAwMDAwMDAwMDAwLCJkZWxldGUiOjM2MDAwMDAwMDAwMDAsInJlYWQiOjEyMDAwMDAwMDAwMDAsInVwZGF0ZSI6MTIwMDAwMDAwMDAwMH19",
          "dependencies": [
            "random_id.bucket_names"
          ]
        },
        {
          "index_key": 18,
          "schema_version": 0,
          "attributes": {
            "acceleration_status": "",
            "acl": null,
            "arn": "arn:aws:s3:::eba313842922c09c5d0da3eaef349d36ced279e28363-test-ipaas-bucket",
            "bucket": "eba313842922c09c5d0da3eaef349d36ced279e28363-test-ipaas-bucket",
            "bucket_domain_name": "eba313842922c09c5d0da3eaef349d36ced279e28363-test-ipaas-bucket.s3.amazonaws.com",
            "bucket_prefix": "",
            "bucket_regional_domain_name": "eba313842922c09c5d0da3eaef349d36ced279e28363-test-ipaas-bucket.s3.eu-west-1.amazonaws.com",
            "cors_rule": [],
            "force_destroy": false,
            "grant": [
              {
                "id": "ac3133221f9a6772efa7a43f0a53fb73eab15ca0636a1ed24c2d9dcba89226ca",
                "permissions": [
                  "FULL_CONTROL"
                ],
                "type": "CanonicalUser",
                "uri": ""
              }
            ],
            "hosted_zone_id": "Z1BKCTXD74EZPE",
            "id": "eba313842922c09c5d0da3eaef349d36ced279e28363-test-ipaas-bucket",
            "lifecycle_rule": [],
            "logging": [],
            "object_lock_configuration": [],
            "object_lock_enabled": false,
            "policy": "",
            "region": "eu-west-1",
            "replication_configuration": [],
            "request_payer": "BucketOwner",
            "server_side_encryption_configuration": [
              {
                "rule": [
                  {
                    "apply_server_side_encryption_by_default": [
                      {
                        "kms_master_key_id": "",
                        "sse_algorithm": "AES256"
                      }
                    ],
                    "bucket_key_enabled": false
                  }
                ]
              }
            ],
            "tags": {
              "git_commit": "6dad2010382f0d082b3b9599a3ff02ea251c0089",
              "git_file": "tests/terraform/main.tf",
              "git_last_modified_at": "2023-11-23 12:15:43",
              "git_last_modified_by": "steven.soutar@kingfisher.com",
              "git_modifiers": "steven.soutar",
              "git_org": "Bodsda",
              "git_repo": "lambda",
              "ipaas_transfer_enabled": "read",
              "yor_name": "test_buckets",
              "yor_trace": "8e461766-a84c-408b-93c8-64b2c855e817"
            },
            "tags_all": {
              "git_commit": "6dad2010382f0d082b3b9599a3ff02ea251c0089",
              "git_file": "tests/terraform/main.tf",
              "git_last_modified_at": "2023-11-23 12:15:43",
              "git_last_modified_by": "steven.soutar@kingfisher.com",
              "git_modifiers": "steven.soutar",
              "git_org": "Bodsda",
              "git_repo": "lambda",
              "ipaas_transfer_enabled": "read",
              "yor_name": "test_buckets",
              "yor_trace": "8e461766-a84c-408b-93c8-64b2c855e817"
            },
            "timeouts": null,
            "versioning": [
              {
                "enabled": false,
                "mfa_delete": false
              }
            ],
            "website": [],
            "website_domain": null,
            "website_endpoint": null
          },
          "sensitive_attributes": [],
          "private": "eyJlMmJmYjczMC1lY2FhLTExZTYtOGY4OC0zNDM2M2JjN2M0YzAiOnsiY3JlYXRlIjoxMjAwMDAwMDAwMDAwLCJkZWxldGUiOjM2MDAwMDAwMDAwMDAsInJlYWQiOjEyMDAwMDAwMDAwMDAsInVwZGF0ZSI6MTIwMDAwMDAwMDAwMH19",
          "dependencies": [
            "random_id.bucket_names"
          ]
        },
        {
          "index_key": 19,
          "schema_version": 0,
          "attributes": {
            "acceleration_status": "",
            "acl": null,
            "arn": "arn:aws:s3:::065c34dacf2a440808a91ca9734c860127362b25f3c9-test-ipaas-bucket",
            "bucket": "065c34dacf2a440808a91ca9734c860127362b25f3c9-test-ipaas-bucket",
            "bucket_domain_name": "065c34dacf2a440808a91ca9734c860127362b25f3c9-test-ipaas-bucket.s3.amazonaws.com",
            "bucket_prefix": "",
            "bucket_regional_domain_name": "065c34dacf2a440808a91ca9734c860127362b25f3c9-test-ipaas-bucket.s3.eu-west-1.amazonaws.com",
            "cors_rule": [],
            "force_destroy": false,
            "grant": [
              {
                "id": "ac3133221f9a6772efa7a43f0a53fb73eab15ca0636a1ed24c2d9dcba89226ca",
                "permissions": [
                  "FULL_CONTROL"
                ],
                "type": "CanonicalUser",
                "uri": ""
              }
            ],
            "hosted_zone_id": "Z1BKCTXD74EZPE",
            "id": "065c34dacf2a440808a91ca9734c860127362b25f3c9-test-ipaas-bucket",
            "lifecycle_rule": [],
            "logging": [],
            "object_lock_configuration": [],
            "object_lock_enabled": false,
            "policy": "",
            "region": "eu-west-1",
            "replication_configuration": [],
            "request_payer": "BucketOwner",
            "server_side_encryption_configuration": [
              {
                "rule": [
                  {
                    "apply_server_side_encryption_by_default": [
                      {
                        "kms_master_key_id": "",
                        "sse_algorithm": "AES256"
                      }
                    ],
                    "bucket_key_enabled": false
                  }
                ]
              }
            ],
            "tags": {
              "git_commit": "6dad2010382f0d082b3b9599a3ff02ea251c0089",
              "git_file": "tests/terraform/main.tf",
              "git_last_modified_at": "2023-11-23 12:15:43",
              "git_last_modified_by": "steven.soutar@kingfisher.com",
              "git_modifiers": "steven.soutar",
              "git_org": "Bodsda",
              "git_repo": "lambda",
              "ipaas_transfer_enabled": "read",
              "yor_name": "test_buckets",
              "yor_trace": "8e461766-a84c-408b-93c8-64b2c855e817"
            },
            "tags_all": {
              "git_commit": "6dad2010382f0d082b3b9599a3ff02ea251c0089",
              "git_file": "tests/terraform/main.tf",
              "git_last_modified_at": "2023-11-23 12:15:43",
              "git_last_modified_by": "steven.soutar@kingfisher.com",
              "git_modifiers": "steven.soutar",
              "git_org": "Bodsda",
              "git_repo": "lambda",
              "ipaas_transfer_enabled": "read",
              "yor_name": "test_buckets",
              "yor_trace": "8e461766-a84c-408b-93c8-64b2c855e817"
            },
            "timeouts": null,
            "versioning": [
              {
                "enabled": false,
                "mfa_delete": false
              }
            ],
            "website": [],
            "website_domain": null,
            "website_endpoint": null
          },
          "sensitive_attributes": [],
          "private": "eyJlMmJmYjczMC1lY2FhLTExZTYtOGY4OC0zNDM2M2JjN2M0YzAiOnsiY3JlYXRlIjoxMjAwMDAwMDAwMDAwLCJkZWxldGUiOjM2MDAwMDAwMDAwMDAsInJlYWQiOjEyMDAwMDAwMDAwMDAsInVwZGF0ZSI6MTIwMDAwMDAwMDAwMH19",
          "dependencies": [
            "random_id.bucket_names"
          ]
        },
        {
          "index_key": 20,
          "schema_version": 0,
          "attributes": {
            "acceleration_status": "",
            "acl": null,
            "arn": "arn:aws:s3:::af6558ab0a1263e980982ac981d4dd9b7cea04a9646e-test-ipaas-bucket",
            "bucket": "af6558ab0a1263e980982ac981d4dd9b7cea04a9646e-test-ipaas-bucket",
            "bucket_domain_name": "af6558ab0a1263e980982ac981d4dd9b7cea04a9646e-test-ipaas-bucket.s3.amazonaws.com",
            "bucket_prefix": "",
            "bucket_regional_domain_name": "af6558ab0a1263e980982ac981d4dd9b7cea04a9646e-test-ipaas-bucket.s3.eu-west-1.amazonaws.com",
            "cors_rule": [],
            "force_destroy": false,
            "grant": [
              {
                "id": "ac3133221f9a6772efa7a43f0a53fb73eab15ca0636a1ed24c2d9dcba89226ca",
                "permissions": [
                  "FULL_CONTROL"
                ],
                "type": "CanonicalUser",
                "uri": ""
              }
            ],
            "hosted_zone_id": "Z1BKCTXD74EZPE",
            "id": "af6558ab0a1263e980982ac981d4dd9b7cea04a9646e-test-ipaas-bucket",
            "lifecycle_rule": [],
            "logging": [],
            "object_lock_configuration": [],
            "object_lock_enabled": false,
            "policy": "",
            "region": "eu-west-1",
            "replication_configuration": [],
            "request_payer": "BucketOwner",
            "server_side_encryption_configuration": [
              {
                "rule": [
                  {
                    "apply_server_side_encryption_by_default": [
                      {
                        "kms_master_key_id": "",
                        "sse_algorithm": "AES256"
                      }
                    ],
                    "bucket_key_enabled": false
                  }
                ]
              }
            ],
            "tags": {
              "git_commit": "6dad2010382f0d082b3b9599a3ff02ea251c0089",
              "git_file": "tests/terraform/main.tf",
              "git_last_modified_at": "2023-11-23 12:15:43",
              "git_last_modified_by": "steven.soutar@kingfisher.com",
              "git_modifiers": "steven.soutar",
              "git_org": "Bodsda",
              "git_repo": "lambda",
              "ipaas_transfer_enabled": "read",
              "yor_name": "test_buckets",
              "yor_trace": "8e461766-a84c-408b-93c8-64b2c855e817"
            },
            "tags_all": {
              "git_commit": "6dad2010382f0d082b3b9599a3ff02ea251c0089",
              "git_file": "tests/terraform/main.tf",
              "git_last_modified_at": "2023-11-23 12:15:43",
              "git_last_modified_by": "steven.soutar@kingfisher.com",
              "git_modifiers": "steven.soutar",
              "git_org": "Bodsda",
              "git_repo": "lambda",
              "ipaas_transfer_enabled": "read",
              "yor_name": "test_buckets",
              "yor_trace": "8e461766-a84c-408b-93c8-64b2c855e817"
            },
            "timeouts": null,
            "versioning": [
              {
                "enabled": false,
                "mfa_delete": false
              }
            ],
            "website": [],
            "website_domain": null,
            "website_endpoint": null
          },
          "sensitive_attributes": [],
          "private": "eyJlMmJmYjczMC1lY2FhLTExZTYtOGY4OC0zNDM2M2JjN2M0YzAiOnsiY3JlYXRlIjoxMjAwMDAwMDAwMDAwLCJkZWxldGUiOjM2MDAwMDAwMDAwMDAsInJlYWQiOjEyMDAwMDAwMDAwMDAsInVwZGF0ZSI6MTIwMDAwMDAwMDAwMH19",
          "dependencies": [
            "random_id.bucket_names"
          ]
        },
        {
          "index_key": 21,
          "schema_version": 0,
          "attributes": {
            "acceleration_status": "",
            "acl": null,
            "arn": "arn:aws:s3:::cfc4dcf3eece8a2e61441f45ea31f82c430191da10a6-test-ipaas-bucket",
            "bucket": "cfc4dcf3eece8a2e61441f45ea31f82c430191da10a6-test-ipaas-bucket",
            "bucket_domain_name": "cfc4dcf3eece8a2e61441f45ea31f82c430191da10a6-test-ipaas-bucket.s3.amazonaws.com",
            "bucket_prefix": "",
            "bucket_regional_domain_name": "cfc4dcf3eece8a2e61441f45ea31f82c430191da10a6-test-ipaas-bucket.s3.eu-west-1.amazonaws.com",
            "cors_rule": [],
            "force_destroy": false,
            "grant": [
              {
                "id": "ac3133221f9a6772efa7a43f0a53fb73eab15ca0636a1ed24c2d9dcba89226ca",
                "permissions": [
                  "FULL_CONTROL"
                ],
                "type": "CanonicalUser",
                "uri": ""
              }
            ],
            "hosted_zone_id": "Z1BKCTXD74EZPE",
            "id": "cfc4dcf3eece8a2e61441f45ea31f82c430191da10a6-test-ipaas-bucket",
            "lifecycle_rule": [],
            "logging": [],
            "object_lock_configuration": [],
            "object_lock_enabled": false,
            "policy": "",
            "region": "eu-west-1",
            "replication_configuration": [],
            "request_payer": "BucketOwner",
            "server_side_encryption_configuration": [
              {
                "rule": [
                  {
                    "apply_server_side_encryption_by_default": [
                      {
                        "kms_master_key_id": "",
                        "sse_algorithm": "AES256"
                      }
                    ],
                    "bucket_key_enabled": false
                  }
                ]
              }
            ],
            "tags": {
              "git_commit": "6dad2010382f0d082b3b9599a3ff02ea251c0089",
              "git_file": "tests/terraform/main.tf",
              "git_last_modified_at": "2023-11-23 12:15:43",
              "git_last_modified_by": "steven.soutar@kingfisher.com",
              "git_modifiers": "steven.soutar",
              "git_org": "Bodsda",
              "git_repo": "lambda",
              "ipaas_transfer_enabled": "read",
              "yor_name": "test_buckets",
              "yor_trace": "8e461766-a84c-408b-93c8-64b2c855e817"
            },
            "tags_all": {
              "git_commit": "6dad2010382f0d082b3b9599a3ff02ea251c0089",
              "git_file": "tests/terraform/main.tf",
              "git_last_modified_at": "2023-11-23 12:15:43",
              "git_last_modified_by": "steven.soutar@kingfisher.com",
              "git_modifiers": "steven.soutar",
              "git_org": "Bodsda",
              "git_repo": "lambda",
              "ipaas_transfer_enabled": "read",
              "yor_name": "test_buckets",
              "yor_trace": "8e461766-a84c-408b-93c8-64b2c855e817"
            },
            "timeouts": null,
            "versioning": [
              {
                "enabled": false,
                "mfa_delete": false
              }
            ],
            "website": [],
            "website_domain": null,
            "website_endpoint": null
          },
          "sensitive_attributes": [],
          "private": "eyJlMmJmYjczMC1lY2FhLTExZTYtOGY4OC0zNDM2M2JjN2M0YzAiOnsiY3JlYXRlIjoxMjAwMDAwMDAwMDAwLCJkZWxldGUiOjM2MDAwMDAwMDAwMDAsInJlYWQiOjEyMDAwMDAwMDAwMDAsInVwZGF0ZSI6MTIwMDAwMDAwMDAwMH19",
          "dependencies": [
            "random_id.bucket_names"
          ]
        },
        {
          "index_key": 22,
          "schema_version": 0,
          "attributes": {
            "acceleration_status": "",
            "acl": null,
            "arn": "arn:aws:s3:::3e343573c45a36a530eb8a3472ec247afe72c057afa1-test-ipaas-bucket",
            "bucket": "3e343573c45a36a530eb8a3472ec247afe72c057afa1-test-ipaas-bucket",
            "bucket_domain_name": "3e343573c45a36a530eb8a3472ec247afe72c057afa1-test-ipaas-bucket.s3.amazonaws.com",
            "bucket_prefix": "",
            "bucket_regional_domain_name": "3e343573c45a36a530eb8a3472ec247afe72c057afa1-test-ipaas-bucket.s3.eu-west-1.amazonaws.com",
            "cors_rule": [],
            "force_destroy": false,
            "grant": [
              {
                "id": "ac3133221f9a6772efa7a43f0a53fb73eab15ca0636a1ed24c2d9dcba89226ca",
                "permissions": [
                  "FULL_CONTROL"
                ],
                "type": "CanonicalUser",
                "uri": ""
              }
            ],
            "hosted_zone_id": "Z1BKCTXD74EZPE",
            "id": "3e343573c45a36a530eb8a3472ec247afe72c057afa1-test-ipaas-bucket",
            "lifecycle_rule": [],
            "logging": [],
            "object_lock_configuration": [],
            "object_lock_enabled": false,
            "policy": "",
            "region": "eu-west-1",
            "replication_configuration": [],
            "request_payer": "BucketOwner",
            "server_side_encryption_configuration": [
              {
                "rule": [
                  {
                    "apply_server_side_encryption_by_default": [
                      {
                        "kms_master_key_id": "",
                        "sse_algorithm": "AES256"
                      }
                    ],
                    "bucket_key_enabled": false
                  }
                ]
              }
            ],
            "tags": {
              "git_commit": "6dad2010382f0d082b3b9599a3ff02ea251c0089",
              "git_file": "tests/terraform/main.tf",
              "git_last_modified_at": "2023-11-23 12:15:43",
              "git_last_modified_by": "steven.soutar@kingfisher.com",
              "git_modifiers": "steven.soutar",
              "git_org": "Bodsda",
              "git_repo": "lambda",
              "ipaas_transfer_enabled": "read",
              "yor_name": "test_buckets",
              "yor_trace": "8e461766-a84c-408b-93c8-64b2c855e817"
            },
            "tags_all": {
              "git_commit": "6dad2010382f0d082b3b9599a3ff02ea251c0089",
              "git_file": "tests/terraform/main.tf",
              "git_last_modified_at": "2023-11-23 12:15:43",
              "git_last_modified_by": "steven.soutar@kingfisher.com",
              "git_modifiers": "steven.soutar",
              "git_org": "Bodsda",
              "git_repo": "lambda",
              "ipaas_transfer_enabled": "read",
              "yor_name": "test_buckets",
              "yor_trace": "8e461766-a84c-408b-93c8-64b2c855e817"
            },
            "timeouts": null,
            "versioning": [
              {
                "enabled": false,
                "mfa_delete": false
              }
            ],
            "website": [],
            "website_domain": null,
            "website_endpoint": null
          },
          "sensitive_attributes": [],
          "private": "eyJlMmJmYjczMC1lY2FhLTExZTYtOGY4OC0zNDM2M2JjN2M0YzAiOnsiY3JlYXRlIjoxMjAwMDAwMDAwMDAwLCJkZWxldGUiOjM2MDAwMDAwMDAwMDAsInJlYWQiOjEyMDAwMDAwMDAwMDAsInVwZGF0ZSI6MTIwMDAwMDAwMDAwMH19",
          "dependencies": [
            "random_id.bucket_names"
          ]
        },
        {
          "index_key": 23,
          "schema_version": 0,
          "attributes": {
            "acceleration_status": "",
            "acl": null,
            "arn": "arn:aws:s3:::eb53e434b805257d895f86707f2a6102dba71f0cf9b6-test-ipaas-bucket",
            "bucket": "eb53e434b805257d895f86707f2a6102dba71f0cf9b6-test-ipaas-bucket",
            "bucket_domain_name": "eb53e434b805257d895f86707f2a6102dba71f0cf9b6-test-ipaas-bucket.s3.amazonaws.com",
            "bucket_prefix": "",
            "bucket_regional_domain_name": "eb53e434b805257d895f86707f2a6102dba71f0cf9b6-test-ipaas-bucket.s3.eu-west-1.amazonaws.com",
            "cors_rule": [],
            "force_destroy": false,
            "grant": [
              {
                "id": "ac3133221f9a6772efa7a43f0a53fb73eab15ca0636a1ed24c2d9dcba89226ca",
                "permissions": [
                  "FULL_CONTROL"
                ],
                "type": "CanonicalUser",
                "uri": ""
              }
            ],
            "hosted_zone_id": "Z1BKCTXD74EZPE",
            "id": "eb53e434b805257d895f86707f2a6102dba71f0cf9b6-test-ipaas-bucket",
            "lifecycle_rule": [],
            "logging": [],
            "object_lock_configuration": [],
            "object_lock_enabled": false,
            "policy": "",
            "region": "eu-west-1",
            "replication_configuration": [],
            "request_payer": "BucketOwner",
            "server_side_encryption_configuration": [
              {
                "rule": [
                  {
                    "apply_server_side_encryption_by_default": [
                      {
                        "kms_master_key_id": "",
                        "sse_algorithm": "AES256"
                      }
                    ],
                    "bucket_key_enabled": false
                  }
                ]
              }
            ],
            "tags": {
              "git_commit": "6dad2010382f0d082b3b9599a3ff02ea251c0089",
              "git_file": "tests/terraform/main.tf",
              "git_last_modified_at": "2023-11-23 12:15:43",
              "git_last_modified_by": "steven.soutar@kingfisher.com",
              "git_modifiers": "steven.soutar",
              "git_org": "Bodsda",
              "git_repo": "lambda",
              "ipaas_transfer_enabled": "read",
              "yor_name": "test_buckets",
              "yor_trace": "8e461766-a84c-408b-93c8-64b2c855e817"
            },
            "tags_all": {
              "git_commit": "6dad2010382f0d082b3b9599a3ff02ea251c0089",
              "git_file": "tests/terraform/main.tf",
              "git_last_modified_at": "2023-11-23 12:15:43",
              "git_last_modified_by": "steven.soutar@kingfisher.com",
              "git_modifiers": "steven.soutar",
              "git_org": "Bodsda",
              "git_repo": "lambda",
              "ipaas_transfer_enabled": "read",
              "yor_name": "test_buckets",
              "yor_trace": "8e461766-a84c-408b-93c8-64b2c855e817"
            },
            "timeouts": null,
            "versioning": [
              {
                "enabled": false,
                "mfa_delete": false
              }
            ],
            "website": [],
            "website_domain": null,
            "website_endpoint": null
          },
          "sensitive_attributes": [],
          "private": "eyJlMmJmYjczMC1lY2FhLTExZTYtOGY4OC0zNDM2M2JjN2M0YzAiOnsiY3JlYXRlIjoxMjAwMDAwMDAwMDAwLCJkZWxldGUiOjM2MDAwMDAwMDAwMDAsInJlYWQiOjEyMDAwMDAwMDAwMDAsInVwZGF0ZSI6MTIwMDAwMDAwMDAwMH19",
          "dependencies": [
            "random_id.bucket_names"
          ]
        },
        {
          "index_key": 24,
          "schema_version": 0,
          "attributes": {
            "acceleration_status": "",
            "acl": null,
            "arn": "arn:aws:s3:::4e5cd2557b08837cdef4cf9c4a091d0a7fff21018dc9-test-ipaas-bucket",
            "bucket": "4e5cd2557b08837cdef4cf9c4a091d0a7fff21018dc9-test-ipaas-bucket",
            "bucket_domain_name": "4e5cd2557b08837cdef4cf9c4a091d0a7fff21018dc9-test-ipaas-bucket.s3.amazonaws.com",
            "bucket_prefix": "",
            "bucket_regional_domain_name": "4e5cd2557b08837cdef4cf9c4a091d0a7fff21018dc9-test-ipaas-bucket.s3.eu-west-1.amazonaws.com",
            "cors_rule": [],
            "force_destroy": false,
            "grant": [
              {
                "id": "ac3133221f9a6772efa7a43f0a53fb73eab15ca0636a1ed24c2d9dcba89226ca",
                "permissions": [
                  "FULL_CONTROL"
                ],
                "type": "CanonicalUser",
                "uri": ""
              }
            ],
            "hosted_zone_id": "Z1BKCTXD74EZPE",
            "id": "4e5cd2557b08837cdef4cf9c4a091d0a7fff21018dc9-test-ipaas-bucket",
            "lifecycle_rule": [],
            "logging": [],
            "object_lock_configuration": [],
            "object_lock_enabled": false,
            "policy": "",
            "region": "eu-west-1",
            "replication_configuration": [],
            "request_payer": "BucketOwner",
            "server_side_encryption_configuration": [
              {
                "rule": [
                  {
                    "apply_server_side_encryption_by_default": [
                      {
                        "kms_master_key_id": "",
                        "sse_algorithm": "AES256"
                      }
                    ],
                    "bucket_key_enabled": false
                  }
                ]
              }
            ],
            "tags": {
              "git_commit": "6dad2010382f0d082b3b9599a3ff02ea251c0089",
              "git_file": "tests/terraform/main.tf",
              "git_last_modified_at": "2023-11-23 12:15:43",
              "git_last_modified_by": "steven.soutar@kingfisher.com",
              "git_modifiers": "steven.soutar",
              "git_org": "Bodsda",
              "git_repo": "lambda",
              "ipaas_transfer_enabled": "read",
              "yor_name": "test_buckets",
              "yor_trace": "8e461766-a84c-408b-93c8-64b2c855e817"
            },
            "tags_all": {
              "git_commit": "6dad2010382f0d082b3b9599a3ff02ea251c0089",
              "git_file": "tests/terraform/main.tf",
              "git_last_modified_at": "2023-11-23 12:15:43",
              "git_last_modified_by": "steven.soutar@kingfisher.com",
              "git_modifiers": "steven.soutar",
              "git_org": "Bodsda",
              "git_repo": "lambda",
              "ipaas_transfer_enabled": "read",
              "yor_name": "test_buckets",
              "yor_trace": "8e461766-a84c-408b-93c8-64b2c855e817"
            },
            "timeouts": null,
            "versioning": [
              {
                "enabled": false,
                "mfa_delete": false
              }
            ],
            "website": [],
            "website_domain": null,
            "website_endpoint": null
          },
          "sensitive_attributes": [],
          "private": "eyJlMmJmYjczMC1lY2FhLTExZTYtOGY4OC0zNDM2M2JjN2M0YzAiOnsiY3JlYXRlIjoxMjAwMDAwMDAwMDAwLCJkZWxldGUiOjM2MDAwMDAwMDAwMDAsInJlYWQiOjEyMDAwMDAwMDAwMDAsInVwZGF0ZSI6MTIwMDAwMDAwMDAwMH19",
          "dependencies": [
            "random_id.bucket_names"
          ]
        },
        {
          "index_key": 25,
          "schema_version": 0,
          "attributes": {
            "acceleration_status": "",
            "acl": null,
            "arn": "arn:aws:s3:::0191136b584236a552447876e4039fd93e1c2500b077-test-ipaas-bucket",
            "bucket": "0191136b584236a552447876e4039fd93e1c2500b077-test-ipaas-bucket",
            "bucket_domain_name": "0191136b584236a552447876e4039fd93e1c2500b077-test-ipaas-bucket.s3.amazonaws.com",
            "bucket_prefix": "",
            "bucket_regional_domain_name": "0191136b584236a552447876e4039fd93e1c2500b077-test-ipaas-bucket.s3.eu-west-1.amazonaws.com",
            "cors_rule": [],
            "force_destroy": false,
            "grant": [
              {
                "id": "ac3133221f9a6772efa7a43f0a53fb73eab15ca0636a1ed24c2d9dcba89226ca",
                "permissions": [
                  "FULL_CONTROL"
                ],
                "type": "CanonicalUser",
                "uri": ""
              }
            ],
            "hosted_zone_id": "Z1BKCTXD74EZPE",
            "id": "0191136b584236a552447876e4039fd93e1c2500b077-test-ipaas-bucket",
            "lifecycle_rule": [],
            "logging": [],
            "object_lock_configuration": [],
            "object_lock_enabled": false,
            "policy": "",
            "region": "eu-west-1",
            "replication_configuration": [],
            "request_payer": "BucketOwner",
            "server_side_encryption_configuration": [
              {
                "rule": [
                  {
                    "apply_server_side_encryption_by_default": [
                      {
                        "kms_master_key_id": "",
                        "sse_algorithm": "AES256"
                      }
                    ],
                    "bucket_key_enabled": false
                  }
                ]
              }
            ],
            "tags": {
              "git_commit": "6dad2010382f0d082b3b9599a3ff02ea251c0089",
              "git_file": "tests/terraform/main.tf",
              "git_last_modified_at": "2023-11-23 12:15:43",
              "git_last_modified_by": "steven.soutar@kingfisher.com",
              "git_modifiers": "steven.soutar",
              "git_org": "Bodsda",
              "git_repo": "lambda",
              "ipaas_transfer_enabled": "read",
              "yor_name": "test_buckets",
              "yor_trace": "8e461766-a84c-408b-93c8-64b2c855e817"
            },
            "tags_all": {
              "git_commit": "6dad2010382f0d082b3b9599a3ff02ea251c0089",
              "git_file": "tests/terraform/main.tf",
              "git_last_modified_at": "2023-11-23 12:15:43",
              "git_last_modified_by": "steven.soutar@kingfisher.com",
              "git_modifiers": "steven.soutar",
              "git_org": "Bodsda",
              "git_repo": "lambda",
              "ipaas_transfer_enabled": "read",
              "yor_name": "test_buckets",
              "yor_trace": "8e461766-a84c-408b-93c8-64b2c855e817"
            },
            "timeouts": null,
            "versioning": [
              {
                "enabled": false,
                "mfa_delete": false
              }
            ],
            "website": [],
            "website_domain": null,
            "website_endpoint": null
          },
          "sensitive_attributes": [],
          "private": "eyJlMmJmYjczMC1lY2FhLTExZTYtOGY4OC0zNDM2M2JjN2M0YzAiOnsiY3JlYXRlIjoxMjAwMDAwMDAwMDAwLCJkZWxldGUiOjM2MDAwMDAwMDAwMDAsInJlYWQiOjEyMDAwMDAwMDAwMDAsInVwZGF0ZSI6MTIwMDAwMDAwMDAwMH19",
          "dependencies": [
            "random_id.bucket_names"
          ]
        },
        {
          "index_key": 26,
          "schema_version": 0,
          "attributes": {
            "acceleration_status": "",
            "acl": null,
            "arn": "arn:aws:s3:::9122199352aea6b77b22e83e57041e7c09c53d88f0e0-test-ipaas-bucket",
            "bucket": "9122199352aea6b77b22e83e57041e7c09c53d88f0e0-test-ipaas-bucket",
            "bucket_domain_name": "9122199352aea6b77b22e83e57041e7c09c53d88f0e0-test-ipaas-bucket.s3.amazonaws.com",
            "bucket_prefix": "",
            "bucket_regional_domain_name": "9122199352aea6b77b22e83e57041e7c09c53d88f0e0-test-ipaas-bucket.s3.eu-west-1.amazonaws.com",
            "cors_rule": [],
            "force_destroy": false,
            "grant": [
              {
                "id": "ac3133221f9a6772efa7a43f0a53fb73eab15ca0636a1ed24c2d9dcba89226ca",
                "permissions": [
                  "FULL_CONTROL"
                ],
                "type": "CanonicalUser",
                "uri": ""
              }
            ],
            "hosted_zone_id": "Z1BKCTXD74EZPE",
            "id": "9122199352aea6b77b22e83e57041e7c09c53d88f0e0-test-ipaas-bucket",
            "lifecycle_rule": [],
            "logging": [],
            "object_lock_configuration": [],
            "object_lock_enabled": false,
            "policy": "",
            "region": "eu-west-1",
            "replication_configuration": [],
            "request_payer": "BucketOwner",
            "server_side_encryption_configuration": [
              {
                "rule": [
                  {
                    "apply_server_side_encryption_by_default": [
                      {
                        "kms_master_key_id": "",
                        "sse_algorithm": "AES256"
                      }
                    ],
                    "bucket_key_enabled": false
                  }
                ]
              }
            ],
            "tags": {
              "git_commit": "6dad2010382f0d082b3b9599a3ff02ea251c0089",
              "git_file": "tests/terraform/main.tf",
              "git_last_modified_at": "2023-11-23 12:15:43",
              "git_last_modified_by": "steven.soutar@kingfisher.com",
              "git_modifiers": "steven.soutar",
              "git_org": "Bodsda",
              "git_repo": "lambda",
              "ipaas_transfer_enabled": "read",
              "yor_name": "test_buckets",
              "yor_trace": "8e461766-a84c-408b-93c8-64b2c855e817"
            },
            "tags_all": {
              "git_commit": "6dad2010382f0d082b3b9599a3ff02ea251c0089",
              "git_file": "tests/terraform/main.tf",
              "git_last_modified_at": "2023-11-23 12:15:43",
              "git_last_modified_by": "steven.soutar@kingfisher.com",
              "git_modifiers": "steven.soutar",
              "git_org": "Bodsda",
              "git_repo": "lambda",
              "ipaas_transfer_enabled": "read",
              "yor_name": "test_buckets",
              "yor_trace": "8e461766-a84c-408b-93c8-64b2c855e817"
            },
            "timeouts": null,
            "versioning": [
              {
                "enabled": false,
                "mfa_delete": false
              }
            ],
            "website": [],
            "website_domain": null,
            "website_endpoint": null
          },
          "sensitive_attributes": [],
          "private": "eyJlMmJmYjczMC1lY2FhLTExZTYtOGY4OC0zNDM2M2JjN2M0YzAiOnsiY3JlYXRlIjoxMjAwMDAwMDAwMDAwLCJkZWxldGUiOjM2MDAwMDAwMDAwMDAsInJlYWQiOjEyMDAwMDAwMDAwMDAsInVwZGF0ZSI6MTIwMDAwMDAwMDAwMH19",
          "dependencies": [
            "random_id.bucket_names"
          ]
        },
        {
          "index_key": 27,
          "schema_version": 0,
          "attributes": {
            "acceleration_status": "",
            "acl": null,
            "arn": "arn:aws:s3:::9f972df868c94dd5f1c455a14cf2cc1b95a7c2e863a4-test-ipaas-bucket",
            "bucket": "9f972df868c94dd5f1c455a14cf2cc1b95a7c2e863a4-test-ipaas-bucket",
            "bucket_domain_name": "9f972df868c94dd5f1c455a14cf2cc1b95a7c2e863a4-test-ipaas-bucket.s3.amazonaws.com",
            "bucket_prefix": "",
            "bucket_regional_domain_name": "9f972df868c94dd5f1c455a14cf2cc1b95a7c2e863a4-test-ipaas-bucket.s3.eu-west-1.amazonaws.com",
            "cors_rule": [],
            "force_destroy": false,
            "grant": [
              {
                "id": "ac3133221f9a6772efa7a43f0a53fb73eab15ca0636a1ed24c2d9dcba89226ca",
                "permissions": [
                  "FULL_CONTROL"
                ],
                "type": "CanonicalUser",
                "uri": ""
              }
            ],
            "hosted_zone_id": "Z1BKCTXD74EZPE",
            "id": "9f972df868c94dd5f1c455a14cf2cc1b95a7c2e863a4-test-ipaas-bucket",
            "lifecycle_rule": [],
            "logging": [],
            "object_lock_configuration": [],
            "object_lock_enabled": false,
            "policy": "",
            "region": "eu-west-1",
            "replication_configuration": [],
            "request_payer": "BucketOwner",
            "server_side_encryption_configuration": [
              {
                "rule": [
                  {
                    "apply_server_side_encryption_by_default": [
                      {
                        "kms_master_key_id": "",
                        "sse_algorithm": "AES256"
                      }
                    ],
                    "bucket_key_enabled": false
                  }
                ]
              }
            ],
            "tags": {
              "git_commit": "6dad2010382f0d082b3b9599a3ff02ea251c0089",
              "git_file": "tests/terraform/main.tf",
              "git_last_modified_at": "2023-11-23 12:15:43",
              "git_last_modified_by": "steven.soutar@kingfisher.com",
              "git_modifiers": "steven.soutar",
              "git_org": "Bodsda",
              "git_repo": "lambda",
              "ipaas_transfer_enabled": "read",
              "yor_name": "test_buckets",
              "yor_trace": "8e461766-a84c-408b-93c8-64b2c855e817"
            },
            "tags_all": {
              "git_commit": "6dad2010382f0d082b3b9599a3ff02ea251c0089",
              "git_file": "tests/terraform/main.tf",
              "git_last_modified_at": "2023-11-23 12:15:43",
              "git_last_modified_by": "steven.soutar@kingfisher.com",
              "git_modifiers": "steven.soutar",
              "git_org": "Bodsda",
              "git_repo": "lambda",
              "ipaas_transfer_enabled": "read",
              "yor_name": "test_buckets",
              "yor_trace": "8e461766-a84c-408b-93c8-64b2c855e817"
            },
            "timeouts": null,
            "versioning": [
              {
                "enabled": false,
                "mfa_delete": false
              }
            ],
            "website": [],
            "website_domain": null,
            "website_endpoint": null
          },
          "sensitive_attributes": [],
          "private": "eyJlMmJmYjczMC1lY2FhLTExZTYtOGY4OC0zNDM2M2JjN2M0YzAiOnsiY3JlYXRlIjoxMjAwMDAwMDAwMDAwLCJkZWxldGUiOjM2MDAwMDAwMDAwMDAsInJlYWQiOjEyMDAwMDAwMDAwMDAsInVwZGF0ZSI6MTIwMDAwMDAwMDAwMH19",
          "dependencies": [
            "random_id.bucket_names"
          ]
        },
        {
          "index_key": 28,
          "schema_version": 0,
          "attributes": {
            "acceleration_status": "",
            "acl": null,
            "arn": "arn:aws:s3:::567127ddb73a14e4ea779a4449a15928e627d04a4f74-test-ipaas-bucket",
            "bucket": "567127ddb73a14e4ea779a4449a15928e627d04a4f74-test-ipaas-bucket",
            "bucket_domain_name": "567127ddb73a14e4ea779a4449a15928e627d04a4f74-test-ipaas-bucket.s3.amazonaws.com",
            "bucket_prefix": "",
            "bucket_regional_domain_name": "567127ddb73a14e4ea779a4449a15928e627d04a4f74-test-ipaas-bucket.s3.eu-west-1.amazonaws.com",
            "cors_rule": [],
            "force_destroy": false,
            "grant": [
              {
                "id": "ac3133221f9a6772efa7a43f0a53fb73eab15ca0636a1ed24c2d9dcba89226ca",
                "permissions": [
                  "FULL_CONTROL"
                ],
                "type": "CanonicalUser",
                "uri": ""
              }
            ],
            "hosted_zone_id": "Z1BKCTXD74EZPE",
            "id": "567127ddb73a14e4ea779a4449a15928e627d04a4f74-test-ipaas-bucket",
            "lifecycle_rule": [],
            "logging": [],
            "object_lock_configuration": [],
            "object_lock_enabled": false,
            "policy": "",
            "region": "eu-west-1",
            "replication_configuration": [],
            "request_payer": "BucketOwner",
            "server_side_encryption_configuration": [
              {
                "rule": [
                  {
                    "apply_server_side_encryption_by_default": [
                      {
                        "kms_master_key_id": "",
                        "sse_algorithm": "AES256"
                      }
                    ],
                    "bucket_key_enabled": false
                  }
                ]
              }
            ],
            "tags": {
              "git_commit": "6dad2010382f0d082b3b9599a3ff02ea251c0089",
              "git_file": "tests/terraform/main.tf",
              "git_last_modified_at": "2023-11-23 12:15:43",
              "git_last_modified_by": "steven.soutar@kingfisher.com",
              "git_modifiers": "steven.soutar",
              "git_org": "Bodsda",
              "git_repo": "lambda",
              "ipaas_transfer_enabled": "read",
              "yor_name": "test_buckets",
              "yor_trace": "8e461766-a84c-408b-93c8-64b2c855e817"
            },
            "tags_all": {
              "git_commit": "6dad2010382f0d082b3b9599a3ff02ea251c0089",
              "git_file": "tests/terraform/main.tf",
              "git_last_modified_at": "2023-11-23 12:15:43",
              "git_last_modified_by": "steven.soutar@kingfisher.com",
              "git_modifiers": "steven.soutar",
              "git_org": "Bodsda",
              "git_repo": "lambda",
              "ipaas_transfer_enabled": "read",
              "yor_name": "test_buckets",
              "yor_trace": "8e461766-a84c-408b-93c8-64b2c855e817"
            },
            "timeouts": null,
            "versioning": [
              {
                "enabled": false,
                "mfa_delete": false
              }
            ],
            "website": [],
            "website_domain": null,
            "website_endpoint": null
          },
          "sensitive_attributes": [],
          "private": "eyJlMmJmYjczMC1lY2FhLTExZTYtOGY4OC0zNDM2M2JjN2M0YzAiOnsiY3JlYXRlIjoxMjAwMDAwMDAwMDAwLCJkZWxldGUiOjM2MDAwMDAwMDAwMDAsInJlYWQiOjEyMDAwMDAwMDAwMDAsInVwZGF0ZSI6MTIwMDAwMDAwMDAwMH19",
          "dependencies": [
            "random_id.bucket_names"
          ]
        },
        {
          "index_key": 29,
          "schema_version": 0,
          "attributes": {
            "acceleration_status": "",
            "acl": null,
            "arn": "arn:aws:s3:::0e144b90fc0ea179a9c2264eb9d2d457893800f9f1f2-test-ipaas-bucket",
            "bucket": "0e144b90fc0ea179a9c2264eb9d2d457893800f9f1f2-test-ipaas-bucket",
            "bucket_domain_name": "0e144b90fc0ea179a9c2264eb9d2d457893800f9f1f2-test-ipaas-bucket.s3.amazonaws.com",
            "bucket_prefix": "",
            "bucket_regional_domain_name": "0e144b90fc0ea179a9c2264eb9d2d457893800f9f1f2-test-ipaas-bucket.s3.eu-west-1.amazonaws.com",
            "cors_rule": [],
            "force_destroy": false,
            "grant": [
              {
                "id": "ac3133221f9a6772efa7a43f0a53fb73eab15ca0636a1ed24c2d9dcba89226ca",
                "permissions": [
                  "FULL_CONTROL"
                ],
                "type": "CanonicalUser",
                "uri": ""
              }
            ],
            "hosted_zone_id": "Z1BKCTXD74EZPE",
            "id": "0e144b90fc0ea179a9c2264eb9d2d457893800f9f1f2-test-ipaas-bucket",
            "lifecycle_rule": [],
            "logging": [],
            "object_lock_configuration": [],
            "object_lock_enabled": false,
            "policy": "",
            "region": "eu-west-1",
            "replication_configuration": [],
            "request_payer": "BucketOwner",
            "server_side_encryption_configuration": [
              {
                "rule": [
                  {
                    "apply_server_side_encryption_by_default": [
                      {
                        "kms_master_key_id": "",
                        "sse_algorithm": "AES256"
                      }
                    ],
                    "bucket_key_enabled": false
                  }
                ]
              }
            ],
            "tags": {
              "git_commit": "6dad2010382f0d082b3b9599a3ff02ea251c0089",
              "git_file": "tests/terraform/main.tf",
              "git_last_modified_at": "2023-11-23 12:15:43",
              "git_last_modified_by": "steven.soutar@kingfisher.com",
              "git_modifiers": "steven.soutar",
              "git_org": "Bodsda",
              "git_repo": "lambda",
              "ipaas_transfer_enabled": "read",
              "yor_name": "test_buckets",
              "yor_trace": "8e461766-a84c-408b-93c8-64b2c855e817"
            },
            "tags_all": {
              "git_commit": "6dad2010382f0d082b3b9599a3ff02ea251c0089",
              "git_file": "tests/terraform/main.tf",
              "git_last_modified_at": "2023-11-23 12:15:43",
              "git_last_modified_by": "steven.soutar@kingfisher.com",
              "git_modifiers": "steven.soutar",
              "git_org": "Bodsda",
              "git_repo": "lambda",
              "ipaas_transfer_enabled": "read",
              "yor_name": "test_buckets",
              "yor_trace": "8e461766-a84c-408b-93c8-64b2c855e817"
            },
            "timeouts": null,
            "versioning": [
              {
                "enabled": false,
                "mfa_delete": false
              }
            ],
            "website": [],
            "website_domain": null,
            "website_endpoint": null
          },
          "sensitive_attributes": [],
          "private": "eyJlMmJmYjczMC1lY2FhLTExZTYtOGY4OC0zNDM2M2JjN2M0YzAiOnsiY3JlYXRlIjoxMjAwMDAwMDAwMDAwLCJkZWxldGUiOjM2MDAwMDAwMDAwMDAsInJlYWQiOjEyMDAwMDAwMDAwMDAsInVwZGF0ZSI6MTIwMDAwMDAwMDAwMH19",
          "dependencies": [
            "random_id.bucket_names"
          ]
        },
        {
          "index_key": 30,
          "schema_version": 0,
          "attributes": {
            "acceleration_status": "",
            "acl": null,
            "arn": "arn:aws:s3:::82703505d0419e77b671570f9321d4c84a5e77ec7961-test-ipaas-bucket",
            "bucket": "82703505d0419e77b671570f9321d4c84a5e77ec7961-test-ipaas-bucket",
            "bucket_domain_name": "82703505d0419e77b671570f9321d4c84a5e77ec7961-test-ipaas-bucket.s3.amazonaws.com",
            "bucket_prefix": "",
            "bucket_regional_domain_name": "82703505d0419e77b671570f9321d4c84a5e77ec7961-test-ipaas-bucket.s3.eu-west-1.amazonaws.com",
            "cors_rule": [],
            "force_destroy": false,
            "grant": [
              {
                "id": "ac3133221f9a6772efa7a43f0a53fb73eab15ca0636a1ed24c2d9dcba89226ca",
                "permissions": [
                  "FULL_CONTROL"
                ],
                "type": "CanonicalUser",
                "uri": ""
              }
            ],
            "hosted_zone_id": "Z1BKCTXD74EZPE",
            "id": "82703505d0419e77b671570f9321d4c84a5e77ec7961-test-ipaas-bucket",
            "lifecycle_rule": [],
            "logging": [],
            "object_lock_configuration": [],
            "object_lock_enabled": false,
            "policy": "",
            "region": "eu-west-1",
            "replication_configuration": [],
            "request_payer": "BucketOwner",
            "server_side_encryption_configuration": [
              {
                "rule": [
                  {
                    "apply_server_side_encryption_by_default": [
                      {
                        "kms_master_key_id": "",
                        "sse_algorithm": "AES256"
                      }
                    ],
                    "bucket_key_enabled": false
                  }
                ]
              }
            ],
            "tags": {
              "git_commit": "6dad2010382f0d082b3b9599a3ff02ea251c0089",
              "git_file": "tests/terraform/main.tf",
              "git_last_modified_at": "2023-11-23 12:15:43",
              "git_last_modified_by": "steven.soutar@kingfisher.com",
              "git_modifiers": "steven.soutar",
              "git_org": "Bodsda",
              "git_repo": "lambda",
              "ipaas_transfer_enabled": "read",
              "yor_name": "test_buckets",
              "yor_trace": "8e461766-a84c-408b-93c8-64b2c855e817"
            },
            "tags_all": {
              "git_commit": "6dad2010382f0d082b3b9599a3ff02ea251c0089",
              "git_file": "tests/terraform/main.tf",
              "git_last_modified_at": "2023-11-23 12:15:43",
              "git_last_modified_by": "steven.soutar@kingfisher.com",
              "git_modifiers": "steven.soutar",
              "git_org": "Bodsda",
              "git_repo": "lambda",
              "ipaas_transfer_enabled": "read",
              "yor_name": "test_buckets",
              "yor_trace": "8e461766-a84c-408b-93c8-64b2c855e817"
            },
            "timeouts": null,
            "versioning": [
              {
                "enabled": false,
                "mfa_delete": false
              }
            ],
            "website": [],
            "website_domain": null,
            "website_endpoint": null
          },
          "sensitive_attributes": [],
          "private": "eyJlMmJmYjczMC1lY2FhLTExZTYtOGY4OC0zNDM2M2JjN2M0YzAiOnsiY3JlYXRlIjoxMjAwMDAwMDAwMDAwLCJkZWxldGUiOjM2MDAwMDAwMDAwMDAsInJlYWQiOjEyMDAwMDAwMDAwMDAsInVwZGF0ZSI6MTIwMDAwMDAwMDAwMH19",
          "dependencies": [
            "random_id.bucket_names"
          ]
        },
        {
          "index_key": 31,
          "schema_version": 0,
          "attributes": {
            "acceleration_status": "",
            "acl": null,
            "arn": "arn:aws:s3:::97a161513eef485ba1d6ec91135405c20dcaf6511583-test-ipaas-bucket",
            "bucket": "97a161513eef485ba1d6ec91135405c20dcaf6511583-test-ipaas-bucket",
            "bucket_domain_name": "97a161513eef485ba1d6ec91135405c20dcaf6511583-test-ipaas-bucket.s3.amazonaws.com",
            "bucket_prefix": "",
            "bucket_regional_domain_name": "97a161513eef485ba1d6ec91135405c20dcaf6511583-test-ipaas-bucket.s3.eu-west-1.amazonaws.com",
            "cors_rule": [],
            "force_destroy": false,
            "grant": [
              {
                "id": "ac3133221f9a6772efa7a43f0a53fb73eab15ca0636a1ed24c2d9dcba89226ca",
                "permissions": [
                  "FULL_CONTROL"
                ],
                "type": "CanonicalUser",
                "uri": ""
              }
            ],
            "hosted_zone_id": "Z1BKCTXD74EZPE",
            "id": "97a161513eef485ba1d6ec91135405c20dcaf6511583-test-ipaas-bucket",
            "lifecycle_rule": [],
            "logging": [],
            "object_lock_configuration": [],
            "object_lock_enabled": false,
            "policy": "",
            "region": "eu-west-1",
            "replication_configuration": [],
            "request_payer": "BucketOwner",
            "server_side_encryption_configuration": [
              {
                "rule": [
                  {
                    "apply_server_side_encryption_by_default": [
                      {
                        "kms_master_key_id": "",
                        "sse_algorithm": "AES256"
                      }
                    ],
                    "bucket_key_enabled": false
                  }
                ]
              }
            ],
            "tags": {
              "git_commit": "6dad2010382f0d082b3b9599a3ff02ea251c0089",
              "git_file": "tests/terraform/main.tf",
              "git_last_modified_at": "2023-11-23 12:15:43",
              "git_last_modified_by": "steven.soutar@kingfisher.com",
              "git_modifiers": "steven.soutar",
              "git_org": "Bodsda",
              "git_repo": "lambda",
              "ipaas_transfer_enabled": "read",
              "yor_name": "test_buckets",
              "yor_trace": "8e461766-a84c-408b-93c8-64b2c855e817"
            },
            "tags_all": {
              "git_commit": "6dad2010382f0d082b3b9599a3ff02ea251c0089",
              "git_file": "tests/terraform/main.tf",
              "git_last_modified_at": "2023-11-23 12:15:43",
              "git_last_modified_by": "steven.soutar@kingfisher.com",
              "git_modifiers": "steven.soutar",
              "git_org": "Bodsda",
              "git_repo": "lambda",
              "ipaas_transfer_enabled": "read",
              "yor_name": "test_buckets",
              "yor_trace": "8e461766-a84c-408b-93c8-64b2c855e817"
            },
            "timeouts": null,
            "versioning": [
              {
                "enabled": false,
                "mfa_delete": false
              }
            ],
            "website": [],
            "website_domain": null,
            "website_endpoint": null
          },
          "sensitive_attributes": [],
          "private": "eyJlMmJmYjczMC1lY2FhLTExZTYtOGY4OC0zNDM2M2JjN2M0YzAiOnsiY3JlYXRlIjoxMjAwMDAwMDAwMDAwLCJkZWxldGUiOjM2MDAwMDAwMDAwMDAsInJlYWQiOjEyMDAwMDAwMDAwMDAsInVwZGF0ZSI6MTIwMDAwMDAwMDAwMH19",
          "dependencies": [
            "random_id.bucket_names"
          ]
        },
        {
          "index_key": 32,
          "schema_version": 0,
          "attributes": {
            "acceleration_status": "",
            "acl": null,
            "arn": "arn:aws:s3:::8468ddc14f8c527c686a6393bb1d6313c34d8b68e410-test-ipaas-bucket",
            "bucket": "8468ddc14f8c527c686a6393bb1d6313c34d8b68e410-test-ipaas-bucket",
            "bucket_domain_name": "8468ddc14f8c527c686a6393bb1d6313c34d8b68e410-test-ipaas-bucket.s3.amazonaws.com",
            "bucket_prefix": "",
            "bucket_regional_domain_name": "8468ddc14f8c527c686a6393bb1d6313c34d8b68e410-test-ipaas-bucket.s3.eu-west-1.amazonaws.com",
            "cors_rule": [],
            "force_destroy": false,
            "grant": [
              {
                "id": "ac3133221f9a6772efa7a43f0a53fb73eab15ca0636a1ed24c2d9dcba89226ca",
                "permissions": [
                  "FULL_CONTROL"
                ],
                "type": "CanonicalUser",
                "uri": ""
              }
            ],
            "hosted_zone_id": "Z1BKCTXD74EZPE",
            "id": "8468ddc14f8c527c686a6393bb1d6313c34d8b68e410-test-ipaas-bucket",
            "lifecycle_rule": [],
            "logging": [],
            "object_lock_configuration": [],
            "object_lock_enabled": false,
            "policy": "",
            "region": "eu-west-1",
            "replication_configuration": [],
            "request_payer": "BucketOwner",
            "server_side_encryption_configuration": [
              {
                "rule": [
                  {
                    "apply_server_side_encryption_by_default": [
                      {
                        "kms_master_key_id": "",
                        "sse_algorithm": "AES256"
                      }
                    ],
                    "bucket_key_enabled": false
                  }
                ]
              }
            ],
            "tags": {
              "git_commit": "6dad2010382f0d082b3b9599a3ff02ea251c0089",
              "git_file": "tests/terraform/main.tf",
              "git_last_modified_at": "2023-11-23 12:15:43",
              "git_last_modified_by": "steven.soutar@kingfisher.com",
              "git_modifiers": "steven.soutar",
              "git_org": "Bodsda",
              "git_repo": "lambda",
              "ipaas_transfer_enabled": "read",
              "yor_name": "test_buckets",
              "yor_trace": "8e461766-a84c-408b-93c8-64b2c855e817"
            },
            "tags_all": {
              "git_commit": "6dad2010382f0d082b3b9599a3ff02ea251c0089",
              "git_file": "tests/terraform/main.tf",
              "git_last_modified_at": "2023-11-23 12:15:43",
              "git_last_modified_by": "steven.soutar@kingfisher.com",
              "git_modifiers": "steven.soutar",
              "git_org": "Bodsda",
              "git_repo": "lambda",
              "ipaas_transfer_enabled": "read",
              "yor_name": "test_buckets",
              "yor_trace": "8e461766-a84c-408b-93c8-64b2c855e817"
            },
            "timeouts": null,
            "versioning": [
              {
                "enabled": false,
                "mfa_delete": false
              }
            ],
            "website": [],
            "website_domain": null,
            "website_endpoint": null
          },
          "sensitive_attributes": [],
          "private": "eyJlMmJmYjczMC1lY2FhLTExZTYtOGY4OC0zNDM2M2JjN2M0YzAiOnsiY3JlYXRlIjoxMjAwMDAwMDAwMDAwLCJkZWxldGUiOjM2MDAwMDAwMDAwMDAsInJlYWQiOjEyMDAwMDAwMDAwMDAsInVwZGF0ZSI6MTIwMDAwMDAwMDAwMH19",
          "dependencies": [
            "random_id.bucket_names"
          ]
        },
        {
          "index_key": 33,
          "schema_version": 0,
          "attributes": {
            "acceleration_status": "",
            "acl": null,
            "arn": "arn:aws:s3:::2ab5701bc4fce177317d9300681d43e246bd0516601f-test-ipaas-bucket",
            "bucket": "2ab5701bc4fce177317d9300681d43e246bd0516601f-test-ipaas-bucket",
            "bucket_domain_name": "2ab5701bc4fce177317d9300681d43e246bd0516601f-test-ipaas-bucket.s3.amazonaws.com",
            "bucket_prefix": "",
            "bucket_regional_domain_name": "2ab5701bc4fce177317d9300681d43e246bd0516601f-test-ipaas-bucket.s3.eu-west-1.amazonaws.com",
            "cors_rule": [],
            "force_destroy": false,
            "grant": [
              {
                "id": "ac3133221f9a6772efa7a43f0a53fb73eab15ca0636a1ed24c2d9dcba89226ca",
                "permissions": [
                  "FULL_CONTROL"
                ],
                "type": "CanonicalUser",
                "uri": ""
              }
            ],
            "hosted_zone_id": "Z1BKCTXD74EZPE",
            "id": "2ab5701bc4fce177317d9300681d43e246bd0516601f-test-ipaas-bucket",
            "lifecycle_rule": [],
            "logging": [],
            "object_lock_configuration": [],
            "object_lock_enabled": false,
            "policy": "",
            "region": "eu-west-1",
            "replication_configuration": [],
            "request_payer": "BucketOwner",
            "server_side_encryption_configuration": [
              {
                "rule": [
                  {
                    "apply_server_side_encryption_by_default": [
                      {
                        "kms_master_key_id": "",
                        "sse_algorithm": "AES256"
                      }
                    ],
                    "bucket_key_enabled": false
                  }
                ]
              }
            ],
            "tags": {
              "git_commit": "6dad2010382f0d082b3b9599a3ff02ea251c0089",
              "git_file": "tests/terraform/main.tf",
              "git_last_modified_at": "2023-11-23 12:15:43",
              "git_last_modified_by": "steven.soutar@kingfisher.com",
              "git_modifiers": "steven.soutar",
              "git_org": "Bodsda",
              "git_repo": "lambda",
              "ipaas_transfer_enabled": "read",
              "yor_name": "test_buckets",
              "yor_trace": "8e461766-a84c-408b-93c8-64b2c855e817"
            },
            "tags_all": {
              "git_commit": "6dad2010382f0d082b3b9599a3ff02ea251c0089",
              "git_file": "tests/terraform/main.tf",
              "git_last_modified_at": "2023-11-23 12:15:43",
              "git_last_modified_by": "steven.soutar@kingfisher.com",
              "git_modifiers": "steven.soutar",
              "git_org": "Bodsda",
              "git_repo": "lambda",
              "ipaas_transfer_enabled": "read",
              "yor_name": "test_buckets",
              "yor_trace": "8e461766-a84c-408b-93c8-64b2c855e817"
            },
            "timeouts": null,
            "versioning": [
              {
                "enabled": false,
                "mfa_delete": false
              }
            ],
            "website": [],
            "website_domain": null,
            "website_endpoint": null
          },
          "sensitive_attributes": [],
          "private": "eyJlMmJmYjczMC1lY2FhLTExZTYtOGY4OC0zNDM2M2JjN2M0YzAiOnsiY3JlYXRlIjoxMjAwMDAwMDAwMDAwLCJkZWxldGUiOjM2MDAwMDAwMDAwMDAsInJlYWQiOjEyMDAwMDAwMDAwMDAsInVwZGF0ZSI6MTIwMDAwMDAwMDAwMH19",
          "dependencies": [
            "random_id.bucket_names"
          ]
        },
        {
          "index_key": 34,
          "schema_version": 0,
          "attributes": {
            "acceleration_status": "",
            "acl": null,
            "arn": "arn:aws:s3:::395093047413125288cf412ca7908459124cb62e7fa1-test-ipaas-bucket",
            "bucket": "395093047413125288cf412ca7908459124cb62e7fa1-test-ipaas-bucket",
            "bucket_domain_name": "395093047413125288cf412ca7908459124cb62e7fa1-test-ipaas-bucket.s3.amazonaws.com",
            "bucket_prefix": "",
            "bucket_regional_domain_name": "395093047413125288cf412ca7908459124cb62e7fa1-test-ipaas-bucket.s3.eu-west-1.amazonaws.com",
            "cors_rule": [],
            "force_destroy": false,
            "grant": [
              {
                "id": "ac3133221f9a6772efa7a43f0a53fb73eab15ca0636a1ed24c2d9dcba89226ca",
                "permissions": [
                  "FULL_CONTROL"
                ],
                "type": "CanonicalUser",
                "uri": ""
              }
            ],
            "hosted_zone_id": "Z1BKCTXD74EZPE",
            "id": "395093047413125288cf412ca7908459124cb62e7fa1-test-ipaas-bucket",
            "lifecycle_rule": [],
            "logging": [],
            "object_lock_configuration": [],
            "object_lock_enabled": false,
            "policy": "",
            "region": "eu-west-1",
            "replication_configuration": [],
            "request_payer": "BucketOwner",
            "server_side_encryption_configuration": [
              {
                "rule": [
                  {
                    "apply_server_side_encryption_by_default": [
                      {
                        "kms_master_key_id": "",
                        "sse_algorithm": "AES256"
                      }
                    ],
                    "bucket_key_enabled": false
                  }
                ]
              }
            ],
            "tags": {
              "git_commit": "6dad2010382f0d082b3b9599a3ff02ea251c0089",
              "git_file": "tests/terraform/main.tf",
              "git_last_modified_at": "2023-11-23 12:15:43",
              "git_last_modified_by": "steven.soutar@kingfisher.com",
              "git_modifiers": "steven.soutar",
              "git_org": "Bodsda",
              "git_repo": "lambda",
              "ipaas_transfer_enabled": "read",
              "yor_name": "test_buckets",
              "yor_trace": "8e461766-a84c-408b-93c8-64b2c855e817"
            },
            "tags_all": {
              "git_commit": "6dad2010382f0d082b3b9599a3ff02ea251c0089",
              "git_file": "tests/terraform/main.tf",
              "git_last_modified_at": "2023-11-23 12:15:43",
              "git_last_modified_by": "steven.soutar@kingfisher.com",
              "git_modifiers": "steven.soutar",
              "git_org": "Bodsda",
              "git_repo": "lambda",
              "ipaas_transfer_enabled": "read",
              "yor_name": "test_buckets",
              "yor_trace": "8e461766-a84c-408b-93c8-64b2c855e817"
            },
            "timeouts": null,
            "versioning": [
              {
                "enabled": false,
                "mfa_delete": false
              }
            ],
            "website": [],
            "website_domain": null,
            "website_endpoint": null
          },
          "sensitive_attributes": [],
          "private": "eyJlMmJmYjczMC1lY2FhLTExZTYtOGY4OC0zNDM2M2JjN2M0YzAiOnsiY3JlYXRlIjoxMjAwMDAwMDAwMDAwLCJkZWxldGUiOjM2MDAwMDAwMDAwMDAsInJlYWQiOjEyMDAwMDAwMDAwMDAsInVwZGF0ZSI6MTIwMDAwMDAwMDAwMH19",
          "dependencies": [
            "random_id.bucket_names"
          ]
        },
        {
          "index_key": 35,
          "schema_version": 0,
          "attributes": {
            "acceleration_status": "",
            "acl": null,
            "arn": "arn:aws:s3:::d6bd939575b70f43587828aeee16fee5ef9a0bb1328f-test-ipaas-bucket",
            "bucket": "d6bd939575b70f43587828aeee16fee5ef9a0bb1328f-test-ipaas-bucket",
            "bucket_domain_name": "d6bd939575b70f43587828aeee16fee5ef9a0bb1328f-test-ipaas-bucket.s3.amazonaws.com",
            "bucket_prefix": "",
            "bucket_regional_domain_name": "d6bd939575b70f43587828aeee16fee5ef9a0bb1328f-test-ipaas-bucket.s3.eu-west-1.amazonaws.com",
            "cors_rule": [],
            "force_destroy": false,
            "grant": [
              {
                "id": "ac3133221f9a6772efa7a43f0a53fb73eab15ca0636a1ed24c2d9dcba89226ca",
                "permissions": [
                  "FULL_CONTROL"
                ],
                "type": "CanonicalUser",
                "uri": ""
              }
            ],
            "hosted_zone_id": "Z1BKCTXD74EZPE",
            "id": "d6bd939575b70f43587828aeee16fee5ef9a0bb1328f-test-ipaas-bucket",
            "lifecycle_rule": [],
            "logging": [],
            "object_lock_configuration": [],
            "object_lock_enabled": false,
            "policy": "",
            "region": "eu-west-1",
            "replication_configuration": [],
            "request_payer": "BucketOwner",
            "server_side_encryption_configuration": [
              {
                "rule": [
                  {
                    "apply_server_side_encryption_by_default": [
                      {
                        "kms_master_key_id": "",
                        "sse_algorithm": "AES256"
                      }
                    ],
                    "bucket_key_enabled": false
                  }
                ]
              }
            ],
            "tags": {
              "git_commit": "6dad2010382f0d082b3b9599a3ff02ea251c0089",
              "git_file": "tests/terraform/main.tf",
              "git_last_modified_at": "2023-11-23 12:15:43",
              "git_last_modified_by": "steven.soutar@kingfisher.com",
              "git_modifiers": "steven.soutar",
              "git_org": "Bodsda",
              "git_repo": "lambda",
              "ipaas_transfer_enabled": "read",
              "yor_name": "test_buckets",
              "yor_trace": "8e461766-a84c-408b-93c8-64b2c855e817"
            },
            "tags_all": {
              "git_commit": "6dad2010382f0d082b3b9599a3ff02ea251c0089",
              "git_file": "tests/terraform/main.tf",
              "git_last_modified_at": "2023-11-23 12:15:43",
              "git_last_modified_by": "steven.soutar@kingfisher.com",
              "git_modifiers": "steven.soutar",
              "git_org": "Bodsda",
              "git_repo": "lambda",
              "ipaas_transfer_enabled": "read",
              "yor_name": "test_buckets",
              "yor_trace": "8e461766-a84c-408b-93c8-64b2c855e817"
            },
            "timeouts": null,
            "versioning": [
              {
                "enabled": false,
                "mfa_delete": false
              }
            ],
            "website": [],
            "website_domain": null,
            "website_endpoint": null
          },
          "sensitive_attributes": [],
          "private": "eyJlMmJmYjczMC1lY2FhLTExZTYtOGY4OC0zNDM2M2JjN2M0YzAiOnsiY3JlYXRlIjoxMjAwMDAwMDAwMDAwLCJkZWxldGUiOjM2MDAwMDAwMDAwMDAsInJlYWQiOjEyMDAwMDAwMDAwMDAsInVwZGF0ZSI6MTIwMDAwMDAwMDAwMH19",
          "dependencies": [
            "random_id.bucket_names"
          ]
        },
        {
          "index_key": 36,
          "schema_version": 0,
          "attributes": {
            "acceleration_status": "",
            "acl": null,
            "arn": "arn:aws:s3:::dba323a03b5dbd089a95dbed7a1e892ed1753406920a-test-ipaas-bucket",
            "bucket": "dba323a03b5dbd089a95dbed7a1e892ed1753406920a-test-ipaas-bucket",
            "bucket_domain_name": "dba323a03b5dbd089a95dbed7a1e892ed1753406920a-test-ipaas-bucket.s3.amazonaws.com",
            "bucket_prefix": "",
            "bucket_regional_domain_name": "dba323a03b5dbd089a95dbed7a1e892ed1753406920a-test-ipaas-bucket.s3.eu-west-1.amazonaws.com",
            "cors_rule": [],
            "force_destroy": false,
            "grant": [
              {
                "id": "ac3133221f9a6772efa7a43f0a53fb73eab15ca0636a1ed24c2d9dcba89226ca",
                "permissions": [
                  "FULL_CONTROL"
                ],
                "type": "CanonicalUser",
                "uri": ""
              }
            ],
            "hosted_zone_id": "Z1BKCTXD74EZPE",
            "id": "dba323a03b5dbd089a95dbed7a1e892ed1753406920a-test-ipaas-bucket",
            "lifecycle_rule": [],
            "logging": [],
            "object_lock_configuration": [],
            "object_lock_enabled": false,
            "policy": "",
            "region": "eu-west-1",
            "replication_configuration": [],
            "request_payer": "BucketOwner",
            "server_side_encryption_configuration": [
              {
                "rule": [
                  {
                    "apply_server_side_encryption_by_default": [
                      {
                        "kms_master_key_id": "",
                        "sse_algorithm": "AES256"
                      }
                    ],
                    "bucket_key_enabled": false
                  }
                ]
              }
            ],
            "tags": {
              "git_commit": "6dad2010382f0d082b3b9599a3ff02ea251c0089",
              "git_file": "tests/terraform/main.tf",
              "git_last_modified_at": "2023-11-23 12:15:43",
              "git_last_modified_by": "steven.soutar@kingfisher.com",
              "git_modifiers": "steven.soutar",
              "git_org": "Bodsda",
              "git_repo": "lambda",
              "ipaas_transfer_enabled": "read",
              "yor_name": "test_buckets",
              "yor_trace": "8e461766-a84c-408b-93c8-64b2c855e817"
            },
            "tags_all": {
              "git_commit": "6dad2010382f0d082b3b9599a3ff02ea251c0089",
              "git_file": "tests/terraform/main.tf",
              "git_last_modified_at": "2023-11-23 12:15:43",
              "git_last_modified_by": "steven.soutar@kingfisher.com",
              "git_modifiers": "steven.soutar",
              "git_org": "Bodsda",
              "git_repo": "lambda",
              "ipaas_transfer_enabled": "read",
              "yor_name": "test_buckets",
              "yor_trace": "8e461766-a84c-408b-93c8-64b2c855e817"
            },
            "timeouts": null,
            "versioning": [
              {
                "enabled": false,
                "mfa_delete": false
              }
            ],
            "website": [],
            "website_domain": null,
            "website_endpoint": null
          },
          "sensitive_attributes": [],
          "private": "eyJlMmJmYjczMC1lY2FhLTExZTYtOGY4OC0zNDM2M2JjN2M0YzAiOnsiY3JlYXRlIjoxMjAwMDAwMDAwMDAwLCJkZWxldGUiOjM2MDAwMDAwMDAwMDAsInJlYWQiOjEyMDAwMDAwMDAwMDAsInVwZGF0ZSI6MTIwMDAwMDAwMDAwMH19",
          "dependencies": [
            "random_id.bucket_names"
          ]
        },
        {
          "index_key": 37,
          "schema_version": 0,
          "attributes": {
            "acceleration_status": "",
            "acl": null,
            "arn": "arn:aws:s3:::875da6eb1ba4d1f5379f9426de3f3c14f3231074a4e0-test-ipaas-bucket",
            "bucket": "875da6eb1ba4d1f5379f9426de3f3c14f3231074a4e0-test-ipaas-bucket",
            "bucket_domain_name": "875da6eb1ba4d1f5379f9426de3f3c14f3231074a4e0-test-ipaas-bucket.s3.amazonaws.com",
            "bucket_prefix": "",
            "bucket_regional_domain_name": "875da6eb1ba4d1f5379f9426de3f3c14f3231074a4e0-test-ipaas-bucket.s3.eu-west-1.amazonaws.com",
            "cors_rule": [],
            "force_destroy": false,
            "grant": [
              {
                "id": "ac3133221f9a6772efa7a43f0a53fb73eab15ca0636a1ed24c2d9dcba89226ca",
                "permissions": [
                  "FULL_CONTROL"
                ],
                "type": "CanonicalUser",
                "uri": ""
              }
            ],
            "hosted_zone_id": "Z1BKCTXD74EZPE",
            "id": "875da6eb1ba4d1f5379f9426de3f3c14f3231074a4e0-test-ipaas-bucket",
            "lifecycle_rule": [],
            "logging": [],
            "object_lock_configuration": [],
            "object_lock_enabled": false,
            "policy": "",
            "region": "eu-west-1",
            "replication_configuration": [],
            "request_payer": "BucketOwner",
            "server_side_encryption_configuration": [
              {
                "rule": [
                  {
                    "apply_server_side_encryption_by_default": [
                      {
                        "kms_master_key_id": "",
                        "sse_algorithm": "AES256"
                      }
                    ],
                    "bucket_key_enabled": false
                  }
                ]
              }
            ],
            "tags": {
              "git_commit": "6dad2010382f0d082b3b9599a3ff02ea251c0089",
              "git_file": "tests/terraform/main.tf",
              "git_last_modified_at": "2023-11-23 12:15:43",
              "git_last_modified_by": "steven.soutar@kingfisher.com",
              "git_modifiers": "steven.soutar",
              "git_org": "Bodsda",
              "git_repo": "lambda",
              "ipaas_transfer_enabled": "read",
              "yor_name": "test_buckets",
              "yor_trace": "8e461766-a84c-408b-93c8-64b2c855e817"
            },
            "tags_all": {
              "git_commit": "6dad2010382f0d082b3b9599a3ff02ea251c0089",
              "git_file": "tests/terraform/main.tf",
              "git_last_modified_at": "2023-11-23 12:15:43",
              "git_last_modified_by": "steven.soutar@kingfisher.com",
              "git_modifiers": "steven.soutar",
              "git_org": "Bodsda",
              "git_repo": "lambda",
              "ipaas_transfer_enabled": "read",
              "yor_name": "test_buckets",
              "yor_trace": "8e461766-a84c-408b-93c8-64b2c855e817"
            },
            "timeouts": null,
            "versioning": [
              {
                "enabled": false,
                "mfa_delete": false
              }
            ],
            "website": [],
            "website_domain": null,
            "website_endpoint": null
          },
          "sensitive_attributes": [],
          "private": "eyJlMmJmYjczMC1lY2FhLTExZTYtOGY4OC0zNDM2M2JjN2M0YzAiOnsiY3JlYXRlIjoxMjAwMDAwMDAwMDAwLCJkZWxldGUiOjM2MDAwMDAwMDAwMDAsInJlYWQiOjEyMDAwMDAwMDAwMDAsInVwZGF0ZSI6MTIwMDAwMDAwMDAwMH19",
          "dependencies": [
            "random_id.bucket_names"
          ]
        },
        {
          "index_key": 38,
          "schema_version": 0,
          "attributes": {
            "acceleration_status": "",
            "acl": null,
            "arn": "arn:aws:s3:::1db69281c1718cc5079c432321181dda4512c59c9d1a-test-ipaas-bucket",
            "bucket": "1db69281c1718cc5079c432321181dda4512c59c9d1a-test-ipaas-bucket",
            "bucket_domain_name": "1db69281c1718cc5079c432321181dda4512c59c9d1a-test-ipaas-bucket.s3.amazonaws.com",
            "bucket_prefix": "",
            "bucket_regional_domain_name": "1db69281c1718cc5079c432321181dda4512c59c9d1a-test-ipaas-bucket.s3.eu-west-1.amazonaws.com",
            "cors_rule": [],
            "force_destroy": false,
            "grant": [
              {
                "id": "ac3133221f9a6772efa7a43f0a53fb73eab15ca0636a1ed24c2d9dcba89226ca",
                "permissions": [
                  "FULL_CONTROL"
                ],
                "type": "CanonicalUser",
                "uri": ""
              }
            ],
            "hosted_zone_id": "Z1BKCTXD74EZPE",
            "id": "1db69281c1718cc5079c432321181dda4512c59c9d1a-test-ipaas-bucket",
            "lifecycle_rule": [],
            "logging": [],
            "object_lock_configuration": [],
            "object_lock_enabled": false,
            "policy": "",
            "region": "eu-west-1",
            "replication_configuration": [],
            "request_payer": "BucketOwner",
            "server_side_encryption_configuration": [
              {
                "rule": [
                  {
                    "apply_server_side_encryption_by_default": [
                      {
                        "kms_master_key_id": "",
                        "sse_algorithm": "AES256"
                      }
                    ],
                    "bucket_key_enabled": false
                  }
                ]
              }
            ],
            "tags": {
              "git_commit": "6dad2010382f0d082b3b9599a3ff02ea251c0089",
              "git_file": "tests/terraform/main.tf",
              "git_last_modified_at": "2023-11-23 12:15:43",
              "git_last_modified_by": "steven.soutar@kingfisher.com",
              "git_modifiers": "steven.soutar",
              "git_org": "Bodsda",
              "git_repo": "lambda",
              "ipaas_transfer_enabled": "read",
              "yor_name": "test_buckets",
              "yor_trace": "8e461766-a84c-408b-93c8-64b2c855e817"
            },
            "tags_all": {
              "git_commit": "6dad2010382f0d082b3b9599a3ff02ea251c0089",
              "git_file": "tests/terraform/main.tf",
              "git_last_modified_at": "2023-11-23 12:15:43",
              "git_last_modified_by": "steven.soutar@kingfisher.com",
              "git_modifiers": "steven.soutar",
              "git_org": "Bodsda",
              "git_repo": "lambda",
              "ipaas_transfer_enabled": "read",
              "yor_name": "test_buckets",
              "yor_trace": "8e461766-a84c-408b-93c8-64b2c855e817"
            },
            "timeouts": null,
            "versioning": [
              {
                "enabled": false,
                "mfa_delete": false
              }
            ],
            "website": [],
            "website_domain": null,
            "website_endpoint": null
          },
          "sensitive_attributes": [],
          "private": "eyJlMmJmYjczMC1lY2FhLTExZTYtOGY4OC0zNDM2M2JjN2M0YzAiOnsiY3JlYXRlIjoxMjAwMDAwMDAwMDAwLCJkZWxldGUiOjM2MDAwMDAwMDAwMDAsInJlYWQiOjEyMDAwMDAwMDAwMDAsInVwZGF0ZSI6MTIwMDAwMDAwMDAwMH19",
          "dependencies": [
            "random_id.bucket_names"
          ]
        },
        {
          "index_key": 39,
          "schema_version": 0,
          "attributes": {
            "acceleration_status": "",
            "acl": null,
            "arn": "arn:aws:s3:::22ae4bda99c864d834132b3010425ea81090ae258c7e-test-ipaas-bucket",
            "bucket": "22ae4bda99c864d834132b3010425ea81090ae258c7e-test-ipaas-bucket",
            "bucket_domain_name": "22ae4bda99c864d834132b3010425ea81090ae258c7e-test-ipaas-bucket.s3.amazonaws.com",
            "bucket_prefix": "",
            "bucket_regional_domain_name": "22ae4bda99c864d834132b3010425ea81090ae258c7e-test-ipaas-bucket.s3.eu-west-1.amazonaws.com",
            "cors_rule": [],
            "force_destroy": false,
            "grant": [
              {
                "id": "ac3133221f9a6772efa7a43f0a53fb73eab15ca0636a1ed24c2d9dcba89226ca",
                "permissions": [
                  "FULL_CONTROL"
                ],
                "type": "CanonicalUser",
                "uri": ""
              }
            ],
            "hosted_zone_id": "Z1BKCTXD74EZPE",
            "id": "22ae4bda99c864d834132b3010425ea81090ae258c7e-test-ipaas-bucket",
            "lifecycle_rule": [],
            "logging": [],
            "object_lock_configuration": [],
            "object_lock_enabled": false,
            "policy": "",
            "region": "eu-west-1",
            "replication_configuration": [],
            "request_payer": "BucketOwner",
            "server_side_encryption_configuration": [
              {
                "rule": [
                  {
                    "apply_server_side_encryption_by_default": [
                      {
                        "kms_master_key_id": "",
                        "sse_algorithm": "AES256"
                      }
                    ],
                    "bucket_key_enabled": false
                  }
                ]
              }
            ],
            "tags": {
              "git_commit": "6dad2010382f0d082b3b9599a3ff02ea251c0089",
              "git_file": "tests/terraform/main.tf",
              "git_last_modified_at": "2023-11-23 12:15:43",
              "git_last_modified_by": "steven.soutar@kingfisher.com",
              "git_modifiers": "steven.soutar",
              "git_org": "Bodsda",
              "git_repo": "lambda",
              "ipaas_transfer_enabled": "read",
              "yor_name": "test_buckets",
              "yor_trace": "8e461766-a84c-408b-93c8-64b2c855e817"
            },
            "tags_all": {
              "git_commit": "6dad2010382f0d082b3b9599a3ff02ea251c0089",
              "git_file": "tests/terraform/main.tf",
              "git_last_modified_at": "2023-11-23 12:15:43",
              "git_last_modified_by": "steven.soutar@kingfisher.com",
              "git_modifiers": "steven.soutar",
              "git_org": "Bodsda",
              "git_repo": "lambda",
              "ipaas_transfer_enabled": "read",
              "yor_name": "test_buckets",
              "yor_trace": "8e461766-a84c-408b-93c8-64b2c855e817"
            },
            "timeouts": null,
            "versioning": [
              {
                "enabled": false,
                "mfa_delete": false
              }
            ],
            "website": [],
            "website_domain": null,
            "website_endpoint": null
          },
          "sensitive_attributes": [],
          "private": "eyJlMmJmYjczMC1lY2FhLTExZTYtOGY4OC0zNDM2M2JjN2M0YzAiOnsiY3JlYXRlIjoxMjAwMDAwMDAwMDAwLCJkZWxldGUiOjM2MDAwMDAwMDAwMDAsInJlYWQiOjEyMDAwMDAwMDAwMDAsInVwZGF0ZSI6MTIwMDAwMDAwMDAwMH19",
          "dependencies": [
            "random_id.bucket_names"
          ]
        },
        {
          "index_key": 40,
          "schema_version": 0,
          "attributes": {
            "acceleration_status": "",
            "acl": null,
            "arn": "arn:aws:s3:::0f550bcddb98947980f9d1b0b5e0fd7c961fe9e4b0eb-test-ipaas-bucket",
            "bucket": "0f550bcddb98947980f9d1b0b5e0fd7c961fe9e4b0eb-test-ipaas-bucket",
            "bucket_domain_name": "0f550bcddb98947980f9d1b0b5e0fd7c961fe9e4b0eb-test-ipaas-bucket.s3.amazonaws.com",
            "bucket_prefix": "",
            "bucket_regional_domain_name": "0f550bcddb98947980f9d1b0b5e0fd7c961fe9e4b0eb-test-ipaas-bucket.s3.eu-west-1.amazonaws.com",
            "cors_rule": [],
            "force_destroy": false,
            "grant": [
              {
                "id": "ac3133221f9a6772efa7a43f0a53fb73eab15ca0636a1ed24c2d9dcba89226ca",
                "permissions": [
                  "FULL_CONTROL"
                ],
                "type": "CanonicalUser",
                "uri": ""
              }
            ],
            "hosted_zone_id": "Z1BKCTXD74EZPE",
            "id": "0f550bcddb98947980f9d1b0b5e0fd7c961fe9e4b0eb-test-ipaas-bucket",
            "lifecycle_rule": [],
            "logging": [],
            "object_lock_configuration": [],
            "object_lock_enabled": false,
            "policy": "",
            "region": "eu-west-1",
            "replication_configuration": [],
            "request_payer": "BucketOwner",
            "server_side_encryption_configuration": [
              {
                "rule": [
                  {
                    "apply_server_side_encryption_by_default": [
                      {
                        "kms_master_key_id": "",
                        "sse_algorithm": "AES256"
                      }
                    ],
                    "bucket_key_enabled": false
                  }
                ]
              }
            ],
            "tags": {
              "git_commit": "6dad2010382f0d082b3b9599a3ff02ea251c0089",
              "git_file": "tests/terraform/main.tf",
              "git_last_modified_at": "2023-11-23 12:15:43",
              "git_last_modified_by": "steven.soutar@kingfisher.com",
              "git_modifiers": "steven.soutar",
              "git_org": "Bodsda",
              "git_repo": "lambda",
              "ipaas_transfer_enabled": "read",
              "yor_name": "test_buckets",
              "yor_trace": "8e461766-a84c-408b-93c8-64b2c855e817"
            },
            "tags_all": {
              "git_commit": "6dad2010382f0d082b3b9599a3ff02ea251c0089",
              "git_file": "tests/terraform/main.tf",
              "git_last_modified_at": "2023-11-23 12:15:43",
              "git_last_modified_by": "steven.soutar@kingfisher.com",
              "git_modifiers": "steven.soutar",
              "git_org": "Bodsda",
              "git_repo": "lambda",
              "ipaas_transfer_enabled": "read",
              "yor_name": "test_buckets",
              "yor_trace": "8e461766-a84c-408b-93c8-64b2c855e817"
            },
            "timeouts": null,
            "versioning": [
              {
                "enabled": false,
                "mfa_delete": false
              }
            ],
            "website": [],
            "website_domain": null,
            "website_endpoint": null
          },
          "sensitive_attributes": [],
          "private": "eyJlMmJmYjczMC1lY2FhLTExZTYtOGY4OC0zNDM2M2JjN2M0YzAiOnsiY3JlYXRlIjoxMjAwMDAwMDAwMDAwLCJkZWxldGUiOjM2MDAwMDAwMDAwMDAsInJlYWQiOjEyMDAwMDAwMDAwMDAsInVwZGF0ZSI6MTIwMDAwMDAwMDAwMH19",
          "dependencies": [
            "random_id.bucket_names"
          ]
        },
        {
          "index_key": 41,
          "schema_version": 0,
          "attributes": {
            "acceleration_status": "",
            "acl": null,
            "arn": "arn:aws:s3:::46f3c87654dabf2a03b265a4f96d0ec83ad5923068f0-test-ipaas-bucket",
            "bucket": "46f3c87654dabf2a03b265a4f96d0ec83ad5923068f0-test-ipaas-bucket",
            "bucket_domain_name": "46f3c87654dabf2a03b265a4f96d0ec83ad5923068f0-test-ipaas-bucket.s3.amazonaws.com",
            "bucket_prefix": "",
            "bucket_regional_domain_name": "46f3c87654dabf2a03b265a4f96d0ec83ad5923068f0-test-ipaas-bucket.s3.eu-west-1.amazonaws.com",
            "cors_rule": [],
            "force_destroy": false,
            "grant": [
              {
                "id": "ac3133221f9a6772efa7a43f0a53fb73eab15ca0636a1ed24c2d9dcba89226ca",
                "permissions": [
                  "FULL_CONTROL"
                ],
                "type": "CanonicalUser",
                "uri": ""
              }
            ],
            "hosted_zone_id": "Z1BKCTXD74EZPE",
            "id": "46f3c87654dabf2a03b265a4f96d0ec83ad5923068f0-test-ipaas-bucket",
            "lifecycle_rule": [],
            "logging": [],
            "object_lock_configuration": [],
            "object_lock_enabled": false,
            "policy": "",
            "region": "eu-west-1",
            "replication_configuration": [],
            "request_payer": "BucketOwner",
            "server_side_encryption_configuration": [
              {
                "rule": [
                  {
                    "apply_server_side_encryption_by_default": [
                      {
                        "kms_master_key_id": "",
                        "sse_algorithm": "AES256"
                      }
                    ],
                    "bucket_key_enabled": false
                  }
                ]
              }
            ],
            "tags": {
              "git_commit": "6dad2010382f0d082b3b9599a3ff02ea251c0089",
              "git_file": "tests/terraform/main.tf",
              "git_last_modified_at": "2023-11-23 12:15:43",
              "git_last_modified_by": "steven.soutar@kingfisher.com",
              "git_modifiers": "steven.soutar",
              "git_org": "Bodsda",
              "git_repo": "lambda",
              "ipaas_transfer_enabled": "read",
              "yor_name": "test_buckets",
              "yor_trace": "8e461766-a84c-408b-93c8-64b2c855e817"
            },
            "tags_all": {
              "git_commit": "6dad2010382f0d082b3b9599a3ff02ea251c0089",
              "git_file": "tests/terraform/main.tf",
              "git_last_modified_at": "2023-11-23 12:15:43",
              "git_last_modified_by": "steven.soutar@kingfisher.com",
              "git_modifiers": "steven.soutar",
              "git_org": "Bodsda",
              "git_repo": "lambda",
              "ipaas_transfer_enabled": "read",
              "yor_name": "test_buckets",
              "yor_trace": "8e461766-a84c-408b-93c8-64b2c855e817"
            },
            "timeouts": null,
            "versioning": [
              {
                "enabled": false,
                "mfa_delete": false
              }
            ],
            "website": [],
            "website_domain": null,
            "website_endpoint": null
          },
          "sensitive_attributes": [],
          "private": "eyJlMmJmYjczMC1lY2FhLTExZTYtOGY4OC0zNDM2M2JjN2M0YzAiOnsiY3JlYXRlIjoxMjAwMDAwMDAwMDAwLCJkZWxldGUiOjM2MDAwMDAwMDAwMDAsInJlYWQiOjEyMDAwMDAwMDAwMDAsInVwZGF0ZSI6MTIwMDAwMDAwMDAwMH19",
          "dependencies": [
            "random_id.bucket_names"
          ]
        },
        {
          "index_key": 42,
          "schema_version": 0,
          "attributes": {
            "acceleration_status": "",
            "acl": null,
            "arn": "arn:aws:s3:::ec3a944d2500004bf9a4fff54ffae5f2a0e83505c1ce-test-ipaas-bucket",
            "bucket": "ec3a944d2500004bf9a4fff54ffae5f2a0e83505c1ce-test-ipaas-bucket",
            "bucket_domain_name": "ec3a944d2500004bf9a4fff54ffae5f2a0e83505c1ce-test-ipaas-bucket.s3.amazonaws.com",
            "bucket_prefix": "",
            "bucket_regional_domain_name": "ec3a944d2500004bf9a4fff54ffae5f2a0e83505c1ce-test-ipaas-bucket.s3.eu-west-1.amazonaws.com",
            "cors_rule": [],
            "force_destroy": false,
            "grant": [
              {
                "id": "ac3133221f9a6772efa7a43f0a53fb73eab15ca0636a1ed24c2d9dcba89226ca",
                "permissions": [
                  "FULL_CONTROL"
                ],
                "type": "CanonicalUser",
                "uri": ""
              }
            ],
            "hosted_zone_id": "Z1BKCTXD74EZPE",
            "id": "ec3a944d2500004bf9a4fff54ffae5f2a0e83505c1ce-test-ipaas-bucket",
            "lifecycle_rule": [],
            "logging": [],
            "object_lock_configuration": [],
            "object_lock_enabled": false,
            "policy": "",
            "region": "eu-west-1",
            "replication_configuration": [],
            "request_payer": "BucketOwner",
            "server_side_encryption_configuration": [
              {
                "rule": [
                  {
                    "apply_server_side_encryption_by_default": [
                      {
                        "kms_master_key_id": "",
                        "sse_algorithm": "AES256"
                      }
                    ],
                    "bucket_key_enabled": false
                  }
                ]
              }
            ],
            "tags": {
              "git_commit": "6dad2010382f0d082b3b9599a3ff02ea251c0089",
              "git_file": "tests/terraform/main.tf",
              "git_last_modified_at": "2023-11-23 12:15:43",
              "git_last_modified_by": "steven.soutar@kingfisher.com",
              "git_modifiers": "steven.soutar",
              "git_org": "Bodsda",
              "git_repo": "lambda",
              "ipaas_transfer_enabled": "read",
              "yor_name": "test_buckets",
              "yor_trace": "8e461766-a84c-408b-93c8-64b2c855e817"
            },
            "tags_all": {
              "git_commit": "6dad2010382f0d082b3b9599a3ff02ea251c0089",
              "git_file": "tests/terraform/main.tf",
              "git_last_modified_at": "2023-11-23 12:15:43",
              "git_last_modified_by": "steven.soutar@kingfisher.com",
              "git_modifiers": "steven.soutar",
              "git_org": "Bodsda",
              "git_repo": "lambda",
              "ipaas_transfer_enabled": "read",
              "yor_name": "test_buckets",
              "yor_trace": "8e461766-a84c-408b-93c8-64b2c855e817"
            },
            "timeouts": null,
            "versioning": [
              {
                "enabled": false,
                "mfa_delete": false
              }
            ],
            "website": [],
            "website_domain": null,
            "website_endpoint": null
          },
          "sensitive_attributes": [],
          "private": "eyJlMmJmYjczMC1lY2FhLTExZTYtOGY4OC0zNDM2M2JjN2M0YzAiOnsiY3JlYXRlIjoxMjAwMDAwMDAwMDAwLCJkZWxldGUiOjM2MDAwMDAwMDAwMDAsInJlYWQiOjEyMDAwMDAwMDAwMDAsInVwZGF0ZSI6MTIwMDAwMDAwMDAwMH19",
          "dependencies": [
            "random_id.bucket_names"
          ]
        },
        {
          "index_key": 43,
          "schema_version": 0,
          "attributes": {
            "acceleration_status": "",
            "acl": null,
            "arn": "arn:aws:s3:::5163ff07cfc4f961305484e136865dfca8e4bf603668-test-ipaas-bucket",
            "bucket": "5163ff07cfc4f961305484e136865dfca8e4bf603668-test-ipaas-bucket",
            "bucket_domain_name": "5163ff07cfc4f961305484e136865dfca8e4bf603668-test-ipaas-bucket.s3.amazonaws.com",
            "bucket_prefix": "",
            "bucket_regional_domain_name": "5163ff07cfc4f961305484e136865dfca8e4bf603668-test-ipaas-bucket.s3.eu-west-1.amazonaws.com",
            "cors_rule": [],
            "force_destroy": false,
            "grant": [
              {
                "id": "ac3133221f9a6772efa7a43f0a53fb73eab15ca0636a1ed24c2d9dcba89226ca",
                "permissions": [
                  "FULL_CONTROL"
                ],
                "type": "CanonicalUser",
                "uri": ""
              }
            ],
            "hosted_zone_id": "Z1BKCTXD74EZPE",
            "id": "5163ff07cfc4f961305484e136865dfca8e4bf603668-test-ipaas-bucket",
            "lifecycle_rule": [],
            "logging": [],
            "object_lock_configuration": [],
            "object_lock_enabled": false,
            "policy": "",
            "region": "eu-west-1",
            "replication_configuration": [],
            "request_payer": "BucketOwner",
            "server_side_encryption_configuration": [
              {
                "rule": [
                  {
                    "apply_server_side_encryption_by_default": [
                      {
                        "kms_master_key_id": "",
                        "sse_algorithm": "AES256"
                      }
                    ],
                    "bucket_key_enabled": false
                  }
                ]
              }
            ],
            "tags": {
              "git_commit": "6dad2010382f0d082b3b9599a3ff02ea251c0089",
              "git_file": "tests/terraform/main.tf",
              "git_last_modified_at": "2023-11-23 12:15:43",
              "git_last_modified_by": "steven.soutar@kingfisher.com",
              "git_modifiers": "steven.soutar",
              "git_org": "Bodsda",
              "git_repo": "lambda",
              "ipaas_transfer_enabled": "read",
              "yor_name": "test_buckets",
              "yor_trace": "8e461766-a84c-408b-93c8-64b2c855e817"
            },
            "tags_all": {
              "git_commit": "6dad2010382f0d082b3b9599a3ff02ea251c0089",
              "git_file": "tests/terraform/main.tf",
              "git_last_modified_at": "2023-11-23 12:15:43",
              "git_last_modified_by": "steven.soutar@kingfisher.com",
              "git_modifiers": "steven.soutar",
              "git_org": "Bodsda",
              "git_repo": "lambda",
              "ipaas_transfer_enabled": "read",
              "yor_name": "test_buckets",
              "yor_trace": "8e461766-a84c-408b-93c8-64b2c855e817"
            },
            "timeouts": null,
            "versioning": [
              {
                "enabled": false,
                "mfa_delete": false
              }
            ],
            "website": [],
            "website_domain": null,
            "website_endpoint": null
          },
          "sensitive_attributes": [],
          "private": "eyJlMmJmYjczMC1lY2FhLTExZTYtOGY4OC0zNDM2M2JjN2M0YzAiOnsiY3JlYXRlIjoxMjAwMDAwMDAwMDAwLCJkZWxldGUiOjM2MDAwMDAwMDAwMDAsInJlYWQiOjEyMDAwMDAwMDAwMDAsInVwZGF0ZSI6MTIwMDAwMDAwMDAwMH19",
          "dependencies": [
            "random_id.bucket_names"
          ]
        },
        {
          "index_key": 44,
          "schema_version": 0,
          "attributes": {
            "acceleration_status": "",
            "acl": null,
            "arn": "arn:aws:s3:::f9cef60456ed5c51d1841f598c9b3efec14ecf7f2450-test-ipaas-bucket",
            "bucket": "f9cef60456ed5c51d1841f598c9b3efec14ecf7f2450-test-ipaas-bucket",
            "bucket_domain_name": "f9cef60456ed5c51d1841f598c9b3efec14ecf7f2450-test-ipaas-bucket.s3.amazonaws.com",
            "bucket_prefix": "",
            "bucket_regional_domain_name": "f9cef60456ed5c51d1841f598c9b3efec14ecf7f2450-test-ipaas-bucket.s3.eu-west-1.amazonaws.com",
            "cors_rule": [],
            "force_destroy": false,
            "grant": [
              {
                "id": "ac3133221f9a6772efa7a43f0a53fb73eab15ca0636a1ed24c2d9dcba89226ca",
                "permissions": [
                  "FULL_CONTROL"
                ],
                "type": "CanonicalUser",
                "uri": ""
              }
            ],
            "hosted_zone_id": "Z1BKCTXD74EZPE",
            "id": "f9cef60456ed5c51d1841f598c9b3efec14ecf7f2450-test-ipaas-bucket",
            "lifecycle_rule": [],
            "logging": [],
            "object_lock_configuration": [],
            "object_lock_enabled": false,
            "policy": "",
            "region": "eu-west-1",
            "replication_configuration": [],
            "request_payer": "BucketOwner",
            "server_side_encryption_configuration": [
              {
                "rule": [
                  {
                    "apply_server_side_encryption_by_default": [
                      {
                        "kms_master_key_id": "",
                        "sse_algorithm": "AES256"
                      }
                    ],
                    "bucket_key_enabled": false
                  }
                ]
              }
            ],
            "tags": {
              "git_commit": "6dad2010382f0d082b3b9599a3ff02ea251c0089",
              "git_file": "tests/terraform/main.tf",
              "git_last_modified_at": "2023-11-23 12:15:43",
              "git_last_modified_by": "steven.soutar@kingfisher.com",
              "git_modifiers": "steven.soutar",
              "git_org": "Bodsda",
              "git_repo": "lambda",
              "ipaas_transfer_enabled": "read",
              "yor_name": "test_buckets",
              "yor_trace": "8e461766-a84c-408b-93c8-64b2c855e817"
            },
            "tags_all": {
              "git_commit": "6dad2010382f0d082b3b9599a3ff02ea251c0089",
              "git_file": "tests/terraform/main.tf",
              "git_last_modified_at": "2023-11-23 12:15:43",
              "git_last_modified_by": "steven.soutar@kingfisher.com",
              "git_modifiers": "steven.soutar",
              "git_org": "Bodsda",
              "git_repo": "lambda",
              "ipaas_transfer_enabled": "read",
              "yor_name": "test_buckets",
              "yor_trace": "8e461766-a84c-408b-93c8-64b2c855e817"
            },
            "timeouts": null,
            "versioning": [
              {
                "enabled": false,
                "mfa_delete": false
              }
            ],
            "website": [],
            "website_domain": null,
            "website_endpoint": null
          },
          "sensitive_attributes": [],
          "private": "eyJlMmJmYjczMC1lY2FhLTExZTYtOGY4OC0zNDM2M2JjN2M0YzAiOnsiY3JlYXRlIjoxMjAwMDAwMDAwMDAwLCJkZWxldGUiOjM2MDAwMDAwMDAwMDAsInJlYWQiOjEyMDAwMDAwMDAwMDAsInVwZGF0ZSI6MTIwMDAwMDAwMDAwMH19",
          "dependencies": [
            "random_id.bucket_names"
          ]
        },
        {
          "index_key": 45,
          "schema_version": 0,
          "attributes": {
            "acceleration_status": "",
            "acl": null,
            "arn": "arn:aws:s3:::58cc1bb426deda1f4c6c009d4fbf61cecd0acd6be18a-test-ipaas-bucket",
            "bucket": "58cc1bb426deda1f4c6c009d4fbf61cecd0acd6be18a-test-ipaas-bucket",
            "bucket_domain_name": "58cc1bb426deda1f4c6c009d4fbf61cecd0acd6be18a-test-ipaas-bucket.s3.amazonaws.com",
            "bucket_prefix": "",
            "bucket_regional_domain_name": "58cc1bb426deda1f4c6c009d4fbf61cecd0acd6be18a-test-ipaas-bucket.s3.eu-west-1.amazonaws.com",
            "cors_rule": [],
            "force_destroy": false,
            "grant": [
              {
                "id": "ac3133221f9a6772efa7a43f0a53fb73eab15ca0636a1ed24c2d9dcba89226ca",
                "permissions": [
                  "FULL_CONTROL"
                ],
                "type": "CanonicalUser",
                "uri": ""
              }
            ],
            "hosted_zone_id": "Z1BKCTXD74EZPE",
            "id": "58cc1bb426deda1f4c6c009d4fbf61cecd0acd6be18a-test-ipaas-bucket",
            "lifecycle_rule": [],
            "logging": [],
            "object_lock_configuration": [],
            "object_lock_enabled": false,
            "policy": "",
            "region": "eu-west-1",
            "replication_configuration": [],
            "request_payer": "BucketOwner",
            "server_side_encryption_configuration": [
              {
                "rule": [
                  {
                    "apply_server_side_encryption_by_default": [
                      {
                        "kms_master_key_id": "",
                        "sse_algorithm": "AES256"
                      }
                    ],
                    "bucket_key_enabled": false
                  }
                ]
              }
            ],
            "tags": {
              "git_commit": "6dad2010382f0d082b3b9599a3ff02ea251c0089",
              "git_file": "tests/terraform/main.tf",
              "git_last_modified_at": "2023-11-23 12:15:43",
              "git_last_modified_by": "steven.soutar@kingfisher.com",
              "git_modifiers": "steven.soutar",
              "git_org": "Bodsda",
              "git_repo": "lambda",
              "ipaas_transfer_enabled": "read",
              "yor_name": "test_buckets",
              "yor_trace": "8e461766-a84c-408b-93c8-64b2c855e817"
            },
            "tags_all": {
              "git_commit": "6dad2010382f0d082b3b9599a3ff02ea251c0089",
              "git_file": "tests/terraform/main.tf",
              "git_last_modified_at": "2023-11-23 12:15:43",
              "git_last_modified_by": "steven.soutar@kingfisher.com",
              "git_modifiers": "steven.soutar",
              "git_org": "Bodsda",
              "git_repo": "lambda",
              "ipaas_transfer_enabled": "read",
              "yor_name": "test_buckets",
              "yor_trace": "8e461766-a84c-408b-93c8-64b2c855e817"
            },
            "timeouts": null,
            "versioning": [
              {
                "enabled": false,
                "mfa_delete": false
              }
            ],
            "website": [],
            "website_domain": null,
            "website_endpoint": null
          },
          "sensitive_attributes": [],
          "private": "eyJlMmJmYjczMC1lY2FhLTExZTYtOGY4OC0zNDM2M2JjN2M0YzAiOnsiY3JlYXRlIjoxMjAwMDAwMDAwMDAwLCJkZWxldGUiOjM2MDAwMDAwMDAwMDAsInJlYWQiOjEyMDAwMDAwMDAwMDAsInVwZGF0ZSI6MTIwMDAwMDAwMDAwMH19",
          "dependencies": [
            "random_id.bucket_names"
          ]
        },
        {
          "index_key": 46,
          "schema_version": 0,
          "attributes": {
            "acceleration_status": "",
            "acl": null,
            "arn": "arn:aws:s3:::f969ba07b1dfe78aac2f1a9d1542e69ee61ad3af7f2b-test-ipaas-bucket",
            "bucket": "f969ba07b1dfe78aac2f1a9d1542e69ee61ad3af7f2b-test-ipaas-bucket",
            "bucket_domain_name": "f969ba07b1dfe78aac2f1a9d1542e69ee61ad3af7f2b-test-ipaas-bucket.s3.amazonaws.com",
            "bucket_prefix": "",
            "bucket_regional_domain_name": "f969ba07b1dfe78aac2f1a9d1542e69ee61ad3af7f2b-test-ipaas-bucket.s3.eu-west-1.amazonaws.com",
            "cors_rule": [],
            "force_destroy": false,
            "grant": [
              {
                "id": "ac3133221f9a6772efa7a43f0a53fb73eab15ca0636a1ed24c2d9dcba89226ca",
                "permissions": [
                  "FULL_CONTROL"
                ],
                "type": "CanonicalUser",
                "uri": ""
              }
            ],
            "hosted_zone_id": "Z1BKCTXD74EZPE",
            "id": "f969ba07b1dfe78aac2f1a9d1542e69ee61ad3af7f2b-test-ipaas-bucket",
            "lifecycle_rule": [],
            "logging": [],
            "object_lock_configuration": [],
            "object_lock_enabled": false,
            "policy": "",
            "region": "eu-west-1",
            "replication_configuration": [],
            "request_payer": "BucketOwner",
            "server_side_encryption_configuration": [
              {
                "rule": [
                  {
                    "apply_server_side_encryption_by_default": [
                      {
                        "kms_master_key_id": "",
                        "sse_algorithm": "AES256"
                      }
                    ],
                    "bucket_key_enabled": false
                  }
                ]
              }
            ],
            "tags": {
              "git_commit": "6dad2010382f0d082b3b9599a3ff02ea251c0089",
              "git_file": "tests/terraform/main.tf",
              "git_last_modified_at": "2023-11-23 12:15:43",
              "git_last_modified_by": "steven.soutar@kingfisher.com",
              "git_modifiers": "steven.soutar",
              "git_org": "Bodsda",
              "git_repo": "lambda",
              "ipaas_transfer_enabled": "read",
              "yor_name": "test_buckets",
              "yor_trace": "8e461766-a84c-408b-93c8-64b2c855e817"
            },
            "tags_all": {
              "git_commit": "6dad2010382f0d082b3b9599a3ff02ea251c0089",
              "git_file": "tests/terraform/main.tf",
              "git_last_modified_at": "2023-11-23 12:15:43",
              "git_last_modified_by": "steven.soutar@kingfisher.com",
              "git_modifiers": "steven.soutar",
              "git_org": "Bodsda",
              "git_repo": "lambda",
              "ipaas_transfer_enabled": "read",
              "yor_name": "test_buckets",
              "yor_trace": "8e461766-a84c-408b-93c8-64b2c855e817"
            },
            "timeouts": null,
            "versioning": [
              {
                "enabled": false,
                "mfa_delete": false
              }
            ],
            "website": [],
            "website_domain": null,
            "website_endpoint": null
          },
          "sensitive_attributes": [],
          "private": "eyJlMmJmYjczMC1lY2FhLTExZTYtOGY4OC0zNDM2M2JjN2M0YzAiOnsiY3JlYXRlIjoxMjAwMDAwMDAwMDAwLCJkZWxldGUiOjM2MDAwMDAwMDAwMDAsInJlYWQiOjEyMDAwMDAwMDAwMDAsInVwZGF0ZSI6MTIwMDAwMDAwMDAwMH19",
          "dependencies": [
            "random_id.bucket_names"
          ]
        },
        {
          "index_key": 47,
          "schema_version": 0,
          "attributes": {
            "acceleration_status": "",
            "acl": null,
            "arn": "arn:aws:s3:::85865f3bb067a6a31330cecd7b758fb604a25a942bdf-test-ipaas-bucket",
            "bucket": "85865f3bb067a6a31330cecd7b758fb604a25a942bdf-test-ipaas-bucket",
            "bucket_domain_name": "85865f3bb067a6a31330cecd7b758fb604a25a942bdf-test-ipaas-bucket.s3.amazonaws.com",
            "bucket_prefix": "",
            "bucket_regional_domain_name": "85865f3bb067a6a31330cecd7b758fb604a25a942bdf-test-ipaas-bucket.s3.eu-west-1.amazonaws.com",
            "cors_rule": [],
            "force_destroy": false,
            "grant": [
              {
                "id": "ac3133221f9a6772efa7a43f0a53fb73eab15ca0636a1ed24c2d9dcba89226ca",
                "permissions": [
                  "FULL_CONTROL"
                ],
                "type": "CanonicalUser",
                "uri": ""
              }
            ],
            "hosted_zone_id": "Z1BKCTXD74EZPE",
            "id": "85865f3bb067a6a31330cecd7b758fb604a25a942bdf-test-ipaas-bucket",
            "lifecycle_rule": [],
            "logging": [],
            "object_lock_configuration": [],
            "object_lock_enabled": false,
            "policy": "",
            "region": "eu-west-1",
            "replication_configuration": [],
            "request_payer": "BucketOwner",
            "server_side_encryption_configuration": [
              {
                "rule": [
                  {
                    "apply_server_side_encryption_by_default": [
                      {
                        "kms_master_key_id": "",
                        "sse_algorithm": "AES256"
                      }
                    ],
                    "bucket_key_enabled": false
                  }
                ]
              }
            ],
            "tags": {
              "git_commit": "6dad2010382f0d082b3b9599a3ff02ea251c0089",
              "git_file": "tests/terraform/main.tf",
              "git_last_modified_at": "2023-11-23 12:15:43",
              "git_last_modified_by": "steven.soutar@kingfisher.com",
              "git_modifiers": "steven.soutar",
              "git_org": "Bodsda",
              "git_repo": "lambda",
              "ipaas_transfer_enabled": "read",
              "yor_name": "test_buckets",
              "yor_trace": "8e461766-a84c-408b-93c8-64b2c855e817"
            },
            "tags_all": {
              "git_commit": "6dad2010382f0d082b3b9599a3ff02ea251c0089",
              "git_file": "tests/terraform/main.tf",
              "git_last_modified_at": "2023-11-23 12:15:43",
              "git_last_modified_by": "steven.soutar@kingfisher.com",
              "git_modifiers": "steven.soutar",
              "git_org": "Bodsda",
              "git_repo": "lambda",
              "ipaas_transfer_enabled": "read",
              "yor_name": "test_buckets",
              "yor_trace": "8e461766-a84c-408b-93c8-64b2c855e817"
            },
            "timeouts": null,
            "versioning": [
              {
                "enabled": false,
                "mfa_delete": false
              }
            ],
            "website": [],
            "website_domain": null,
            "website_endpoint": null
          },
          "sensitive_attributes": [],
          "private": "eyJlMmJmYjczMC1lY2FhLTExZTYtOGY4OC0zNDM2M2JjN2M0YzAiOnsiY3JlYXRlIjoxMjAwMDAwMDAwMDAwLCJkZWxldGUiOjM2MDAwMDAwMDAwMDAsInJlYWQiOjEyMDAwMDAwMDAwMDAsInVwZGF0ZSI6MTIwMDAwMDAwMDAwMH19",
          "dependencies": [
            "random_id.bucket_names"
          ]
        },
        {
          "index_key": 48,
          "schema_version": 0,
          "attributes": {
            "acceleration_status": "",
            "acl": null,
            "arn": "arn:aws:s3:::5bb12b173ec24e6cde9a3776abb68a170398ddaa8963-test-ipaas-bucket",
            "bucket": "5bb12b173ec24e6cde9a3776abb68a170398ddaa8963-test-ipaas-bucket",
            "bucket_domain_name": "5bb12b173ec24e6cde9a3776abb68a170398ddaa8963-test-ipaas-bucket.s3.amazonaws.com",
            "bucket_prefix": "",
            "bucket_regional_domain_name": "5bb12b173ec24e6cde9a3776abb68a170398ddaa8963-test-ipaas-bucket.s3.eu-west-1.amazonaws.com",
            "cors_rule": [],
            "force_destroy": false,
            "grant": [
              {
                "id": "ac3133221f9a6772efa7a43f0a53fb73eab15ca0636a1ed24c2d9dcba89226ca",
                "permissions": [
                  "FULL_CONTROL"
                ],
                "type": "CanonicalUser",
                "uri": ""
              }
            ],
            "hosted_zone_id": "Z1BKCTXD74EZPE",
            "id": "5bb12b173ec24e6cde9a3776abb68a170398ddaa8963-test-ipaas-bucket",
            "lifecycle_rule": [],
            "logging": [],
            "object_lock_configuration": [],
            "object_lock_enabled": false,
            "policy": "",
            "region": "eu-west-1",
            "replication_configuration": [],
            "request_payer": "BucketOwner",
            "server_side_encryption_configuration": [
              {
                "rule": [
                  {
                    "apply_server_side_encryption_by_default": [
                      {
                        "kms_master_key_id": "",
                        "sse_algorithm": "AES256"
                      }
                    ],
                    "bucket_key_enabled": false
                  }
                ]
              }
            ],
            "tags": {
              "git_commit": "6dad2010382f0d082b3b9599a3ff02ea251c0089",
              "git_file": "tests/terraform/main.tf",
              "git_last_modified_at": "2023-11-23 12:15:43",
              "git_last_modified_by": "steven.soutar@kingfisher.com",
              "git_modifiers": "steven.soutar",
              "git_org": "Bodsda",
              "git_repo": "lambda",
              "ipaas_transfer_enabled": "read",
              "yor_name": "test_buckets",
              "yor_trace": "8e461766-a84c-408b-93c8-64b2c855e817"
            },
            "tags_all": {
              "git_commit": "6dad2010382f0d082b3b9599a3ff02ea251c0089",
              "git_file": "tests/terraform/main.tf",
              "git_last_modified_at": "2023-11-23 12:15:43",
              "git_last_modified_by": "steven.soutar@kingfisher.com",
              "git_modifiers": "steven.soutar",
              "git_org": "Bodsda",
              "git_repo": "lambda",
              "ipaas_transfer_enabled": "read",
              "yor_name": "test_buckets",
              "yor_trace": "8e461766-a84c-408b-93c8-64b2c855e817"
            },
            "timeouts": null,
            "versioning": [
              {
                "enabled": false,
                "mfa_delete": false
              }
            ],
            "website": [],
            "website_domain": null,
            "website_endpoint": null
          },
          "sensitive_attributes": [],
          "private": "eyJlMmJmYjczMC1lY2FhLTExZTYtOGY4OC0zNDM2M2JjN2M0YzAiOnsiY3JlYXRlIjoxMjAwMDAwMDAwMDAwLCJkZWxldGUiOjM2MDAwMDAwMDAwMDAsInJlYWQiOjEyMDAwMDAwMDAwMDAsInVwZGF0ZSI6MTIwMDAwMDAwMDAwMH19",
          "dependencies": [
            "random_id.bucket_names"
          ]
        },
        {
          "index_key": 49,
          "schema_version": 0,
          "attributes": {
            "acceleration_status": "",
            "acl": null,
            "arn": "arn:aws:s3:::7b681e72bea0fdb1dbed0c37200d113b6f30955dec4d-test-ipaas-bucket",
            "bucket": "7b681e72bea0fdb1dbed0c37200d113b6f30955dec4d-test-ipaas-bucket",
            "bucket_domain_name": "7b681e72bea0fdb1dbed0c37200d113b6f30955dec4d-test-ipaas-bucket.s3.amazonaws.com",
            "bucket_prefix": "",
            "bucket_regional_domain_name": "7b681e72bea0fdb1dbed0c37200d113b6f30955dec4d-test-ipaas-bucket.s3.eu-west-1.amazonaws.com",
            "cors_rule": [],
            "force_destroy": false,
            "grant": [
              {
                "id": "ac3133221f9a6772efa7a43f0a53fb73eab15ca0636a1ed24c2d9dcba89226ca",
                "permissions": [
                  "FULL_CONTROL"
                ],
                "type": "CanonicalUser",
                "uri": ""
              }
            ],
            "hosted_zone_id": "Z1BKCTXD74EZPE",
            "id": "7b681e72bea0fdb1dbed0c37200d113b6f30955dec4d-test-ipaas-bucket",
            "lifecycle_rule": [],
            "logging": [],
            "object_lock_configuration": [],
            "object_lock_enabled": false,
            "policy": "",
            "region": "eu-west-1",
            "replication_configuration": [],
            "request_payer": "BucketOwner",
            "server_side_encryption_configuration": [
              {
                "rule": [
                  {
                    "apply_server_side_encryption_by_default": [
                      {
                        "kms_master_key_id": "",
                        "sse_algorithm": "AES256"
                      }
                    ],
                    "bucket_key_enabled": false
                  }
                ]
              }
            ],
            "tags": {
              "git_commit": "6dad2010382f0d082b3b9599a3ff02ea251c0089",
              "git_file": "tests/terraform/main.tf",
              "git_last_modified_at": "2023-11-23 12:15:43",
              "git_last_modified_by": "steven.soutar@kingfisher.com",
              "git_modifiers": "steven.soutar",
              "git_org": "Bodsda",
              "git_repo": "lambda",
              "ipaas_transfer_enabled": "read",
              "yor_name": "test_buckets",
              "yor_trace": "8e461766-a84c-408b-93c8-64b2c855e817"
            },
            "tags_all": {
              "git_commit": "6dad2010382f0d082b3b9599a3ff02ea251c0089",
              "git_file": "tests/terraform/main.tf",
              "git_last_modified_at": "2023-11-23 12:15:43",
              "git_last_modified_by": "steven.soutar@kingfisher.com",
              "git_modifiers": "steven.soutar",
              "git_org": "Bodsda",
              "git_repo": "lambda",
              "ipaas_transfer_enabled": "read",
              "yor_name": "test_buckets",
              "yor_trace": "8e461766-a84c-408b-93c8-64b2c855e817"
            },
            "timeouts": null,
            "versioning": [
              {
                "enabled": false,
                "mfa_delete": false
              }
            ],
            "website": [],
            "website_domain": null,
            "website_endpoint": null
          },
          "sensitive_attributes": [],
          "private": "eyJlMmJmYjczMC1lY2FhLTExZTYtOGY4OC0zNDM2M2JjN2M0YzAiOnsiY3JlYXRlIjoxMjAwMDAwMDAwMDAwLCJkZWxldGUiOjM2MDAwMDAwMDAwMDAsInJlYWQiOjEyMDAwMDAwMDAwMDAsInVwZGF0ZSI6MTIwMDAwMDAwMDAwMH19",
          "dependencies": [
            "random_id.bucket_names"
          ]
        },
        {
          "index_key": 50,
          "schema_version": 0,
          "attributes": {
            "acceleration_status": "",
            "acl": null,
            "arn": "arn:aws:s3:::646a76fb4e10cfcbb4cce8b02cac59c0bf00876bd762-test-ipaas-bucket",
            "bucket": "646a76fb4e10cfcbb4cce8b02cac59c0bf00876bd762-test-ipaas-bucket",
            "bucket_domain_name": "646a76fb4e10cfcbb4cce8b02cac59c0bf00876bd762-test-ipaas-bucket.s3.amazonaws.com",
            "bucket_prefix": "",
            "bucket_regional_domain_name": "646a76fb4e10cfcbb4cce8b02cac59c0bf00876bd762-test-ipaas-bucket.s3.eu-west-1.amazonaws.com",
            "cors_rule": [],
            "force_destroy": false,
            "grant": [
              {
                "id": "ac3133221f9a6772efa7a43f0a53fb73eab15ca0636a1ed24c2d9dcba89226ca",
                "permissions": [
                  "FULL_CONTROL"
                ],
                "type": "CanonicalUser",
                "uri": ""
              }
            ],
            "hosted_zone_id": "Z1BKCTXD74EZPE",
            "id": "646a76fb4e10cfcbb4cce8b02cac59c0bf00876bd762-test-ipaas-bucket",
            "lifecycle_rule": [],
            "logging": [],
            "object_lock_configuration": [],
            "object_lock_enabled": false,
            "policy": "",
            "region": "eu-west-1",
            "replication_configuration": [],
            "request_payer": "BucketOwner",
            "server_side_encryption_configuration": [
              {
                "rule": [
                  {
                    "apply_server_side_encryption_by_default": [
                      {
                        "kms_master_key_id": "",
                        "sse_algorithm": "AES256"
                      }
                    ],
                    "bucket_key_enabled": false
                  }
                ]
              }
            ],
            "tags": {
              "git_commit": "6dad2010382f0d082b3b9599a3ff02ea251c0089",
              "git_file": "tests/terraform/main.tf",
              "git_last_modified_at": "2023-11-23 12:15:43",
              "git_last_modified_by": "steven.soutar@kingfisher.com",
              "git_modifiers": "steven.soutar",
              "git_org": "Bodsda",
              "git_repo": "lambda",
              "ipaas_transfer_enabled": "read",
              "yor_name": "test_buckets",
              "yor_trace": "8e461766-a84c-408b-93c8-64b2c855e817"
            },
            "tags_all": {
              "git_commit": "6dad2010382f0d082b3b9599a3ff02ea251c0089",
              "git_file": "tests/terraform/main.tf",
              "git_last_modified_at": "2023-11-23 12:15:43",
              "git_last_modified_by": "steven.soutar@kingfisher.com",
              "git_modifiers": "steven.soutar",
              "git_org": "Bodsda",
              "git_repo": "lambda",
              "ipaas_transfer_enabled": "read",
              "yor_name": "test_buckets",
              "yor_trace": "8e461766-a84c-408b-93c8-64b2c855e817"
            },
            "timeouts": null,
            "versioning": [
              {
                "enabled": false,
                "mfa_delete": false
              }
            ],
            "website": [],
            "website_domain": null,
            "website_endpoint": null
          },
          "sensitive_attributes": [],
          "private": "eyJlMmJmYjczMC1lY2FhLTExZTYtOGY4OC0zNDM2M2JjN2M0YzAiOnsiY3JlYXRlIjoxMjAwMDAwMDAwMDAwLCJkZWxldGUiOjM2MDAwMDAwMDAwMDAsInJlYWQiOjEyMDAwMDAwMDAwMDAsInVwZGF0ZSI6MTIwMDAwMDAwMDAwMH19",
          "dependencies": [
            "random_id.bucket_names"
          ]
        },
        {
          "index_key": 51,
          "schema_version": 0,
          "attributes": {
            "acceleration_status": "",
            "acl": null,
            "arn": "arn:aws:s3:::52ee90362f66875321e6bfed7495d39545425fae63db-test-ipaas-bucket",
            "bucket": "52ee90362f66875321e6bfed7495d39545425fae63db-test-ipaas-bucket",
            "bucket_domain_name": "52ee90362f66875321e6bfed7495d39545425fae63db-test-ipaas-bucket.s3.amazonaws.com",
            "bucket_prefix": "",
            "bucket_regional_domain_name": "52ee90362f66875321e6bfed7495d39545425fae63db-test-ipaas-bucket.s3.eu-west-1.amazonaws.com",
            "cors_rule": [],
            "force_destroy": false,
            "grant": [
              {
                "id": "ac3133221f9a6772efa7a43f0a53fb73eab15ca0636a1ed24c2d9dcba89226ca",
                "permissions": [
                  "FULL_CONTROL"
                ],
                "type": "CanonicalUser",
                "uri": ""
              }
            ],
            "hosted_zone_id": "Z1BKCTXD74EZPE",
            "id": "52ee90362f66875321e6bfed7495d39545425fae63db-test-ipaas-bucket",
            "lifecycle_rule": [],
            "logging": [],
            "object_lock_configuration": [],
            "object_lock_enabled": false,
            "policy": "",
            "region": "eu-west-1",
            "replication_configuration": [],
            "request_payer": "BucketOwner",
            "server_side_encryption_configuration": [
              {
                "rule": [
                  {
                    "apply_server_side_encryption_by_default": [
                      {
                        "kms_master_key_id": "",
                        "sse_algorithm": "AES256"
                      }
                    ],
                    "bucket_key_enabled": false
                  }
                ]
              }
            ],
            "tags": {
              "git_commit": "6dad2010382f0d082b3b9599a3ff02ea251c0089",
              "git_file": "tests/terraform/main.tf",
              "git_last_modified_at": "2023-11-23 12:15:43",
              "git_last_modified_by": "steven.soutar@kingfisher.com",
              "git_modifiers": "steven.soutar",
              "git_org": "Bodsda",
              "git_repo": "lambda",
              "ipaas_transfer_enabled": "read",
              "yor_name": "test_buckets",
              "yor_trace": "8e461766-a84c-408b-93c8-64b2c855e817"
            },
            "tags_all": {
              "git_commit": "6dad2010382f0d082b3b9599a3ff02ea251c0089",
              "git_file": "tests/terraform/main.tf",
              "git_last_modified_at": "2023-11-23 12:15:43",
              "git_last_modified_by": "steven.soutar@kingfisher.com",
              "git_modifiers": "steven.soutar",
              "git_org": "Bodsda",
              "git_repo": "lambda",
              "ipaas_transfer_enabled": "read",
              "yor_name": "test_buckets",
              "yor_trace": "8e461766-a84c-408b-93c8-64b2c855e817"
            },
            "timeouts": null,
            "versioning": [
              {
                "enabled": false,
                "mfa_delete": false
              }
            ],
            "website": [],
            "website_domain": null,
            "website_endpoint": null
          },
          "sensitive_attributes": [],
          "private": "eyJlMmJmYjczMC1lY2FhLTExZTYtOGY4OC0zNDM2M2JjN2M0YzAiOnsiY3JlYXRlIjoxMjAwMDAwMDAwMDAwLCJkZWxldGUiOjM2MDAwMDAwMDAwMDAsInJlYWQiOjEyMDAwMDAwMDAwMDAsInVwZGF0ZSI6MTIwMDAwMDAwMDAwMH19",
          "dependencies": [
            "random_id.bucket_names"
          ]
        },
        {
          "index_key": 52,
          "schema_version": 0,
          "attributes": {
            "acceleration_status": "",
            "acl": null,
            "arn": "arn:aws:s3:::922ededea1ed4ed96a326f5b67b66406684d418a5cc8-test-ipaas-bucket",
            "bucket": "922ededea1ed4ed96a326f5b67b66406684d418a5cc8-test-ipaas-bucket",
            "bucket_domain_name": "922ededea1ed4ed96a326f5b67b66406684d418a5cc8-test-ipaas-bucket.s3.amazonaws.com",
            "bucket_prefix": "",
            "bucket_regional_domain_name": "922ededea1ed4ed96a326f5b67b66406684d418a5cc8-test-ipaas-bucket.s3.eu-west-1.amazonaws.com",
            "cors_rule": [],
            "force_destroy": false,
            "grant": [
              {
                "id": "ac3133221f9a6772efa7a43f0a53fb73eab15ca0636a1ed24c2d9dcba89226ca",
                "permissions": [
                  "FULL_CONTROL"
                ],
                "type": "CanonicalUser",
                "uri": ""
              }
            ],
            "hosted_zone_id": "Z1BKCTXD74EZPE",
            "id": "922ededea1ed4ed96a326f5b67b66406684d418a5cc8-test-ipaas-bucket",
            "lifecycle_rule": [],
            "logging": [],
            "object_lock_configuration": [],
            "object_lock_enabled": false,
            "policy": "",
            "region": "eu-west-1",
            "replication_configuration": [],
            "request_payer": "BucketOwner",
            "server_side_encryption_configuration": [
              {
                "rule": [
                  {
                    "apply_server_side_encryption_by_default": [
                      {
                        "kms_master_key_id": "",
                        "sse_algorithm": "AES256"
                      }
                    ],
                    "bucket_key_enabled": false
                  }
                ]
              }
            ],
            "tags": {
              "git_commit": "6dad2010382f0d082b3b9599a3ff02ea251c0089",
              "git_file": "tests/terraform/main.tf",
              "git_last_modified_at": "2023-11-23 12:15:43",
              "git_last_modified_by": "steven.soutar@kingfisher.com",
              "git_modifiers": "steven.soutar",
              "git_org": "Bodsda",
              "git_repo": "lambda",
              "ipaas_transfer_enabled": "read",
              "yor_name": "test_buckets",
              "yor_trace": "8e461766-a84c-408b-93c8-64b2c855e817"
            },
            "tags_all": {
              "git_commit": "6dad2010382f0d082b3b9599a3ff02ea251c0089",
              "git_file": "tests/terraform/main.tf",
              "git_last_modified_at": "2023-11-23 12:15:43",
              "git_last_modified_by": "steven.soutar@kingfisher.com",
              "git_modifiers": "steven.soutar",
              "git_org": "Bodsda",
              "git_repo": "lambda",
              "ipaas_transfer_enabled": "read",
              "yor_name": "test_buckets",
              "yor_trace": "8e461766-a84c-408b-93c8-64b2c855e817"
            },
            "timeouts": null,
            "versioning": [
              {
                "enabled": false,
                "mfa_delete": false
              }
            ],
            "website": [],
            "website_domain": null,
            "website_endpoint": null
          },
          "sensitive_attributes": [],
          "private": "eyJlMmJmYjczMC1lY2FhLTExZTYtOGY4OC0zNDM2M2JjN2M0YzAiOnsiY3JlYXRlIjoxMjAwMDAwMDAwMDAwLCJkZWxldGUiOjM2MDAwMDAwMDAwMDAsInJlYWQiOjEyMDAwMDAwMDAwMDAsInVwZGF0ZSI6MTIwMDAwMDAwMDAwMH19",
          "dependencies": [
            "random_id.bucket_names"
          ]
        },
        {
          "index_key": 53,
          "schema_version": 0,
          "attributes": {
            "acceleration_status": "",
            "acl": null,
            "arn": "arn:aws:s3:::8de5e91327a3cff3b35f883c73da84c8f88551aa07b0-test-ipaas-bucket",
            "bucket": "8de5e91327a3cff3b35f883c73da84c8f88551aa07b0-test-ipaas-bucket",
            "bucket_domain_name": "8de5e91327a3cff3b35f883c73da84c8f88551aa07b0-test-ipaas-bucket.s3.amazonaws.com",
            "bucket_prefix": "",
            "bucket_regional_domain_name": "8de5e91327a3cff3b35f883c73da84c8f88551aa07b0-test-ipaas-bucket.s3.eu-west-1.amazonaws.com",
            "cors_rule": [],
            "force_destroy": false,
            "grant": [
              {
                "id": "ac3133221f9a6772efa7a43f0a53fb73eab15ca0636a1ed24c2d9dcba89226ca",
                "permissions": [
                  "FULL_CONTROL"
                ],
                "type": "CanonicalUser",
                "uri": ""
              }
            ],
            "hosted_zone_id": "Z1BKCTXD74EZPE",
            "id": "8de5e91327a3cff3b35f883c73da84c8f88551aa07b0-test-ipaas-bucket",
            "lifecycle_rule": [],
            "logging": [],
            "object_lock_configuration": [],
            "object_lock_enabled": false,
            "policy": "",
            "region": "eu-west-1",
            "replication_configuration": [],
            "request_payer": "BucketOwner",
            "server_side_encryption_configuration": [
              {
                "rule": [
                  {
                    "apply_server_side_encryption_by_default": [
                      {
                        "kms_master_key_id": "",
                        "sse_algorithm": "AES256"
                      }
                    ],
                    "bucket_key_enabled": false
                  }
                ]
              }
            ],
            "tags": {
              "git_commit": "6dad2010382f0d082b3b9599a3ff02ea251c0089",
              "git_file": "tests/terraform/main.tf",
              "git_last_modified_at": "2023-11-23 12:15:43",
              "git_last_modified_by": "steven.soutar@kingfisher.com",
              "git_modifiers": "steven.soutar",
              "git_org": "Bodsda",
              "git_repo": "lambda",
              "ipaas_transfer_enabled": "read",
              "yor_name": "test_buckets",
              "yor_trace": "8e461766-a84c-408b-93c8-64b2c855e817"
            },
            "tags_all": {
              "git_commit": "6dad2010382f0d082b3b9599a3ff02ea251c0089",
              "git_file": "tests/terraform/main.tf",
              "git_last_modified_at": "2023-11-23 12:15:43",
              "git_last_modified_by": "steven.soutar@kingfisher.com",
              "git_modifiers": "steven.soutar",
              "git_org": "Bodsda",
              "git_repo": "lambda",
              "ipaas_transfer_enabled": "read",
              "yor_name": "test_buckets",
              "yor_trace": "8e461766-a84c-408b-93c8-64b2c855e817"
            },
            "timeouts": null,
            "versioning": [
              {
                "enabled": false,
                "mfa_delete": false
              }
            ],
            "website": [],
            "website_domain": null,
            "website_endpoint": null
          },
          "sensitive_attributes": [],
          "private": "eyJlMmJmYjczMC1lY2FhLTExZTYtOGY4OC0zNDM2M2JjN2M0YzAiOnsiY3JlYXRlIjoxMjAwMDAwMDAwMDAwLCJkZWxldGUiOjM2MDAwMDAwMDAwMDAsInJlYWQiOjEyMDAwMDAwMDAwMDAsInVwZGF0ZSI6MTIwMDAwMDAwMDAwMH19",
          "dependencies": [
            "random_id.bucket_names"
          ]
        },
        {
          "index_key": 54,
          "schema_version": 0,
          "attributes": {
            "acceleration_status": "",
            "acl": null,
            "arn": "arn:aws:s3:::bec236f034d7a598ee8bbbaf24ac9b9e40831723d092-test-ipaas-bucket",
            "bucket": "bec236f034d7a598ee8bbbaf24ac9b9e40831723d092-test-ipaas-bucket",
            "bucket_domain_name": "bec236f034d7a598ee8bbbaf24ac9b9e40831723d092-test-ipaas-bucket.s3.amazonaws.com",
            "bucket_prefix": "",
            "bucket_regional_domain_name": "bec236f034d7a598ee8bbbaf24ac9b9e40831723d092-test-ipaas-bucket.s3.eu-west-1.amazonaws.com",
            "cors_rule": [],
            "force_destroy": false,
            "grant": [
              {
                "id": "ac3133221f9a6772efa7a43f0a53fb73eab15ca0636a1ed24c2d9dcba89226ca",
                "permissions": [
                  "FULL_CONTROL"
                ],
                "type": "CanonicalUser",
                "uri": ""
              }
            ],
            "hosted_zone_id": "Z1BKCTXD74EZPE",
            "id": "bec236f034d7a598ee8bbbaf24ac9b9e40831723d092-test-ipaas-bucket",
            "lifecycle_rule": [],
            "logging": [],
            "object_lock_configuration": [],
            "object_lock_enabled": false,
            "policy": "",
            "region": "eu-west-1",
            "replication_configuration": [],
            "request_payer": "BucketOwner",
            "server_side_encryption_configuration": [
              {
                "rule": [
                  {
                    "apply_server_side_encryption_by_default": [
                      {
                        "kms_master_key_id": "",
                        "sse_algorithm": "AES256"
                      }
                    ],
                    "bucket_key_enabled": false
                  }
                ]
              }
            ],
            "tags": {
              "git_commit": "6dad2010382f0d082b3b9599a3ff02ea251c0089",
              "git_file": "tests/terraform/main.tf",
              "git_last_modified_at": "2023-11-23 12:15:43",
              "git_last_modified_by": "steven.soutar@kingfisher.com",
              "git_modifiers": "steven.soutar",
              "git_org": "Bodsda",
              "git_repo": "lambda",
              "ipaas_transfer_enabled": "read",
              "yor_name": "test_buckets",
              "yor_trace": "8e461766-a84c-408b-93c8-64b2c855e817"
            },
            "tags_all": {
              "git_commit": "6dad2010382f0d082b3b9599a3ff02ea251c0089",
              "git_file": "tests/terraform/main.tf",
              "git_last_modified_at": "2023-11-23 12:15:43",
              "git_last_modified_by": "steven.soutar@kingfisher.com",
              "git_modifiers": "steven.soutar",
              "git_org": "Bodsda",
              "git_repo": "lambda",
              "ipaas_transfer_enabled": "read",
              "yor_name": "test_buckets",
              "yor_trace": "8e461766-a84c-408b-93c8-64b2c855e817"
            },
            "timeouts": null,
            "versioning": [
              {
                "enabled": false,
                "mfa_delete": false
              }
            ],
            "website": [],
            "website_domain": null,
            "website_endpoint": null
          },
          "sensitive_attributes": [],
          "private": "eyJlMmJmYjczMC1lY2FhLTExZTYtOGY4OC0zNDM2M2JjN2M0YzAiOnsiY3JlYXRlIjoxMjAwMDAwMDAwMDAwLCJkZWxldGUiOjM2MDAwMDAwMDAwMDAsInJlYWQiOjEyMDAwMDAwMDAwMDAsInVwZGF0ZSI6MTIwMDAwMDAwMDAwMH19",
          "dependencies": [
            "random_id.bucket_names"
          ]
        },
        {
          "index_key": 55,
          "schema_version": 0,
          "attributes": {
            "acceleration_status": "",
            "acl": null,
            "arn": "arn:aws:s3:::31955a4545a6d06c3732215c2d5e30d41c07c31101d4-test-ipaas-bucket",
            "bucket": "31955a4545a6d06c3732215c2d5e30d41c07c31101d4-test-ipaas-bucket",
            "bucket_domain_name": "31955a4545a6d06c3732215c2d5e30d41c07c31101d4-test-ipaas-bucket.s3.amazonaws.com",
            "bucket_prefix": "",
            "bucket_regional_domain_name": "31955a4545a6d06c3732215c2d5e30d41c07c31101d4-test-ipaas-bucket.s3.eu-west-1.amazonaws.com",
            "cors_rule": [],
            "force_destroy": false,
            "grant": [
              {
                "id": "ac3133221f9a6772efa7a43f0a53fb73eab15ca0636a1ed24c2d9dcba89226ca",
                "permissions": [
                  "FULL_CONTROL"
                ],
                "type": "CanonicalUser",
                "uri": ""
              }
            ],
            "hosted_zone_id": "Z1BKCTXD74EZPE",
            "id": "31955a4545a6d06c3732215c2d5e30d41c07c31101d4-test-ipaas-bucket",
            "lifecycle_rule": [],
            "logging": [],
            "object_lock_configuration": [],
            "object_lock_enabled": false,
            "policy": "",
            "region": "eu-west-1",
            "replication_configuration": [],
            "request_payer": "BucketOwner",
            "server_side_encryption_configuration": [
              {
                "rule": [
                  {
                    "apply_server_side_encryption_by_default": [
                      {
                        "kms_master_key_id": "",
                        "sse_algorithm": "AES256"
                      }
                    ],
                    "bucket_key_enabled": false
                  }
                ]
              }
            ],
            "tags": {
              "git_commit": "6dad2010382f0d082b3b9599a3ff02ea251c0089",
              "git_file": "tests/terraform/main.tf",
              "git_last_modified_at": "2023-11-23 12:15:43",
              "git_last_modified_by": "steven.soutar@kingfisher.com",
              "git_modifiers": "steven.soutar",
              "git_org": "Bodsda",
              "git_repo": "lambda",
              "ipaas_transfer_enabled": "read",
              "yor_name": "test_buckets",
              "yor_trace": "8e461766-a84c-408b-93c8-64b2c855e817"
            },
            "tags_all": {
              "git_commit": "6dad2010382f0d082b3b9599a3ff02ea251c0089",
              "git_file": "tests/terraform/main.tf",
              "git_last_modified_at": "2023-11-23 12:15:43",
              "git_last_modified_by": "steven.soutar@kingfisher.com",
              "git_modifiers": "steven.soutar",
              "git_org": "Bodsda",
              "git_repo": "lambda",
              "ipaas_transfer_enabled": "read",
              "yor_name": "test_buckets",
              "yor_trace": "8e461766-a84c-408b-93c8-64b2c855e817"
            },
            "timeouts": null,
            "versioning": [
              {
                "enabled": false,
                "mfa_delete": false
              }
            ],
            "website": [],
            "website_domain": null,
            "website_endpoint": null
          },
          "sensitive_attributes": [],
          "private": "eyJlMmJmYjczMC1lY2FhLTExZTYtOGY4OC0zNDM2M2JjN2M0YzAiOnsiY3JlYXRlIjoxMjAwMDAwMDAwMDAwLCJkZWxldGUiOjM2MDAwMDAwMDAwMDAsInJlYWQiOjEyMDAwMDAwMDAwMDAsInVwZGF0ZSI6MTIwMDAwMDAwMDAwMH19",
          "dependencies": [
            "random_id.bucket_names"
          ]
        },
        {
          "index_key": 56,
          "schema_version": 0,
          "attributes": {
            "acceleration_status": "",
            "acl": null,
            "arn": "arn:aws:s3:::bcd03cded73a0fe468af0c1fcdb2b2094d00531682ad-test-ipaas-bucket",
            "bucket": "bcd03cded73a0fe468af0c1fcdb2b2094d00531682ad-test-ipaas-bucket",
            "bucket_domain_name": "bcd03cded73a0fe468af0c1fcdb2b2094d00531682ad-test-ipaas-bucket.s3.amazonaws.com",
            "bucket_prefix": "",
            "bucket_regional_domain_name": "bcd03cded73a0fe468af0c1fcdb2b2094d00531682ad-test-ipaas-bucket.s3.eu-west-1.amazonaws.com",
            "cors_rule": [],
            "force_destroy": false,
            "grant": [
              {
                "id": "ac3133221f9a6772efa7a43f0a53fb73eab15ca0636a1ed24c2d9dcba89226ca",
                "permissions": [
                  "FULL_CONTROL"
                ],
                "type": "CanonicalUser",
                "uri": ""
              }
            ],
            "hosted_zone_id": "Z1BKCTXD74EZPE",
            "id": "bcd03cded73a0fe468af0c1fcdb2b2094d00531682ad-test-ipaas-bucket",
            "lifecycle_rule": [],
            "logging": [],
            "object_lock_configuration": [],
            "object_lock_enabled": false,
            "policy": "",
            "region": "eu-west-1",
            "replication_configuration": [],
            "request_payer": "BucketOwner",
            "server_side_encryption_configuration": [
              {
                "rule": [
                  {
                    "apply_server_side_encryption_by_default": [
                      {
                        "kms_master_key_id": "",
                        "sse_algorithm": "AES256"
                      }
                    ],
                    "bucket_key_enabled": false
                  }
                ]
              }
            ],
            "tags": {
              "git_commit": "6dad2010382f0d082b3b9599a3ff02ea251c0089",
              "git_file": "tests/terraform/main.tf",
              "git_last_modified_at": "2023-11-23 12:15:43",
              "git_last_modified_by": "steven.soutar@kingfisher.com",
              "git_modifiers": "steven.soutar",
              "git_org": "Bodsda",
              "git_repo": "lambda",
              "ipaas_transfer_enabled": "read",
              "yor_name": "test_buckets",
              "yor_trace": "8e461766-a84c-408b-93c8-64b2c855e817"
            },
            "tags_all": {
              "git_commit": "6dad2010382f0d082b3b9599a3ff02ea251c0089",
              "git_file": "tests/terraform/main.tf",
              "git_last_modified_at": "2023-11-23 12:15:43",
              "git_last_modified_by": "steven.soutar@kingfisher.com",
              "git_modifiers": "steven.soutar",
              "git_org": "Bodsda",
              "git_repo": "lambda",
              "ipaas_transfer_enabled": "read",
              "yor_name": "test_buckets",
              "yor_trace": "8e461766-a84c-408b-93c8-64b2c855e817"
            },
            "timeouts": null,
            "versioning": [
              {
                "enabled": false,
                "mfa_delete": false
              }
            ],
            "website": [],
            "website_domain": null,
            "website_endpoint": null
          },
          "sensitive_attributes": [],
          "private": "eyJlMmJmYjczMC1lY2FhLTExZTYtOGY4OC0zNDM2M2JjN2M0YzAiOnsiY3JlYXRlIjoxMjAwMDAwMDAwMDAwLCJkZWxldGUiOjM2MDAwMDAwMDAwMDAsInJlYWQiOjEyMDAwMDAwMDAwMDAsInVwZGF0ZSI6MTIwMDAwMDAwMDAwMH19",
          "dependencies": [
            "random_id.bucket_names"
          ]
        },
        {
          "index_key": 57,
          "schema_version": 0,
          "attributes": {
            "acceleration_status": "",
            "acl": null,
            "arn": "arn:aws:s3:::6568c98edbb6a5c83987a085e42ed531d2b99331bc5e-test-ipaas-bucket",
            "bucket": "6568c98edbb6a5c83987a085e42ed531d2b99331bc5e-test-ipaas-bucket",
            "bucket_domain_name": "6568c98edbb6a5c83987a085e42ed531d2b99331bc5e-test-ipaas-bucket.s3.amazonaws.com",
            "bucket_prefix": "",
            "bucket_regional_domain_name": "6568c98edbb6a5c83987a085e42ed531d2b99331bc5e-test-ipaas-bucket.s3.eu-west-1.amazonaws.com",
            "cors_rule": [],
            "force_destroy": false,
            "grant": [
              {
                "id": "ac3133221f9a6772efa7a43f0a53fb73eab15ca0636a1ed24c2d9dcba89226ca",
                "permissions": [
                  "FULL_CONTROL"
                ],
                "type": "CanonicalUser",
                "uri": ""
              }
            ],
            "hosted_zone_id": "Z1BKCTXD74EZPE",
            "id": "6568c98edbb6a5c83987a085e42ed531d2b99331bc5e-test-ipaas-bucket",
            "lifecycle_rule": [],
            "logging": [],
            "object_lock_configuration": [],
            "object_lock_enabled": false,
            "policy": "",
            "region": "eu-west-1",
            "replication_configuration": [],
            "request_payer": "BucketOwner",
            "server_side_encryption_configuration": [
              {
                "rule": [
                  {
                    "apply_server_side_encryption_by_default": [
                      {
                        "kms_master_key_id": "",
                        "sse_algorithm": "AES256"
                      }
                    ],
                    "bucket_key_enabled": false
                  }
                ]
              }
            ],
            "tags": {
              "git_commit": "6dad2010382f0d082b3b9599a3ff02ea251c0089",
              "git_file": "tests/terraform/main.tf",
              "git_last_modified_at": "2023-11-23 12:15:43",
              "git_last_modified_by": "steven.soutar@kingfisher.com",
              "git_modifiers": "steven.soutar",
              "git_org": "Bodsda",
              "git_repo": "lambda",
              "ipaas_transfer_enabled": "read",
              "yor_name": "test_buckets",
              "yor_trace": "8e461766-a84c-408b-93c8-64b2c855e817"
            },
            "tags_all": {
              "git_commit": "6dad2010382f0d082b3b9599a3ff02ea251c0089",
              "git_file": "tests/terraform/main.tf",
              "git_last_modified_at": "2023-11-23 12:15:43",
              "git_last_modified_by": "steven.soutar@kingfisher.com",
              "git_modifiers": "steven.soutar",
              "git_org": "Bodsda",
              "git_repo": "lambda",
              "ipaas_transfer_enabled": "read",
              "yor_name": "test_buckets",
              "yor_trace": "8e461766-a84c-408b-93c8-64b2c855e817"
            },
            "timeouts": null,
            "versioning": [
              {
                "enabled": false,
                "mfa_delete": false
              }
            ],
            "website": [],
            "website_domain": null,
            "website_endpoint": null
          },
          "sensitive_attributes": [],
          "private": "eyJlMmJmYjczMC1lY2FhLTExZTYtOGY4OC0zNDM2M2JjN2M0YzAiOnsiY3JlYXRlIjoxMjAwMDAwMDAwMDAwLCJkZWxldGUiOjM2MDAwMDAwMDAwMDAsInJlYWQiOjEyMDAwMDAwMDAwMDAsInVwZGF0ZSI6MTIwMDAwMDAwMDAwMH19",
          "dependencies": [
            "random_id.bucket_names"
          ]
        },
        {
          "index_key": 58,
          "schema_version": 0,
          "attributes": {
            "acceleration_status": "",
            "acl": null,
            "arn": "arn:aws:s3:::8056bf11bfa835c3ce26f27fa69b049271f6f06eca08-test-ipaas-bucket",
            "bucket": "8056bf11bfa835c3ce26f27fa69b049271f6f06eca08-test-ipaas-bucket",
            "bucket_domain_name": "8056bf11bfa835c3ce26f27fa69b049271f6f06eca08-test-ipaas-bucket.s3.amazonaws.com",
            "bucket_prefix": "",
            "bucket_regional_domain_name": "8056bf11bfa835c3ce26f27fa69b049271f6f06eca08-test-ipaas-bucket.s3.eu-west-1.amazonaws.com",
            "cors_rule": [],
            "force_destroy": false,
            "grant": [
              {
                "id": "ac3133221f9a6772efa7a43f0a53fb73eab15ca0636a1ed24c2d9dcba89226ca",
                "permissions": [
                  "FULL_CONTROL"
                ],
                "type": "CanonicalUser",
                "uri": ""
              }
            ],
            "hosted_zone_id": "Z1BKCTXD74EZPE",
            "id": "8056bf11bfa835c3ce26f27fa69b049271f6f06eca08-test-ipaas-bucket",
            "lifecycle_rule": [],
            "logging": [],
            "object_lock_configuration": [],
            "object_lock_enabled": false,
            "policy": "",
            "region": "eu-west-1",
            "replication_configuration": [],
            "request_payer": "BucketOwner",
            "server_side_encryption_configuration": [
              {
                "rule": [
                  {
                    "apply_server_side_encryption_by_default": [
                      {
                        "kms_master_key_id": "",
                        "sse_algorithm": "AES256"
                      }
                    ],
                    "bucket_key_enabled": false
                  }
                ]
              }
            ],
            "tags": {
              "git_commit": "6dad2010382f0d082b3b9599a3ff02ea251c0089",
              "git_file": "tests/terraform/main.tf",
              "git_last_modified_at": "2023-11-23 12:15:43",
              "git_last_modified_by": "steven.soutar@kingfisher.com",
              "git_modifiers": "steven.soutar",
              "git_org": "Bodsda",
              "git_repo": "lambda",
              "ipaas_transfer_enabled": "read",
              "yor_name": "test_buckets",
              "yor_trace": "8e461766-a84c-408b-93c8-64b2c855e817"
            },
            "tags_all": {
              "git_commit": "6dad2010382f0d082b3b9599a3ff02ea251c0089",
              "git_file": "tests/terraform/main.tf",
              "git_last_modified_at": "2023-11-23 12:15:43",
              "git_last_modified_by": "steven.soutar@kingfisher.com",
              "git_modifiers": "steven.soutar",
              "git_org": "Bodsda",
              "git_repo": "lambda",
              "ipaas_transfer_enabled": "read",
              "yor_name": "test_buckets",
              "yor_trace": "8e461766-a84c-408b-93c8-64b2c855e817"
            },
            "timeouts": null,
            "versioning": [
              {
                "enabled": false,
                "mfa_delete": false
              }
            ],
            "website": [],
            "website_domain": null,
            "website_endpoint": null
          },
          "sensitive_attributes": [],
          "private": "eyJlMmJmYjczMC1lY2FhLTExZTYtOGY4OC0zNDM2M2JjN2M0YzAiOnsiY3JlYXRlIjoxMjAwMDAwMDAwMDAwLCJkZWxldGUiOjM2MDAwMDAwMDAwMDAsInJlYWQiOjEyMDAwMDAwMDAwMDAsInVwZGF0ZSI6MTIwMDAwMDAwMDAwMH19",
          "dependencies": [
            "random_id.bucket_names"
          ]
        },
        {
          "index_key": 59,
          "schema_version": 0,
          "attributes": {
            "acceleration_status": "",
            "acl": null,
            "arn": "arn:aws:s3:::9bf07370018ef1da550c89d9cdae6554f91483e187db-test-ipaas-bucket",
            "bucket": "9bf07370018ef1da550c89d9cdae6554f91483e187db-test-ipaas-bucket",
            "bucket_domain_name": "9bf07370018ef1da550c89d9cdae6554f91483e187db-test-ipaas-bucket.s3.amazonaws.com",
            "bucket_prefix": "",
            "bucket_regional_domain_name": "9bf07370018ef1da550c89d9cdae6554f91483e187db-test-ipaas-bucket.s3.eu-west-1.amazonaws.com",
            "cors_rule": [],
            "force_destroy": false,
            "grant": [
              {
                "id": "ac3133221f9a6772efa7a43f0a53fb73eab15ca0636a1ed24c2d9dcba89226ca",
                "permissions": [
                  "FULL_CONTROL"
                ],
                "type": "CanonicalUser",
                "uri": ""
              }
            ],
            "hosted_zone_id": "Z1BKCTXD74EZPE",
            "id": "9bf07370018ef1da550c89d9cdae6554f91483e187db-test-ipaas-bucket",
            "lifecycle_rule": [],
            "logging": [],
            "object_lock_configuration": [],
            "object_lock_enabled": false,
            "policy": "",
            "region": "eu-west-1",
            "replication_configuration": [],
            "request_payer": "BucketOwner",
            "server_side_encryption_configuration": [
              {
                "rule": [
                  {
                    "apply_server_side_encryption_by_default": [
                      {
                        "kms_master_key_id": "",
                        "sse_algorithm": "AES256"
                      }
                    ],
                    "bucket_key_enabled": false
                  }
                ]
              }
            ],
            "tags": {
              "git_commit": "6dad2010382f0d082b3b9599a3ff02ea251c0089",
              "git_file": "tests/terraform/main.tf",
              "git_last_modified_at": "2023-11-23 12:15:43",
              "git_last_modified_by": "steven.soutar@kingfisher.com",
              "git_modifiers": "steven.soutar",
              "git_org": "Bodsda",
              "git_repo": "lambda",
              "ipaas_transfer_enabled": "read",
              "yor_name": "test_buckets",
              "yor_trace": "8e461766-a84c-408b-93c8-64b2c855e817"
            },
            "tags_all": {
              "git_commit": "6dad2010382f0d082b3b9599a3ff02ea251c0089",
              "git_file": "tests/terraform/main.tf",
              "git_last_modified_at": "2023-11-23 12:15:43",
              "git_last_modified_by": "steven.soutar@kingfisher.com",
              "git_modifiers": "steven.soutar",
              "git_org": "Bodsda",
              "git_repo": "lambda",
              "ipaas_transfer_enabled": "read",
              "yor_name": "test_buckets",
              "yor_trace": "8e461766-a84c-408b-93c8-64b2c855e817"
            },
            "timeouts": null,
            "versioning": [
              {
                "enabled": false,
                "mfa_delete": false
              }
            ],
            "website": [],
            "website_domain": null,
            "website_endpoint": null
          },
          "sensitive_attributes": [],
          "private": "eyJlMmJmYjczMC1lY2FhLTExZTYtOGY4OC0zNDM2M2JjN2M0YzAiOnsiY3JlYXRlIjoxMjAwMDAwMDAwMDAwLCJkZWxldGUiOjM2MDAwMDAwMDAwMDAsInJlYWQiOjEyMDAwMDAwMDAwMDAsInVwZGF0ZSI6MTIwMDAwMDAwMDAwMH19",
          "dependencies": [
            "random_id.bucket_names"
          ]
        },
        {
          "index_key": 60,
          "schema_version": 0,
          "attributes": {
            "acceleration_status": "",
            "acl": null,
            "arn": "arn:aws:s3:::e4bb178250a78687459223e441ad323f8bb9f57d4b7a-test-ipaas-bucket",
            "bucket": "e4bb178250a78687459223e441ad323f8bb9f57d4b7a-test-ipaas-bucket",
            "bucket_domain_name": "e4bb178250a78687459223e441ad323f8bb9f57d4b7a-test-ipaas-bucket.s3.amazonaws.com",
            "bucket_prefix": "",
            "bucket_regional_domain_name": "e4bb178250a78687459223e441ad323f8bb9f57d4b7a-test-ipaas-bucket.s3.eu-west-1.amazonaws.com",
            "cors_rule": [],
            "force_destroy": false,
            "grant": [
              {
                "id": "ac3133221f9a6772efa7a43f0a53fb73eab15ca0636a1ed24c2d9dcba89226ca",
                "permissions": [
                  "FULL_CONTROL"
                ],
                "type": "CanonicalUser",
                "uri": ""
              }
            ],
            "hosted_zone_id": "Z1BKCTXD74EZPE",
            "id": "e4bb178250a78687459223e441ad323f8bb9f57d4b7a-test-ipaas-bucket",
            "lifecycle_rule": [],
            "logging": [],
            "object_lock_configuration": [],
            "object_lock_enabled": false,
            "policy": "",
            "region": "eu-west-1",
            "replication_configuration": [],
            "request_payer": "BucketOwner",
            "server_side_encryption_configuration": [
              {
                "rule": [
                  {
                    "apply_server_side_encryption_by_default": [
                      {
                        "kms_master_key_id": "",
                        "sse_algorithm": "AES256"
                      }
                    ],
                    "bucket_key_enabled": false
                  }
                ]
              }
            ],
            "tags": {
              "git_commit": "6dad2010382f0d082b3b9599a3ff02ea251c0089",
              "git_file": "tests/terraform/main.tf",
              "git_last_modified_at": "2023-11-23 12:15:43",
              "git_last_modified_by": "steven.soutar@kingfisher.com",
              "git_modifiers": "steven.soutar",
              "git_org": "Bodsda",
              "git_repo": "lambda",
              "ipaas_transfer_enabled": "read",
              "yor_name": "test_buckets",
              "yor_trace": "8e461766-a84c-408b-93c8-64b2c855e817"
            },
            "tags_all": {
              "git_commit": "6dad2010382f0d082b3b9599a3ff02ea251c0089",
              "git_file": "tests/terraform/main.tf",
              "git_last_modified_at": "2023-11-23 12:15:43",
              "git_last_modified_by": "steven.soutar@kingfisher.com",
              "git_modifiers": "steven.soutar",
              "git_org": "Bodsda",
              "git_repo": "lambda",
              "ipaas_transfer_enabled": "read",
              "yor_name": "test_buckets",
              "yor_trace": "8e461766-a84c-408b-93c8-64b2c855e817"
            },
            "timeouts": null,
            "versioning": [
              {
                "enabled": false,
                "mfa_delete": false
              }
            ],
            "website": [],
            "website_domain": null,
            "website_endpoint": null
          },
          "sensitive_attributes": [],
          "private": "eyJlMmJmYjczMC1lY2FhLTExZTYtOGY4OC0zNDM2M2JjN2M0YzAiOnsiY3JlYXRlIjoxMjAwMDAwMDAwMDAwLCJkZWxldGUiOjM2MDAwMDAwMDAwMDAsInJlYWQiOjEyMDAwMDAwMDAwMDAsInVwZGF0ZSI6MTIwMDAwMDAwMDAwMH19",
          "dependencies": [
            "random_id.bucket_names"
          ]
        },
        {
          "index_key": 61,
          "schema_version": 0,
          "attributes": {
            "acceleration_status": "",
            "acl": null,
            "arn": "arn:aws:s3:::69b1bfc0ada600f9b0f77ad391b10ea4fabea88b7053-test-ipaas-bucket",
            "bucket": "69b1bfc0ada600f9b0f77ad391b10ea4fabea88b7053-test-ipaas-bucket",
            "bucket_domain_name": "69b1bfc0ada600f9b0f77ad391b10ea4fabea88b7053-test-ipaas-bucket.s3.amazonaws.com",
            "bucket_prefix": "",
            "bucket_regional_domain_name": "69b1bfc0ada600f9b0f77ad391b10ea4fabea88b7053-test-ipaas-bucket.s3.eu-west-1.amazonaws.com",
            "cors_rule": [],
            "force_destroy": false,
            "grant": [
              {
                "id": "ac3133221f9a6772efa7a43f0a53fb73eab15ca0636a1ed24c2d9dcba89226ca",
                "permissions": [
                  "FULL_CONTROL"
                ],
                "type": "CanonicalUser",
                "uri": ""
              }
            ],
            "hosted_zone_id": "Z1BKCTXD74EZPE",
            "id": "69b1bfc0ada600f9b0f77ad391b10ea4fabea88b7053-test-ipaas-bucket",
            "lifecycle_rule": [],
            "logging": [],
            "object_lock_configuration": [],
            "object_lock_enabled": false,
            "policy": "",
            "region": "eu-west-1",
            "replication_configuration": [],
            "request_payer": "BucketOwner",
            "server_side_encryption_configuration": [
              {
                "rule": [
                  {
                    "apply_server_side_encryption_by_default": [
                      {
                        "kms_master_key_id": "",
                        "sse_algorithm": "AES256"
                      }
                    ],
                    "bucket_key_enabled": false
                  }
                ]
              }
            ],
            "tags": {
              "git_commit": "6dad2010382f0d082b3b9599a3ff02ea251c0089",
              "git_file": "tests/terraform/main.tf",
              "git_last_modified_at": "2023-11-23 12:15:43",
              "git_last_modified_by": "steven.soutar@kingfisher.com",
              "git_modifiers": "steven.soutar",
              "git_org": "Bodsda",
              "git_repo": "lambda",
              "ipaas_transfer_enabled": "read",
              "yor_name": "test_buckets",
              "yor_trace": "8e461766-a84c-408b-93c8-64b2c855e817"
            },
            "tags_all": {
              "git_commit": "6dad2010382f0d082b3b9599a3ff02ea251c0089",
              "git_file": "tests/terraform/main.tf",
              "git_last_modified_at": "2023-11-23 12:15:43",
              "git_last_modified_by": "steven.soutar@kingfisher.com",
              "git_modifiers": "steven.soutar",
              "git_org": "Bodsda",
              "git_repo": "lambda",
              "ipaas_transfer_enabled": "read",
              "yor_name": "test_buckets",
              "yor_trace": "8e461766-a84c-408b-93c8-64b2c855e817"
            },
            "timeouts": null,
            "versioning": [
              {
                "enabled": false,
                "mfa_delete": false
              }
            ],
            "website": [],
            "website_domain": null,
            "website_endpoint": null
          },
          "sensitive_attributes": [],
          "private": "eyJlMmJmYjczMC1lY2FhLTExZTYtOGY4OC0zNDM2M2JjN2M0YzAiOnsiY3JlYXRlIjoxMjAwMDAwMDAwMDAwLCJkZWxldGUiOjM2MDAwMDAwMDAwMDAsInJlYWQiOjEyMDAwMDAwMDAwMDAsInVwZGF0ZSI6MTIwMDAwMDAwMDAwMH19",
          "dependencies": [
            "random_id.bucket_names"
          ]
        },
        {
          "index_key": 62,
          "schema_version": 0,
          "attributes": {
            "acceleration_status": "",
            "acl": null,
            "arn": "arn:aws:s3:::e85dde879f50d0b69f7c5f5906ea2dfff7a5c92e0944-test-ipaas-bucket",
            "bucket": "e85dde879f50d0b69f7c5f5906ea2dfff7a5c92e0944-test-ipaas-bucket",
            "bucket_domain_name": "e85dde879f50d0b69f7c5f5906ea2dfff7a5c92e0944-test-ipaas-bucket.s3.amazonaws.com",
            "bucket_prefix": "",
            "bucket_regional_domain_name": "e85dde879f50d0b69f7c5f5906ea2dfff7a5c92e0944-test-ipaas-bucket.s3.eu-west-1.amazonaws.com",
            "cors_rule": [],
            "force_destroy": false,
            "grant": [
              {
                "id": "ac3133221f9a6772efa7a43f0a53fb73eab15ca0636a1ed24c2d9dcba89226ca",
                "permissions": [
                  "FULL_CONTROL"
                ],
                "type": "CanonicalUser",
                "uri": ""
              }
            ],
            "hosted_zone_id": "Z1BKCTXD74EZPE",
            "id": "e85dde879f50d0b69f7c5f5906ea2dfff7a5c92e0944-test-ipaas-bucket",
            "lifecycle_rule": [],
            "logging": [],
            "object_lock_configuration": [],
            "object_lock_enabled": false,
            "policy": "",
            "region": "eu-west-1",
            "replication_configuration": [],
            "request_payer": "BucketOwner",
            "server_side_encryption_configuration": [
              {
                "rule": [
                  {
                    "apply_server_side_encryption_by_default": [
                      {
                        "kms_master_key_id": "",
                        "sse_algorithm": "AES256"
                      }
                    ],
                    "bucket_key_enabled": false
                  }
                ]
              }
            ],
            "tags": {
              "git_commit": "6dad2010382f0d082b3b9599a3ff02ea251c0089",
              "git_file": "tests/terraform/main.tf",
              "git_last_modified_at": "2023-11-23 12:15:43",
              "git_last_modified_by": "steven.soutar@kingfisher.com",
              "git_modifiers": "steven.soutar",
              "git_org": "Bodsda",
              "git_repo": "lambda",
              "ipaas_transfer_enabled": "read",
              "yor_name": "test_buckets",
              "yor_trace": "8e461766-a84c-408b-93c8-64b2c855e817"
            },
            "tags_all": {
              "git_commit": "6dad2010382f0d082b3b9599a3ff02ea251c0089",
              "git_file": "tests/terraform/main.tf",
              "git_last_modified_at": "2023-11-23 12:15:43",
              "git_last_modified_by": "steven.soutar@kingfisher.com",
              "git_modifiers": "steven.soutar",
              "git_org": "Bodsda",
              "git_repo": "lambda",
              "ipaas_transfer_enabled": "read",
              "yor_name": "test_buckets",
              "yor_trace": "8e461766-a84c-408b-93c8-64b2c855e817"
            },
            "timeouts": null,
            "versioning": [
              {
                "enabled": false,
                "mfa_delete": false
              }
            ],
            "website": [],
            "website_domain": null,
            "website_endpoint": null
          },
          "sensitive_attributes": [],
          "private": "eyJlMmJmYjczMC1lY2FhLTExZTYtOGY4OC0zNDM2M2JjN2M0YzAiOnsiY3JlYXRlIjoxMjAwMDAwMDAwMDAwLCJkZWxldGUiOjM2MDAwMDAwMDAwMDAsInJlYWQiOjEyMDAwMDAwMDAwMDAsInVwZGF0ZSI6MTIwMDAwMDAwMDAwMH19",
          "dependencies": [
            "random_id.bucket_names"
          ]
        },
        {
          "index_key": 63,
          "schema_version": 0,
          "attributes": {
            "acceleration_status": "",
            "acl": null,
            "arn": "arn:aws:s3:::5489e1fe10c3d2e8b101aa892de4de7e30c693c2d157-test-ipaas-bucket",
            "bucket": "5489e1fe10c3d2e8b101aa892de4de7e30c693c2d157-test-ipaas-bucket",
            "bucket_domain_name": "5489e1fe10c3d2e8b101aa892de4de7e30c693c2d157-test-ipaas-bucket.s3.amazonaws.com",
            "bucket_prefix": "",
            "bucket_regional_domain_name": "5489e1fe10c3d2e8b101aa892de4de7e30c693c2d157-test-ipaas-bucket.s3.eu-west-1.amazonaws.com",
            "cors_rule": [],
            "force_destroy": false,
            "grant": [
              {
                "id": "ac3133221f9a6772efa7a43f0a53fb73eab15ca0636a1ed24c2d9dcba89226ca",
                "permissions": [
                  "FULL_CONTROL"
                ],
                "type": "CanonicalUser",
                "uri": ""
              }
            ],
            "hosted_zone_id": "Z1BKCTXD74EZPE",
            "id": "5489e1fe10c3d2e8b101aa892de4de7e30c693c2d157-test-ipaas-bucket",
            "lifecycle_rule": [],
            "logging": [],
            "object_lock_configuration": [],
            "object_lock_enabled": false,
            "policy": "",
            "region": "eu-west-1",
            "replication_configuration": [],
            "request_payer": "BucketOwner",
            "server_side_encryption_configuration": [
              {
                "rule": [
                  {
                    "apply_server_side_encryption_by_default": [
                      {
                        "kms_master_key_id": "",
                        "sse_algorithm": "AES256"
                      }
                    ],
                    "bucket_key_enabled": false
                  }
                ]
              }
            ],
            "tags": {
              "git_commit": "6dad2010382f0d082b3b9599a3ff02ea251c0089",
              "git_file": "tests/terraform/main.tf",
              "git_last_modified_at": "2023-11-23 12:15:43",
              "git_last_modified_by": "steven.soutar@kingfisher.com",
              "git_modifiers": "steven.soutar",
              "git_org": "Bodsda",
              "git_repo": "lambda",
              "ipaas_transfer_enabled": "read",
              "yor_name": "test_buckets",
              "yor_trace": "8e461766-a84c-408b-93c8-64b2c855e817"
            },
            "tags_all": {
              "git_commit": "6dad2010382f0d082b3b9599a3ff02ea251c0089",
              "git_file": "tests/terraform/main.tf",
              "git_last_modified_at": "2023-11-23 12:15:43",
              "git_last_modified_by": "steven.soutar@kingfisher.com",
              "git_modifiers": "steven.soutar",
              "git_org": "Bodsda",
              "git_repo": "lambda",
              "ipaas_transfer_enabled": "read",
              "yor_name": "test_buckets",
              "yor_trace": "8e461766-a84c-408b-93c8-64b2c855e817"
            },
            "timeouts": null,
            "versioning": [
              {
                "enabled": false,
                "mfa_delete": false
              }
            ],
            "website": [],
            "website_domain": null,
            "website_endpoint": null
          },
          "sensitive_attributes": [],
          "private": "eyJlMmJmYjczMC1lY2FhLTExZTYtOGY4OC0zNDM2M2JjN2M0YzAiOnsiY3JlYXRlIjoxMjAwMDAwMDAwMDAwLCJkZWxldGUiOjM2MDAwMDAwMDAwMDAsInJlYWQiOjEyMDAwMDAwMDAwMDAsInVwZGF0ZSI6MTIwMDAwMDAwMDAwMH19",
          "dependencies": [
            "random_id.bucket_names"
          ]
        },
        {
          "index_key": 64,
          "schema_version": 0,
          "attributes": {
            "acceleration_status": "",
            "acl": null,
            "arn": "arn:aws:s3:::0e14fcfd16dc0f792642ebd0f951259514f911bfb702-test-ipaas-bucket",
            "bucket": "0e14fcfd16dc0f792642ebd0f951259514f911bfb702-test-ipaas-bucket",
            "bucket_domain_name": "0e14fcfd16dc0f792642ebd0f951259514f911bfb702-test-ipaas-bucket.s3.amazonaws.com",
            "bucket_prefix": "",
            "bucket_regional_domain_name": "0e14fcfd16dc0f792642ebd0f951259514f911bfb702-test-ipaas-bucket.s3.eu-west-1.amazonaws.com",
            "cors_rule": [],
            "force_destroy": false,
            "grant": [
              {
                "id": "ac3133221f9a6772efa7a43f0a53fb73eab15ca0636a1ed24c2d9dcba89226ca",
                "permissions": [
                  "FULL_CONTROL"
                ],
                "type": "CanonicalUser",
                "uri": ""
              }
            ],
            "hosted_zone_id": "Z1BKCTXD74EZPE",
            "id": "0e14fcfd16dc0f792642ebd0f951259514f911bfb702-test-ipaas-bucket",
            "lifecycle_rule": [],
            "logging": [],
            "object_lock_configuration": [],
            "object_lock_enabled": false,
            "policy": "",
            "region": "eu-west-1",
            "replication_configuration": [],
            "request_payer": "BucketOwner",
            "server_side_encryption_configuration": [
              {
                "rule": [
                  {
                    "apply_server_side_encryption_by_default": [
                      {
                        "kms_master_key_id": "",
                        "sse_algorithm": "AES256"
                      }
                    ],
                    "bucket_key_enabled": false
                  }
                ]
              }
            ],
            "tags": {
              "git_commit": "6dad2010382f0d082b3b9599a3ff02ea251c0089",
              "git_file": "tests/terraform/main.tf",
              "git_last_modified_at": "2023-11-23 12:15:43",
              "git_last_modified_by": "steven.soutar@kingfisher.com",
              "git_modifiers": "steven.soutar",
              "git_org": "Bodsda",
              "git_repo": "lambda",
              "ipaas_transfer_enabled": "read",
              "yor_name": "test_buckets",
              "yor_trace": "8e461766-a84c-408b-93c8-64b2c855e817"
            },
            "tags_all": {
              "git_commit": "6dad2010382f0d082b3b9599a3ff02ea251c0089",
              "git_file": "tests/terraform/main.tf",
              "git_last_modified_at": "2023-11-23 12:15:43",
              "git_last_modified_by": "steven.soutar@kingfisher.com",
              "git_modifiers": "steven.soutar",
              "git_org": "Bodsda",
              "git_repo": "lambda",
              "ipaas_transfer_enabled": "read",
              "yor_name": "test_buckets",
              "yor_trace": "8e461766-a84c-408b-93c8-64b2c855e817"
            },
            "timeouts": null,
            "versioning": [
              {
                "enabled": false,
                "mfa_delete": false
              }
            ],
            "website": [],
            "website_domain": null,
            "website_endpoint": null
          },
          "sensitive_attributes": [],
          "private": "eyJlMmJmYjczMC1lY2FhLTExZTYtOGY4OC0zNDM2M2JjN2M0YzAiOnsiY3JlYXRlIjoxMjAwMDAwMDAwMDAwLCJkZWxldGUiOjM2MDAwMDAwMDAwMDAsInJlYWQiOjEyMDAwMDAwMDAwMDAsInVwZGF0ZSI6MTIwMDAwMDAwMDAwMH19",
          "dependencies": [
            "random_id.bucket_names"
          ]
        },
        {
          "index_key": 65,
          "schema_version": 0,
          "attributes": {
            "acceleration_status": "",
            "acl": null,
            "arn": "arn:aws:s3:::20d49a4c8ff965c56feda2f73e081e4b7572aa391abd-test-ipaas-bucket",
            "bucket": "20d49a4c8ff965c56feda2f73e081e4b7572aa391abd-test-ipaas-bucket",
            "bucket_domain_name": "20d49a4c8ff965c56feda2f73e081e4b7572aa391abd-test-ipaas-bucket.s3.amazonaws.com",
            "bucket_prefix": "",
            "bucket_regional_domain_name": "20d49a4c8ff965c56feda2f73e081e4b7572aa391abd-test-ipaas-bucket.s3.eu-west-1.amazonaws.com",
            "cors_rule": [],
            "force_destroy": false,
            "grant": [
              {
                "id": "ac3133221f9a6772efa7a43f0a53fb73eab15ca0636a1ed24c2d9dcba89226ca",
                "permissions": [
                  "FULL_CONTROL"
                ],
                "type": "CanonicalUser",
                "uri": ""
              }
            ],
            "hosted_zone_id": "Z1BKCTXD74EZPE",
            "id": "20d49a4c8ff965c56feda2f73e081e4b7572aa391abd-test-ipaas-bucket",
            "lifecycle_rule": [],
            "logging": [],
            "object_lock_configuration": [],
            "object_lock_enabled": false,
            "policy": "",
            "region": "eu-west-1",
            "replication_configuration": [],
            "request_payer": "BucketOwner",
            "server_side_encryption_configuration": [
              {
                "rule": [
                  {
                    "apply_server_side_encryption_by_default": [
                      {
                        "kms_master_key_id": "",
                        "sse_algorithm": "AES256"
                      }
                    ],
                    "bucket_key_enabled": false
                  }
                ]
              }
            ],
            "tags": {
              "git_commit": "6dad2010382f0d082b3b9599a3ff02ea251c0089",
              "git_file": "tests/terraform/main.tf",
              "git_last_modified_at": "2023-11-23 12:15:43",
              "git_last_modified_by": "steven.soutar@kingfisher.com",
              "git_modifiers": "steven.soutar",
              "git_org": "Bodsda",
              "git_repo": "lambda",
              "ipaas_transfer_enabled": "read",
              "yor_name": "test_buckets",
              "yor_trace": "8e461766-a84c-408b-93c8-64b2c855e817"
            },
            "tags_all": {
              "git_commit": "6dad2010382f0d082b3b9599a3ff02ea251c0089",
              "git_file": "tests/terraform/main.tf",
              "git_last_modified_at": "2023-11-23 12:15:43",
              "git_last_modified_by": "steven.soutar@kingfisher.com",
              "git_modifiers": "steven.soutar",
              "git_org": "Bodsda",
              "git_repo": "lambda",
              "ipaas_transfer_enabled": "read",
              "yor_name": "test_buckets",
              "yor_trace": "8e461766-a84c-408b-93c8-64b2c855e817"
            },
            "timeouts": null,
            "versioning": [
              {
                "enabled": false,
                "mfa_delete": false
              }
            ],
            "website": [],
            "website_domain": null,
            "website_endpoint": null
          },
          "sensitive_attributes": [],
          "private": "eyJlMmJmYjczMC1lY2FhLTExZTYtOGY4OC0zNDM2M2JjN2M0YzAiOnsiY3JlYXRlIjoxMjAwMDAwMDAwMDAwLCJkZWxldGUiOjM2MDAwMDAwMDAwMDAsInJlYWQiOjEyMDAwMDAwMDAwMDAsInVwZGF0ZSI6MTIwMDAwMDAwMDAwMH19",
          "dependencies": [
            "random_id.bucket_names"
          ]
        },
        {
          "index_key": 66,
          "schema_version": 0,
          "attributes": {
            "acceleration_status": "",
            "acl": null,
            "arn": "arn:aws:s3:::e845d1519acc9f404cba3982d9a6777fa116a7f440e6-test-ipaas-bucket",
            "bucket": "e845d1519acc9f404cba3982d9a6777fa116a7f440e6-test-ipaas-bucket",
            "bucket_domain_name": "e845d1519acc9f404cba3982d9a6777fa116a7f440e6-test-ipaas-bucket.s3.amazonaws.com",
            "bucket_prefix": "",
            "bucket_regional_domain_name": "e845d1519acc9f404cba3982d9a6777fa116a7f440e6-test-ipaas-bucket.s3.eu-west-1.amazonaws.com",
            "cors_rule": [],
            "force_destroy": false,
            "grant": [
              {
                "id": "ac3133221f9a6772efa7a43f0a53fb73eab15ca0636a1ed24c2d9dcba89226ca",
                "permissions": [
                  "FULL_CONTROL"
                ],
                "type": "CanonicalUser",
                "uri": ""
              }
            ],
            "hosted_zone_id": "Z1BKCTXD74EZPE",
            "id": "e845d1519acc9f404cba3982d9a6777fa116a7f440e6-test-ipaas-bucket",
            "lifecycle_rule": [],
            "logging": [],
            "object_lock_configuration": [],
            "object_lock_enabled": false,
            "policy": "",
            "region": "eu-west-1",
            "replication_configuration": [],
            "request_payer": "BucketOwner",
            "server_side_encryption_configuration": [
              {
                "rule": [
                  {
                    "apply_server_side_encryption_by_default": [
                      {
                        "kms_master_key_id": "",
                        "sse_algorithm": "AES256"
                      }
                    ],
                    "bucket_key_enabled": false
                  }
                ]
              }
            ],
            "tags": {
              "git_commit": "6dad2010382f0d082b3b9599a3ff02ea251c0089",
              "git_file": "tests/terraform/main.tf",
              "git_last_modified_at": "2023-11-23 12:15:43",
              "git_last_modified_by": "steven.soutar@kingfisher.com",
              "git_modifiers": "steven.soutar",
              "git_org": "Bodsda",
              "git_repo": "lambda",
              "ipaas_transfer_enabled": "read",
              "yor_name": "test_buckets",
              "yor_trace": "8e461766-a84c-408b-93c8-64b2c855e817"
            },
            "tags_all": {
              "git_commit": "6dad2010382f0d082b3b9599a3ff02ea251c0089",
              "git_file": "tests/terraform/main.tf",
              "git_last_modified_at": "2023-11-23 12:15:43",
              "git_last_modified_by": "steven.soutar@kingfisher.com",
              "git_modifiers": "steven.soutar",
              "git_org": "Bodsda",
              "git_repo": "lambda",
              "ipaas_transfer_enabled": "read",
              "yor_name": "test_buckets",
              "yor_trace": "8e461766-a84c-408b-93c8-64b2c855e817"
            },
            "timeouts": null,
            "versioning": [
              {
                "enabled": false,
                "mfa_delete": false
              }
            ],
            "website": [],
            "website_domain": null,
            "website_endpoint": null
          },
          "sensitive_attributes": [],
          "private": "eyJlMmJmYjczMC1lY2FhLTExZTYtOGY4OC0zNDM2M2JjN2M0YzAiOnsiY3JlYXRlIjoxMjAwMDAwMDAwMDAwLCJkZWxldGUiOjM2MDAwMDAwMDAwMDAsInJlYWQiOjEyMDAwMDAwMDAwMDAsInVwZGF0ZSI6MTIwMDAwMDAwMDAwMH19",
          "dependencies": [
            "random_id.bucket_names"
          ]
        },
        {
          "index_key": 67,
          "schema_version": 0,
          "attributes": {
            "acceleration_status": "",
            "acl": null,
            "arn": "arn:aws:s3:::52c2556afcb1a9d06d3305124763b40573d025c9963b-test-ipaas-bucket",
            "bucket": "52c2556afcb1a9d06d3305124763b40573d025c9963b-test-ipaas-bucket",
            "bucket_domain_name": "52c2556afcb1a9d06d3305124763b40573d025c9963b-test-ipaas-bucket.s3.amazonaws.com",
            "bucket_prefix": "",
            "bucket_regional_domain_name": "52c2556afcb1a9d06d3305124763b40573d025c9963b-test-ipaas-bucket.s3.eu-west-1.amazonaws.com",
            "cors_rule": [],
            "force_destroy": false,
            "grant": [
              {
                "id": "ac3133221f9a6772efa7a43f0a53fb73eab15ca0636a1ed24c2d9dcba89226ca",
                "permissions": [
                  "FULL_CONTROL"
                ],
                "type": "CanonicalUser",
                "uri": ""
              }
            ],
            "hosted_zone_id": "Z1BKCTXD74EZPE",
            "id": "52c2556afcb1a9d06d3305124763b40573d025c9963b-test-ipaas-bucket",
            "lifecycle_rule": [],
            "logging": [],
            "object_lock_configuration": [],
            "object_lock_enabled": false,
            "policy": "",
            "region": "eu-west-1",
            "replication_configuration": [],
            "request_payer": "BucketOwner",
            "server_side_encryption_configuration": [
              {
                "rule": [
                  {
                    "apply_server_side_encryption_by_default": [
                      {
                        "kms_master_key_id": "",
                        "sse_algorithm": "AES256"
                      }
                    ],
                    "bucket_key_enabled": false
                  }
                ]
              }
            ],
            "tags": {
              "git_commit": "6dad2010382f0d082b3b9599a3ff02ea251c0089",
              "git_file": "tests/terraform/main.tf",
              "git_last_modified_at": "2023-11-23 12:15:43",
              "git_last_modified_by": "steven.soutar@kingfisher.com",
              "git_modifiers": "steven.soutar",
              "git_org": "Bodsda",
              "git_repo": "lambda",
              "ipaas_transfer_enabled": "read",
              "yor_name": "test_buckets",
              "yor_trace": "8e461766-a84c-408b-93c8-64b2c855e817"
            },
            "tags_all": {
              "git_commit": "6dad2010382f0d082b3b9599a3ff02ea251c0089",
              "git_file": "tests/terraform/main.tf",
              "git_last_modified_at": "2023-11-23 12:15:43",
              "git_last_modified_by": "steven.soutar@kingfisher.com",
              "git_modifiers": "steven.soutar",
              "git_org": "Bodsda",
              "git_repo": "lambda",
              "ipaas_transfer_enabled": "read",
              "yor_name": "test_buckets",
              "yor_trace": "8e461766-a84c-408b-93c8-64b2c855e817"
            },
            "timeouts": null,
            "versioning": [
              {
                "enabled": false,
                "mfa_delete": false
              }
            ],
            "website": [],
            "website_domain": null,
            "website_endpoint": null
          },
          "sensitive_attributes": [],
          "private": "eyJlMmJmYjczMC1lY2FhLTExZTYtOGY4OC0zNDM2M2JjN2M0YzAiOnsiY3JlYXRlIjoxMjAwMDAwMDAwMDAwLCJkZWxldGUiOjM2MDAwMDAwMDAwMDAsInJlYWQiOjEyMDAwMDAwMDAwMDAsInVwZGF0ZSI6MTIwMDAwMDAwMDAwMH19",
          "dependencies": [
            "random_id.bucket_names"
          ]
        },
        {
          "index_key": 68,
          "schema_version": 0,
          "attributes": {
            "acceleration_status": "",
            "acl": null,
            "arn": "arn:aws:s3:::78b06694da2cadc0934d45c4b97e9078c35485f77583-test-ipaas-bucket",
            "bucket": "78b06694da2cadc0934d45c4b97e9078c35485f77583-test-ipaas-bucket",
            "bucket_domain_name": "78b06694da2cadc0934d45c4b97e9078c35485f77583-test-ipaas-bucket.s3.amazonaws.com",
            "bucket_prefix": "",
            "bucket_regional_domain_name": "78b06694da2cadc0934d45c4b97e9078c35485f77583-test-ipaas-bucket.s3.eu-west-1.amazonaws.com",
            "cors_rule": [],
            "force_destroy": false,
            "grant": [
              {
                "id": "ac3133221f9a6772efa7a43f0a53fb73eab15ca0636a1ed24c2d9dcba89226ca",
                "permissions": [
                  "FULL_CONTROL"
                ],
                "type": "CanonicalUser",
                "uri": ""
              }
            ],
            "hosted_zone_id": "Z1BKCTXD74EZPE",
            "id": "78b06694da2cadc0934d45c4b97e9078c35485f77583-test-ipaas-bucket",
            "lifecycle_rule": [],
            "logging": [],
            "object_lock_configuration": [],
            "object_lock_enabled": false,
            "policy": "",
            "region": "eu-west-1",
            "replication_configuration": [],
            "request_payer": "BucketOwner",
            "server_side_encryption_configuration": [
              {
                "rule": [
                  {
                    "apply_server_side_encryption_by_default": [
                      {
                        "kms_master_key_id": "",
                        "sse_algorithm": "AES256"
                      }
                    ],
                    "bucket_key_enabled": false
                  }
                ]
              }
            ],
            "tags": {
              "git_commit": "6dad2010382f0d082b3b9599a3ff02ea251c0089",
              "git_file": "tests/terraform/main.tf",
              "git_last_modified_at": "2023-11-23 12:15:43",
              "git_last_modified_by": "steven.soutar@kingfisher.com",
              "git_modifiers": "steven.soutar",
              "git_org": "Bodsda",
              "git_repo": "lambda",
              "ipaas_transfer_enabled": "read",
              "yor_name": "test_buckets",
              "yor_trace": "8e461766-a84c-408b-93c8-64b2c855e817"
            },
            "tags_all": {
              "git_commit": "6dad2010382f0d082b3b9599a3ff02ea251c0089",
              "git_file": "tests/terraform/main.tf",
              "git_last_modified_at": "2023-11-23 12:15:43",
              "git_last_modified_by": "steven.soutar@kingfisher.com",
              "git_modifiers": "steven.soutar",
              "git_org": "Bodsda",
              "git_repo": "lambda",
              "ipaas_transfer_enabled": "read",
              "yor_name": "test_buckets",
              "yor_trace": "8e461766-a84c-408b-93c8-64b2c855e817"
            },
            "timeouts": null,
            "versioning": [
              {
                "enabled": false,
                "mfa_delete": false
              }
            ],
            "website": [],
            "website_domain": null,
            "website_endpoint": null
          },
          "sensitive_attributes": [],
          "private": "eyJlMmJmYjczMC1lY2FhLTExZTYtOGY4OC0zNDM2M2JjN2M0YzAiOnsiY3JlYXRlIjoxMjAwMDAwMDAwMDAwLCJkZWxldGUiOjM2MDAwMDAwMDAwMDAsInJlYWQiOjEyMDAwMDAwMDAwMDAsInVwZGF0ZSI6MTIwMDAwMDAwMDAwMH19",
          "dependencies": [
            "random_id.bucket_names"
          ]
        },
        {
          "index_key": 69,
          "schema_version": 0,
          "attributes": {
            "acceleration_status": "",
            "acl": null,
            "arn": "arn:aws:s3:::6083520bb71ae76ab8c98b4d1a966b6b8d42e8d111c5-test-ipaas-bucket",
            "bucket": "6083520bb71ae76ab8c98b4d1a966b6b8d42e8d111c5-test-ipaas-bucket",
            "bucket_domain_name": "6083520bb71ae76ab8c98b4d1a966b6b8d42e8d111c5-test-ipaas-bucket.s3.amazonaws.com",
            "bucket_prefix": "",
            "bucket_regional_domain_name": "6083520bb71ae76ab8c98b4d1a966b6b8d42e8d111c5-test-ipaas-bucket.s3.eu-west-1.amazonaws.com",
            "cors_rule": [],
            "force_destroy": false,
            "grant": [
              {
                "id": "ac3133221f9a6772efa7a43f0a53fb73eab15ca0636a1ed24c2d9dcba89226ca",
                "permissions": [
                  "FULL_CONTROL"
                ],
                "type": "CanonicalUser",
                "uri": ""
              }
            ],
            "hosted_zone_id": "Z1BKCTXD74EZPE",
            "id": "6083520bb71ae76ab8c98b4d1a966b6b8d42e8d111c5-test-ipaas-bucket",
            "lifecycle_rule": [],
            "logging": [],
            "object_lock_configuration": [],
            "object_lock_enabled": false,
            "policy": "",
            "region": "eu-west-1",
            "replication_configuration": [],
            "request_payer": "BucketOwner",
            "server_side_encryption_configuration": [
              {
                "rule": [
                  {
                    "apply_server_side_encryption_by_default": [
                      {
                        "kms_master_key_id": "",
                        "sse_algorithm": "AES256"
                      }
                    ],
                    "bucket_key_enabled": false
                  }
                ]
              }
            ],
            "tags": {
              "git_commit": "6dad2010382f0d082b3b9599a3ff02ea251c0089",
              "git_file": "tests/terraform/main.tf",
              "git_last_modified_at": "2023-11-23 12:15:43",
              "git_last_modified_by": "steven.soutar@kingfisher.com",
              "git_modifiers": "steven.soutar",
              "git_org": "Bodsda",
              "git_repo": "lambda",
              "ipaas_transfer_enabled": "read",
              "yor_name": "test_buckets",
              "yor_trace": "8e461766-a84c-408b-93c8-64b2c855e817"
            },
            "tags_all": {
              "git_commit": "6dad2010382f0d082b3b9599a3ff02ea251c0089",
              "git_file": "tests/terraform/main.tf",
              "git_last_modified_at": "2023-11-23 12:15:43",
              "git_last_modified_by": "steven.soutar@kingfisher.com",
              "git_modifiers": "steven.soutar",
              "git_org": "Bodsda",
              "git_repo": "lambda",
              "ipaas_transfer_enabled": "read",
              "yor_name": "test_buckets",
              "yor_trace": "8e461766-a84c-408b-93c8-64b2c855e817"
            },
            "timeouts": null,
            "versioning": [
              {
                "enabled": false,
                "mfa_delete": false
              }
            ],
            "website": [],
            "website_domain": null,
            "website_endpoint": null
          },
          "sensitive_attributes": [],
          "private": "eyJlMmJmYjczMC1lY2FhLTExZTYtOGY4OC0zNDM2M2JjN2M0YzAiOnsiY3JlYXRlIjoxMjAwMDAwMDAwMDAwLCJkZWxldGUiOjM2MDAwMDAwMDAwMDAsInJlYWQiOjEyMDAwMDAwMDAwMDAsInVwZGF0ZSI6MTIwMDAwMDAwMDAwMH19",
          "dependencies": [
            "random_id.bucket_names"
          ]
        },
        {
          "index_key": 70,
          "schema_version": 0,
          "attributes": {
            "acceleration_status": "",
            "acl": null,
            "arn": "arn:aws:s3:::99ec2bae41370a912691b61c80b37ffbdd7f6b6116f6-test-ipaas-bucket",
            "bucket": "99ec2bae41370a912691b61c80b37ffbdd7f6b6116f6-test-ipaas-bucket",
            "bucket_domain_name": "99ec2bae41370a912691b61c80b37ffbdd7f6b6116f6-test-ipaas-bucket.s3.amazonaws.com",
            "bucket_prefix": "",
            "bucket_regional_domain_name": "99ec2bae41370a912691b61c80b37ffbdd7f6b6116f6-test-ipaas-bucket.s3.eu-west-1.amazonaws.com",
            "cors_rule": [],
            "force_destroy": false,
            "grant": [
              {
                "id": "ac3133221f9a6772efa7a43f0a53fb73eab15ca0636a1ed24c2d9dcba89226ca",
                "permissions": [
                  "FULL_CONTROL"
                ],
                "type": "CanonicalUser",
                "uri": ""
              }
            ],
            "hosted_zone_id": "Z1BKCTXD74EZPE",
            "id": "99ec2bae41370a912691b61c80b37ffbdd7f6b6116f6-test-ipaas-bucket",
            "lifecycle_rule": [],
            "logging": [],
            "object_lock_configuration": [],
            "object_lock_enabled": false,
            "policy": "",
            "region": "eu-west-1",
            "replication_configuration": [],
            "request_payer": "BucketOwner",
            "server_side_encryption_configuration": [
              {
                "rule": [
                  {
                    "apply_server_side_encryption_by_default": [
                      {
                        "kms_master_key_id": "",
                        "sse_algorithm": "AES256"
                      }
                    ],
                    "bucket_key_enabled": false
                  }
                ]
              }
            ],
            "tags": {
              "git_commit": "6dad2010382f0d082b3b9599a3ff02ea251c0089",
              "git_file": "tests/terraform/main.tf",
              "git_last_modified_at": "2023-11-23 12:15:43",
              "git_last_modified_by": "steven.soutar@kingfisher.com",
              "git_modifiers": "steven.soutar",
              "git_org": "Bodsda",
              "git_repo": "lambda",
              "ipaas_transfer_enabled": "read",
              "yor_name": "test_buckets",
              "yor_trace": "8e461766-a84c-408b-93c8-64b2c855e817"
            },
            "tags_all": {
              "git_commit": "6dad2010382f0d082b3b9599a3ff02ea251c0089",
              "git_file": "tests/terraform/main.tf",
              "git_last_modified_at": "2023-11-23 12:15:43",
              "git_last_modified_by": "steven.soutar@kingfisher.com",
              "git_modifiers": "steven.soutar",
              "git_org": "Bodsda",
              "git_repo": "lambda",
              "ipaas_transfer_enabled": "read",
              "yor_name": "test_buckets",
              "yor_trace": "8e461766-a84c-408b-93c8-64b2c855e817"
            },
            "timeouts": null,
            "versioning": [
              {
                "enabled": false,
                "mfa_delete": false
              }
            ],
            "website": [],
            "website_domain": null,
            "website_endpoint": null
          },
          "sensitive_attributes": [],
          "private": "eyJlMmJmYjczMC1lY2FhLTExZTYtOGY4OC0zNDM2M2JjN2M0YzAiOnsiY3JlYXRlIjoxMjAwMDAwMDAwMDAwLCJkZWxldGUiOjM2MDAwMDAwMDAwMDAsInJlYWQiOjEyMDAwMDAwMDAwMDAsInVwZGF0ZSI6MTIwMDAwMDAwMDAwMH19",
          "dependencies": [
            "random_id.bucket_names"
          ]
        },
        {
          "index_key": 71,
          "schema_version": 0,
          "attributes": {
            "acceleration_status": "",
            "acl": null,
            "arn": "arn:aws:s3:::7325dfcac10b32ec5bfc9466a1afaa09cb790c918853-test-ipaas-bucket",
            "bucket": "7325dfcac10b32ec5bfc9466a1afaa09cb790c918853-test-ipaas-bucket",
            "bucket_domain_name": "7325dfcac10b32ec5bfc9466a1afaa09cb790c918853-test-ipaas-bucket.s3.amazonaws.com",
            "bucket_prefix": "",
            "bucket_regional_domain_name": "7325dfcac10b32ec5bfc9466a1afaa09cb790c918853-test-ipaas-bucket.s3.eu-west-1.amazonaws.com",
            "cors_rule": [],
            "force_destroy": false,
            "grant": [
              {
                "id": "ac3133221f9a6772efa7a43f0a53fb73eab15ca0636a1ed24c2d9dcba89226ca",
                "permissions": [
                  "FULL_CONTROL"
                ],
                "type": "CanonicalUser",
                "uri": ""
              }
            ],
            "hosted_zone_id": "Z1BKCTXD74EZPE",
            "id": "7325dfcac10b32ec5bfc9466a1afaa09cb790c918853-test-ipaas-bucket",
            "lifecycle_rule": [],
            "logging": [],
            "object_lock_configuration": [],
            "object_lock_enabled": false,
            "policy": "",
            "region": "eu-west-1",
            "replication_configuration": [],
            "request_payer": "BucketOwner",
            "server_side_encryption_configuration": [
              {
                "rule": [
                  {
                    "apply_server_side_encryption_by_default": [
                      {
                        "kms_master_key_id": "",
                        "sse_algorithm": "AES256"
                      }
                    ],
                    "bucket_key_enabled": false
                  }
                ]
              }
            ],
            "tags": {
              "git_commit": "6dad2010382f0d082b3b9599a3ff02ea251c0089",
              "git_file": "tests/terraform/main.tf",
              "git_last_modified_at": "2023-11-23 12:15:43",
              "git_last_modified_by": "steven.soutar@kingfisher.com",
              "git_modifiers": "steven.soutar",
              "git_org": "Bodsda",
              "git_repo": "lambda",
              "ipaas_transfer_enabled": "read",
              "yor_name": "test_buckets",
              "yor_trace": "8e461766-a84c-408b-93c8-64b2c855e817"
            },
            "tags_all": {
              "git_commit": "6dad2010382f0d082b3b9599a3ff02ea251c0089",
              "git_file": "tests/terraform/main.tf",
              "git_last_modified_at": "2023-11-23 12:15:43",
              "git_last_modified_by": "steven.soutar@kingfisher.com",
              "git_modifiers": "steven.soutar",
              "git_org": "Bodsda",
              "git_repo": "lambda",
              "ipaas_transfer_enabled": "read",
              "yor_name": "test_buckets",
              "yor_trace": "8e461766-a84c-408b-93c8-64b2c855e817"
            },
            "timeouts": null,
            "versioning": [
              {
                "enabled": false,
                "mfa_delete": false
              }
            ],
            "website": [],
            "website_domain": null,
            "website_endpoint": null
          },
          "sensitive_attributes": [],
          "private": "eyJlMmJmYjczMC1lY2FhLTExZTYtOGY4OC0zNDM2M2JjN2M0YzAiOnsiY3JlYXRlIjoxMjAwMDAwMDAwMDAwLCJkZWxldGUiOjM2MDAwMDAwMDAwMDAsInJlYWQiOjEyMDAwMDAwMDAwMDAsInVwZGF0ZSI6MTIwMDAwMDAwMDAwMH19",
          "dependencies": [
            "random_id.bucket_names"
          ]
        },
        {
          "index_key": 72,
          "schema_version": 0,
          "attributes": {
            "acceleration_status": "",
            "acl": null,
            "arn": "arn:aws:s3:::9ea96c55fc6f17ef568dc381a83b5e0e845294ea64a0-test-ipaas-bucket",
            "bucket": "9ea96c55fc6f17ef568dc381a83b5e0e845294ea64a0-test-ipaas-bucket",
            "bucket_domain_name": "9ea96c55fc6f17ef568dc381a83b5e0e845294ea64a0-test-ipaas-bucket.s3.amazonaws.com",
            "bucket_prefix": "",
            "bucket_regional_domain_name": "9ea96c55fc6f17ef568dc381a83b5e0e845294ea64a0-test-ipaas-bucket.s3.eu-west-1.amazonaws.com",
            "cors_rule": [],
            "force_destroy": false,
            "grant": [
              {
                "id": "ac3133221f9a6772efa7a43f0a53fb73eab15ca0636a1ed24c2d9dcba89226ca",
                "permissions": [
                  "FULL_CONTROL"
                ],
                "type": "CanonicalUser",
                "uri": ""
              }
            ],
            "hosted_zone_id": "Z1BKCTXD74EZPE",
            "id": "9ea96c55fc6f17ef568dc381a83b5e0e845294ea64a0-test-ipaas-bucket",
            "lifecycle_rule": [],
            "logging": [],
            "object_lock_configuration": [],
            "object_lock_enabled": false,
            "policy": "",
            "region": "eu-west-1",
            "replication_configuration": [],
            "request_payer": "BucketOwner",
            "server_side_encryption_configuration": [
              {
                "rule": [
                  {
                    "apply_server_side_encryption_by_default": [
                      {
                        "kms_master_key_id": "",
                        "sse_algorithm": "AES256"
                      }
                    ],
                    "bucket_key_enabled": false
                  }
                ]
              }
            ],
            "tags": {
              "git_commit": "6dad2010382f0d082b3b9599a3ff02ea251c0089",
              "git_file": "tests/terraform/main.tf",
              "git_last_modified_at": "2023-11-23 12:15:43",
              "git_last_modified_by": "steven.soutar@kingfisher.com",
              "git_modifiers": "steven.soutar",
              "git_org": "Bodsda",
              "git_repo": "lambda",
              "ipaas_transfer_enabled": "read",
              "yor_name": "test_buckets",
              "yor_trace": "8e461766-a84c-408b-93c8-64b2c855e817"
            },
            "tags_all": {
              "git_commit": "6dad2010382f0d082b3b9599a3ff02ea251c0089",
              "git_file": "tests/terraform/main.tf",
              "git_last_modified_at": "2023-11-23 12:15:43",
              "git_last_modified_by": "steven.soutar@kingfisher.com",
              "git_modifiers": "steven.soutar",
              "git_org": "Bodsda",
              "git_repo": "lambda",
              "ipaas_transfer_enabled": "read",
              "yor_name": "test_buckets",
              "yor_trace": "8e461766-a84c-408b-93c8-64b2c855e817"
            },
            "timeouts": null,
            "versioning": [
              {
                "enabled": false,
                "mfa_delete": false
              }
            ],
            "website": [],
            "website_domain": null,
            "website_endpoint": null
          },
          "sensitive_attributes": [],
          "private": "eyJlMmJmYjczMC1lY2FhLTExZTYtOGY4OC0zNDM2M2JjN2M0YzAiOnsiY3JlYXRlIjoxMjAwMDAwMDAwMDAwLCJkZWxldGUiOjM2MDAwMDAwMDAwMDAsInJlYWQiOjEyMDAwMDAwMDAwMDAsInVwZGF0ZSI6MTIwMDAwMDAwMDAwMH19",
          "dependencies": [
            "random_id.bucket_names"
          ]
        },
        {
          "index_key": 73,
          "schema_version": 0,
          "attributes": {
            "acceleration_status": "",
            "acl": null,
            "arn": "arn:aws:s3:::7b93ec975f3f4625fc53ba348a4da72a4c0c88625a59-test-ipaas-bucket",
            "bucket": "7b93ec975f3f4625fc53ba348a4da72a4c0c88625a59-test-ipaas-bucket",
            "bucket_domain_name": "7b93ec975f3f4625fc53ba348a4da72a4c0c88625a59-test-ipaas-bucket.s3.amazonaws.com",
            "bucket_prefix": "",
            "bucket_regional_domain_name": "7b93ec975f3f4625fc53ba348a4da72a4c0c88625a59-test-ipaas-bucket.s3.eu-west-1.amazonaws.com",
            "cors_rule": [],
            "force_destroy": false,
            "grant": [
              {
                "id": "ac3133221f9a6772efa7a43f0a53fb73eab15ca0636a1ed24c2d9dcba89226ca",
                "permissions": [
                  "FULL_CONTROL"
                ],
                "type": "CanonicalUser",
                "uri": ""
              }
            ],
            "hosted_zone_id": "Z1BKCTXD74EZPE",
            "id": "7b93ec975f3f4625fc53ba348a4da72a4c0c88625a59-test-ipaas-bucket",
            "lifecycle_rule": [],
            "logging": [],
            "object_lock_configuration": [],
            "object_lock_enabled": false,
            "policy": "",
            "region": "eu-west-1",
            "replication_configuration": [],
            "request_payer": "BucketOwner",
            "server_side_encryption_configuration": [
              {
                "rule": [
                  {
                    "apply_server_side_encryption_by_default": [
                      {
                        "kms_master_key_id": "",
                        "sse_algorithm": "AES256"
                      }
                    ],
                    "bucket_key_enabled": false
                  }
                ]
              }
            ],
            "tags": {
              "git_commit": "6dad2010382f0d082b3b9599a3ff02ea251c0089",
              "git_file": "tests/terraform/main.tf",
              "git_last_modified_at": "2023-11-23 12:15:43",
              "git_last_modified_by": "steven.soutar@kingfisher.com",
              "git_modifiers": "steven.soutar",
              "git_org": "Bodsda",
              "git_repo": "lambda",
              "ipaas_transfer_enabled": "read",
              "yor_name": "test_buckets",
              "yor_trace": "8e461766-a84c-408b-93c8-64b2c855e817"
            },
            "tags_all": {
              "git_commit": "6dad2010382f0d082b3b9599a3ff02ea251c0089",
              "git_file": "tests/terraform/main.tf",
              "git_last_modified_at": "2023-11-23 12:15:43",
              "git_last_modified_by": "steven.soutar@kingfisher.com",
              "git_modifiers": "steven.soutar",
              "git_org": "Bodsda",
              "git_repo": "lambda",
              "ipaas_transfer_enabled": "read",
              "yor_name": "test_buckets",
              "yor_trace": "8e461766-a84c-408b-93c8-64b2c855e817"
            },
            "timeouts": null,
            "versioning": [
              {
                "enabled": false,
                "mfa_delete": false
              }
            ],
            "website": [],
            "website_domain": null,
            "website_endpoint": null
          },
          "sensitive_attributes": [],
          "private": "eyJlMmJmYjczMC1lY2FhLTExZTYtOGY4OC0zNDM2M2JjN2M0YzAiOnsiY3JlYXRlIjoxMjAwMDAwMDAwMDAwLCJkZWxldGUiOjM2MDAwMDAwMDAwMDAsInJlYWQiOjEyMDAwMDAwMDAwMDAsInVwZGF0ZSI6MTIwMDAwMDAwMDAwMH19",
          "dependencies": [
            "random_id.bucket_names"
          ]
        },
        {
          "index_key": 74,
          "schema_version": 0,
          "attributes": {
            "acceleration_status": "",
            "acl": null,
            "arn": "arn:aws:s3:::ab69fb234b1cf176309690818e1aa34439e109e65b5f-test-ipaas-bucket",
            "bucket": "ab69fb234b1cf176309690818e1aa34439e109e65b5f-test-ipaas-bucket",
            "bucket_domain_name": "ab69fb234b1cf176309690818e1aa34439e109e65b5f-test-ipaas-bucket.s3.amazonaws.com",
            "bucket_prefix": "",
            "bucket_regional_domain_name": "ab69fb234b1cf176309690818e1aa34439e109e65b5f-test-ipaas-bucket.s3.eu-west-1.amazonaws.com",
            "cors_rule": [],
            "force_destroy": false,
            "grant": [
              {
                "id": "ac3133221f9a6772efa7a43f0a53fb73eab15ca0636a1ed24c2d9dcba89226ca",
                "permissions": [
                  "FULL_CONTROL"
                ],
                "type": "CanonicalUser",
                "uri": ""
              }
            ],
            "hosted_zone_id": "Z1BKCTXD74EZPE",
            "id": "ab69fb234b1cf176309690818e1aa34439e109e65b5f-test-ipaas-bucket",
            "lifecycle_rule": [],
            "logging": [],
            "object_lock_configuration": [],
            "object_lock_enabled": false,
            "policy": "",
            "region": "eu-west-1",
            "replication_configuration": [],
            "request_payer": "BucketOwner",
            "server_side_encryption_configuration": [
              {
                "rule": [
                  {
                    "apply_server_side_encryption_by_default": [
                      {
                        "kms_master_key_id": "",
                        "sse_algorithm": "AES256"
                      }
                    ],
                    "bucket_key_enabled": false
                  }
                ]
              }
            ],
            "tags": {
              "git_commit": "6dad2010382f0d082b3b9599a3ff02ea251c0089",
              "git_file": "tests/terraform/main.tf",
              "git_last_modified_at": "2023-11-23 12:15:43",
              "git_last_modified_by": "steven.soutar@kingfisher.com",
              "git_modifiers": "steven.soutar",
              "git_org": "Bodsda",
              "git_repo": "lambda",
              "ipaas_transfer_enabled": "read",
              "yor_name": "test_buckets",
              "yor_trace": "8e461766-a84c-408b-93c8-64b2c855e817"
            },
            "tags_all": {
              "git_commit": "6dad2010382f0d082b3b9599a3ff02ea251c0089",
              "git_file": "tests/terraform/main.tf",
              "git_last_modified_at": "2023-11-23 12:15:43",
              "git_last_modified_by": "steven.soutar@kingfisher.com",
              "git_modifiers": "steven.soutar",
              "git_org": "Bodsda",
              "git_repo": "lambda",
              "ipaas_transfer_enabled": "read",
              "yor_name": "test_buckets",
              "yor_trace": "8e461766-a84c-408b-93c8-64b2c855e817"
            },
            "timeouts": null,
            "versioning": [
              {
                "enabled": false,
                "mfa_delete": false
              }
            ],
            "website": [],
            "website_domain": null,
            "website_endpoint": null
          },
          "sensitive_attributes": [],
          "private": "eyJlMmJmYjczMC1lY2FhLTExZTYtOGY4OC0zNDM2M2JjN2M0YzAiOnsiY3JlYXRlIjoxMjAwMDAwMDAwMDAwLCJkZWxldGUiOjM2MDAwMDAwMDAwMDAsInJlYWQiOjEyMDAwMDAwMDAwMDAsInVwZGF0ZSI6MTIwMDAwMDAwMDAwMH19",
          "dependencies": [
            "random_id.bucket_names"
          ]
        },
        {
          "index_key": 75,
          "schema_version": 0,
          "attributes": {
            "acceleration_status": "",
            "acl": null,
            "arn": "arn:aws:s3:::61874c3b4c5242d126140f126a1d4cc2832913e580b4-test-ipaas-bucket",
            "bucket": "61874c3b4c5242d126140f126a1d4cc2832913e580b4-test-ipaas-bucket",
            "bucket_domain_name": "61874c3b4c5242d126140f126a1d4cc2832913e580b4-test-ipaas-bucket.s3.amazonaws.com",
            "bucket_prefix": "",
            "bucket_regional_domain_name": "61874c3b4c5242d126140f126a1d4cc2832913e580b4-test-ipaas-bucket.s3.eu-west-1.amazonaws.com",
            "cors_rule": [],
            "force_destroy": false,
            "grant": [
              {
                "id": "ac3133221f9a6772efa7a43f0a53fb73eab15ca0636a1ed24c2d9dcba89226ca",
                "permissions": [
                  "FULL_CONTROL"
                ],
                "type": "CanonicalUser",
                "uri": ""
              }
            ],
            "hosted_zone_id": "Z1BKCTXD74EZPE",
            "id": "61874c3b4c5242d126140f126a1d4cc2832913e580b4-test-ipaas-bucket",
            "lifecycle_rule": [],
            "logging": [],
            "object_lock_configuration": [],
            "object_lock_enabled": false,
            "policy": "",
            "region": "eu-west-1",
            "replication_configuration": [],
            "request_payer": "BucketOwner",
            "server_side_encryption_configuration": [
              {
                "rule": [
                  {
                    "apply_server_side_encryption_by_default": [
                      {
                        "kms_master_key_id": "",
                        "sse_algorithm": "AES256"
                      }
                    ],
                    "bucket_key_enabled": false
                  }
                ]
              }
            ],
            "tags": {
              "git_commit": "6dad2010382f0d082b3b9599a3ff02ea251c0089",
              "git_file": "tests/terraform/main.tf",
              "git_last_modified_at": "2023-11-23 12:15:43",
              "git_last_modified_by": "steven.soutar@kingfisher.com",
              "git_modifiers": "steven.soutar",
              "git_org": "Bodsda",
              "git_repo": "lambda",
              "ipaas_transfer_enabled": "read",
              "yor_name": "test_buckets",
              "yor_trace": "8e461766-a84c-408b-93c8-64b2c855e817"
            },
            "tags_all": {
              "git_commit": "6dad2010382f0d082b3b9599a3ff02ea251c0089",
              "git_file": "tests/terraform/main.tf",
              "git_last_modified_at": "2023-11-23 12:15:43",
              "git_last_modified_by": "steven.soutar@kingfisher.com",
              "git_modifiers": "steven.soutar",
              "git_org": "Bodsda",
              "git_repo": "lambda",
              "ipaas_transfer_enabled": "read",
              "yor_name": "test_buckets",
              "yor_trace": "8e461766-a84c-408b-93c8-64b2c855e817"
            },
            "timeouts": null,
            "versioning": [
              {
                "enabled": false,
                "mfa_delete": false
              }
            ],
            "website": [],
            "website_domain": null,
            "website_endpoint": null
          },
          "sensitive_attributes": [],
          "private": "eyJlMmJmYjczMC1lY2FhLTExZTYtOGY4OC0zNDM2M2JjN2M0YzAiOnsiY3JlYXRlIjoxMjAwMDAwMDAwMDAwLCJkZWxldGUiOjM2MDAwMDAwMDAwMDAsInJlYWQiOjEyMDAwMDAwMDAwMDAsInVwZGF0ZSI6MTIwMDAwMDAwMDAwMH19",
          "dependencies": [
            "random_id.bucket_names"
          ]
        },
        {
          "index_key": 76,
          "schema_version": 0,
          "attributes": {
            "acceleration_status": "",
            "acl": null,
            "arn": "arn:aws:s3:::276eff35d78296ee4ed564db0b81e9cae2b2aa3c7fdd-test-ipaas-bucket",
            "bucket": "276eff35d78296ee4ed564db0b81e9cae2b2aa3c7fdd-test-ipaas-bucket",
            "bucket_domain_name": "276eff35d78296ee4ed564db0b81e9cae2b2aa3c7fdd-test-ipaas-bucket.s3.amazonaws.com",
            "bucket_prefix": "",
            "bucket_regional_domain_name": "276eff35d78296ee4ed564db0b81e9cae2b2aa3c7fdd-test-ipaas-bucket.s3.eu-west-1.amazonaws.com",
            "cors_rule": [],
            "force_destroy": false,
            "grant": [
              {
                "id": "ac3133221f9a6772efa7a43f0a53fb73eab15ca0636a1ed24c2d9dcba89226ca",
                "permissions": [
                  "FULL_CONTROL"
                ],
                "type": "CanonicalUser",
                "uri": ""
              }
            ],
            "hosted_zone_id": "Z1BKCTXD74EZPE",
            "id": "276eff35d78296ee4ed564db0b81e9cae2b2aa3c7fdd-test-ipaas-bucket",
            "lifecycle_rule": [],
            "logging": [],
            "object_lock_configuration": [],
            "object_lock_enabled": false,
            "policy": "",
            "region": "eu-west-1",
            "replication_configuration": [],
            "request_payer": "BucketOwner",
            "server_side_encryption_configuration": [
              {
                "rule": [
                  {
                    "apply_server_side_encryption_by_default": [
                      {
                        "kms_master_key_id": "",
                        "sse_algorithm": "AES256"
                      }
                    ],
                    "bucket_key_enabled": false
                  }
                ]
              }
            ],
            "tags": {
              "git_commit": "6dad2010382f0d082b3b9599a3ff02ea251c0089",
              "git_file": "tests/terraform/main.tf",
              "git_last_modified_at": "2023-11-23 12:15:43",
              "git_last_modified_by": "steven.soutar@kingfisher.com",
              "git_modifiers": "steven.soutar",
              "git_org": "Bodsda",
              "git_repo": "lambda",
              "ipaas_transfer_enabled": "read",
              "yor_name": "test_buckets",
              "yor_trace": "8e461766-a84c-408b-93c8-64b2c855e817"
            },
            "tags_all": {
              "git_commit": "6dad2010382f0d082b3b9599a3ff02ea251c0089",
              "git_file": "tests/terraform/main.tf",
              "git_last_modified_at": "2023-11-23 12:15:43",
              "git_last_modified_by": "steven.soutar@kingfisher.com",
              "git_modifiers": "steven.soutar",
              "git_org": "Bodsda",
              "git_repo": "lambda",
              "ipaas_transfer_enabled": "read",
              "yor_name": "test_buckets",
              "yor_trace": "8e461766-a84c-408b-93c8-64b2c855e817"
            },
            "timeouts": null,
            "versioning": [
              {
                "enabled": false,
                "mfa_delete": false
              }
            ],
            "website": [],
            "website_domain": null,
            "website_endpoint": null
          },
          "sensitive_attributes": [],
          "private": "eyJlMmJmYjczMC1lY2FhLTExZTYtOGY4OC0zNDM2M2JjN2M0YzAiOnsiY3JlYXRlIjoxMjAwMDAwMDAwMDAwLCJkZWxldGUiOjM2MDAwMDAwMDAwMDAsInJlYWQiOjEyMDAwMDAwMDAwMDAsInVwZGF0ZSI6MTIwMDAwMDAwMDAwMH19",
          "dependencies": [
            "random_id.bucket_names"
          ]
        },
        {
          "index_key": 77,
          "schema_version": 0,
          "attributes": {
            "acceleration_status": "",
            "acl": null,
            "arn": "arn:aws:s3:::4137bc8aae03f390e37b9c2cf3a0fa3a84c34f0852a5-test-ipaas-bucket",
            "bucket": "4137bc8aae03f390e37b9c2cf3a0fa3a84c34f0852a5-test-ipaas-bucket",
            "bucket_domain_name": "4137bc8aae03f390e37b9c2cf3a0fa3a84c34f0852a5-test-ipaas-bucket.s3.amazonaws.com",
            "bucket_prefix": "",
            "bucket_regional_domain_name": "4137bc8aae03f390e37b9c2cf3a0fa3a84c34f0852a5-test-ipaas-bucket.s3.eu-west-1.amazonaws.com",
            "cors_rule": [],
            "force_destroy": false,
            "grant": [
              {
                "id": "ac3133221f9a6772efa7a43f0a53fb73eab15ca0636a1ed24c2d9dcba89226ca",
                "permissions": [
                  "FULL_CONTROL"
                ],
                "type": "CanonicalUser",
                "uri": ""
              }
            ],
            "hosted_zone_id": "Z1BKCTXD74EZPE",
            "id": "4137bc8aae03f390e37b9c2cf3a0fa3a84c34f0852a5-test-ipaas-bucket",
            "lifecycle_rule": [],
            "logging": [],
            "object_lock_configuration": [],
            "object_lock_enabled": false,
            "policy": "",
            "region": "eu-west-1",
            "replication_configuration": [],
            "request_payer": "BucketOwner",
            "server_side_encryption_configuration": [
              {
                "rule": [
                  {
                    "apply_server_side_encryption_by_default": [
                      {
                        "kms_master_key_id": "",
                        "sse_algorithm": "AES256"
                      }
                    ],
                    "bucket_key_enabled": false
                  }
                ]
              }
            ],
            "tags": {
              "git_commit": "6dad2010382f0d082b3b9599a3ff02ea251c0089",
              "git_file": "tests/terraform/main.tf",
              "git_last_modified_at": "2023-11-23 12:15:43",
              "git_last_modified_by": "steven.soutar@kingfisher.com",
              "git_modifiers": "steven.soutar",
              "git_org": "Bodsda",
              "git_repo": "lambda",
              "ipaas_transfer_enabled": "read",
              "yor_name": "test_buckets",
              "yor_trace": "8e461766-a84c-408b-93c8-64b2c855e817"
            },
            "tags_all": {
              "git_commit": "6dad2010382f0d082b3b9599a3ff02ea251c0089",
              "git_file": "tests/terraform/main.tf",
              "git_last_modified_at": "2023-11-23 12:15:43",
              "git_last_modified_by": "steven.soutar@kingfisher.com",
              "git_modifiers": "steven.soutar",
              "git_org": "Bodsda",
              "git_repo": "lambda",
              "ipaas_transfer_enabled": "read",
              "yor_name": "test_buckets",
              "yor_trace": "8e461766-a84c-408b-93c8-64b2c855e817"
            },
            "timeouts": null,
            "versioning": [
              {
                "enabled": false,
                "mfa_delete": false
              }
            ],
            "website": [],
            "website_domain": null,
            "website_endpoint": null
          },
          "sensitive_attributes": [],
          "private": "eyJlMmJmYjczMC1lY2FhLTExZTYtOGY4OC0zNDM2M2JjN2M0YzAiOnsiY3JlYXRlIjoxMjAwMDAwMDAwMDAwLCJkZWxldGUiOjM2MDAwMDAwMDAwMDAsInJlYWQiOjEyMDAwMDAwMDAwMDAsInVwZGF0ZSI6MTIwMDAwMDAwMDAwMH19",
          "dependencies": [
            "random_id.bucket_names"
          ]
        },
        {
          "index_key": 78,
          "schema_version": 0,
          "attributes": {
            "acceleration_status": "",
            "acl": null,
            "arn": "arn:aws:s3:::a807735fdb3a9d145e2ed9a11399ed0b9079747c3dc0-test-ipaas-bucket",
            "bucket": "a807735fdb3a9d145e2ed9a11399ed0b9079747c3dc0-test-ipaas-bucket",
            "bucket_domain_name": "a807735fdb3a9d145e2ed9a11399ed0b9079747c3dc0-test-ipaas-bucket.s3.amazonaws.com",
            "bucket_prefix": "",
            "bucket_regional_domain_name": "a807735fdb3a9d145e2ed9a11399ed0b9079747c3dc0-test-ipaas-bucket.s3.eu-west-1.amazonaws.com",
            "cors_rule": [],
            "force_destroy": false,
            "grant": [
              {
                "id": "ac3133221f9a6772efa7a43f0a53fb73eab15ca0636a1ed24c2d9dcba89226ca",
                "permissions": [
                  "FULL_CONTROL"
                ],
                "type": "CanonicalUser",
                "uri": ""
              }
            ],
            "hosted_zone_id": "Z1BKCTXD74EZPE",
            "id": "a807735fdb3a9d145e2ed9a11399ed0b9079747c3dc0-test-ipaas-bucket",
            "lifecycle_rule": [],
            "logging": [],
            "object_lock_configuration": [],
            "object_lock_enabled": false,
            "policy": "",
            "region": "eu-west-1",
            "replication_configuration": [],
            "request_payer": "BucketOwner",
            "server_side_encryption_configuration": [
              {
                "rule": [
                  {
                    "apply_server_side_encryption_by_default": [
                      {
                        "kms_master_key_id": "",
                        "sse_algorithm": "AES256"
                      }
                    ],
                    "bucket_key_enabled": false
                  }
                ]
              }
            ],
            "tags": {
              "git_commit": "6dad2010382f0d082b3b9599a3ff02ea251c0089",
              "git_file": "tests/terraform/main.tf",
              "git_last_modified_at": "2023-11-23 12:15:43",
              "git_last_modified_by": "steven.soutar@kingfisher.com",
              "git_modifiers": "steven.soutar",
              "git_org": "Bodsda",
              "git_repo": "lambda",
              "ipaas_transfer_enabled": "read",
              "yor_name": "test_buckets",
              "yor_trace": "8e461766-a84c-408b-93c8-64b2c855e817"
            },
            "tags_all": {
              "git_commit": "6dad2010382f0d082b3b9599a3ff02ea251c0089",
              "git_file": "tests/terraform/main.tf",
              "git_last_modified_at": "2023-11-23 12:15:43",
              "git_last_modified_by": "steven.soutar@kingfisher.com",
              "git_modifiers": "steven.soutar",
              "git_org": "Bodsda",
              "git_repo": "lambda",
              "ipaas_transfer_enabled": "read",
              "yor_name": "test_buckets",
              "yor_trace": "8e461766-a84c-408b-93c8-64b2c855e817"
            },
            "timeouts": null,
            "versioning": [
              {
                "enabled": false,
                "mfa_delete": false
              }
            ],
            "website": [],
            "website_domain": null,
            "website_endpoint": null
          },
          "sensitive_attributes": [],
          "private": "eyJlMmJmYjczMC1lY2FhLTExZTYtOGY4OC0zNDM2M2JjN2M0YzAiOnsiY3JlYXRlIjoxMjAwMDAwMDAwMDAwLCJkZWxldGUiOjM2MDAwMDAwMDAwMDAsInJlYWQiOjEyMDAwMDAwMDAwMDAsInVwZGF0ZSI6MTIwMDAwMDAwMDAwMH19",
          "dependencies": [
            "random_id.bucket_names"
          ]
        },
        {
          "index_key": 79,
          "schema_version": 0,
          "attributes": {
            "acceleration_status": "",
            "acl": null,
            "arn": "arn:aws:s3:::b926681c7e1e5712fe30e49d9609b0537738d3385e31-test-ipaas-bucket",
            "bucket": "b926681c7e1e5712fe30e49d9609b0537738d3385e31-test-ipaas-bucket",
            "bucket_domain_name": "b926681c7e1e5712fe30e49d9609b0537738d3385e31-test-ipaas-bucket.s3.amazonaws.com",
            "bucket_prefix": "",
            "bucket_regional_domain_name": "b926681c7e1e5712fe30e49d9609b0537738d3385e31-test-ipaas-bucket.s3.eu-west-1.amazonaws.com",
            "cors_rule": [],
            "force_destroy": false,
            "grant": [
              {
                "id": "ac3133221f9a6772efa7a43f0a53fb73eab15ca0636a1ed24c2d9dcba89226ca",
                "permissions": [
                  "FULL_CONTROL"
                ],
                "type": "CanonicalUser",
                "uri": ""
              }
            ],
            "hosted_zone_id": "Z1BKCTXD74EZPE",
            "id": "b926681c7e1e5712fe30e49d9609b0537738d3385e31-test-ipaas-bucket",
            "lifecycle_rule": [],
            "logging": [],
            "object_lock_configuration": [],
            "object_lock_enabled": false,
            "policy": "",
            "region": "eu-west-1",
            "replication_configuration": [],
            "request_payer": "BucketOwner",
            "server_side_encryption_configuration": [
              {
                "rule": [
                  {
                    "apply_server_side_encryption_by_default": [
                      {
                        "kms_master_key_id": "",
                        "sse_algorithm": "AES256"
                      }
                    ],
                    "bucket_key_enabled": false
                  }
                ]
              }
            ],
            "tags": {
              "git_commit": "6dad2010382f0d082b3b9599a3ff02ea251c0089",
              "git_file": "tests/terraform/main.tf",
              "git_last_modified_at": "2023-11-23 12:15:43",
              "git_last_modified_by": "steven.soutar@kingfisher.com",
              "git_modifiers": "steven.soutar",
              "git_org": "Bodsda",
              "git_repo": "lambda",
              "ipaas_transfer_enabled": "read",
              "yor_name": "test_buckets",
              "yor_trace": "8e461766-a84c-408b-93c8-64b2c855e817"
            },
            "tags_all": {
              "git_commit": "6dad2010382f0d082b3b9599a3ff02ea251c0089",
              "git_file": "tests/terraform/main.tf",
              "git_last_modified_at": "2023-11-23 12:15:43",
              "git_last_modified_by": "steven.soutar@kingfisher.com",
              "git_modifiers": "steven.soutar",
              "git_org": "Bodsda",
              "git_repo": "lambda",
              "ipaas_transfer_enabled": "read",
              "yor_name": "test_buckets",
              "yor_trace": "8e461766-a84c-408b-93c8-64b2c855e817"
            },
            "timeouts": null,
            "versioning": [
              {
                "enabled": false,
                "mfa_delete": false
              }
            ],
            "website": [],
            "website_domain": null,
            "website_endpoint": null
          },
          "sensitive_attributes": [],
          "private": "eyJlMmJmYjczMC1lY2FhLTExZTYtOGY4OC0zNDM2M2JjN2M0YzAiOnsiY3JlYXRlIjoxMjAwMDAwMDAwMDAwLCJkZWxldGUiOjM2MDAwMDAwMDAwMDAsInJlYWQiOjEyMDAwMDAwMDAwMDAsInVwZGF0ZSI6MTIwMDAwMDAwMDAwMH19",
          "dependencies": [
            "random_id.bucket_names"
          ]
        },
        {
          "index_key": 80,
          "schema_version": 0,
          "attributes": {
            "acceleration_status": "",
            "acl": null,
            "arn": "arn:aws:s3:::03ccc3d8e97709ff9a845fa189d37acbde2d70767dc2-test-ipaas-bucket",
            "bucket": "03ccc3d8e97709ff9a845fa189d37acbde2d70767dc2-test-ipaas-bucket",
            "bucket_domain_name": "03ccc3d8e97709ff9a845fa189d37acbde2d70767dc2-test-ipaas-bucket.s3.amazonaws.com",
            "bucket_prefix": "",
            "bucket_regional_domain_name": "03ccc3d8e97709ff9a845fa189d37acbde2d70767dc2-test-ipaas-bucket.s3.eu-west-1.amazonaws.com",
            "cors_rule": [],
            "force_destroy": false,
            "grant": [
              {
                "id": "ac3133221f9a6772efa7a43f0a53fb73eab15ca0636a1ed24c2d9dcba89226ca",
                "permissions": [
                  "FULL_CONTROL"
                ],
                "type": "CanonicalUser",
                "uri": ""
              }
            ],
            "hosted_zone_id": "Z1BKCTXD74EZPE",
            "id": "03ccc3d8e97709ff9a845fa189d37acbde2d70767dc2-test-ipaas-bucket",
            "lifecycle_rule": [],
            "logging": [],
            "object_lock_configuration": [],
            "object_lock_enabled": false,
            "policy": "",
            "region": "eu-west-1",
            "replication_configuration": [],
            "request_payer": "BucketOwner",
            "server_side_encryption_configuration": [
              {
                "rule": [
                  {
                    "apply_server_side_encryption_by_default": [
                      {
                        "kms_master_key_id": "",
                        "sse_algorithm": "AES256"
                      }
                    ],
                    "bucket_key_enabled": false
                  }
                ]
              }
            ],
            "tags": {
              "git_commit": "6dad2010382f0d082b3b9599a3ff02ea251c0089",
              "git_file": "tests/terraform/main.tf",
              "git_last_modified_at": "2023-11-23 12:15:43",
              "git_last_modified_by": "steven.soutar@kingfisher.com",
              "git_modifiers": "steven.soutar",
              "git_org": "Bodsda",
              "git_repo": "lambda",
              "ipaas_transfer_enabled": "read",
              "yor_name": "test_buckets",
              "yor_trace": "8e461766-a84c-408b-93c8-64b2c855e817"
            },
            "tags_all": {
              "git_commit": "6dad2010382f0d082b3b9599a3ff02ea251c0089",
              "git_file": "tests/terraform/main.tf",
              "git_last_modified_at": "2023-11-23 12:15:43",
              "git_last_modified_by": "steven.soutar@kingfisher.com",
              "git_modifiers": "steven.soutar",
              "git_org": "Bodsda",
              "git_repo": "lambda",
              "ipaas_transfer_enabled": "read",
              "yor_name": "test_buckets",
              "yor_trace": "8e461766-a84c-408b-93c8-64b2c855e817"
            },
            "timeouts": null,
            "versioning": [
              {
                "enabled": false,
                "mfa_delete": false
              }
            ],
            "website": [],
            "website_domain": null,
            "website_endpoint": null
          },
          "sensitive_attributes": [],
          "private": "eyJlMmJmYjczMC1lY2FhLTExZTYtOGY4OC0zNDM2M2JjN2M0YzAiOnsiY3JlYXRlIjoxMjAwMDAwMDAwMDAwLCJkZWxldGUiOjM2MDAwMDAwMDAwMDAsInJlYWQiOjEyMDAwMDAwMDAwMDAsInVwZGF0ZSI6MTIwMDAwMDAwMDAwMH19",
          "dependencies": [
            "random_id.bucket_names"
          ]
        },
        {
          "index_key": 81,
          "schema_version": 0,
          "attributes": {
            "acceleration_status": "",
            "acl": null,
            "arn": "arn:aws:s3:::be0d4cf81688de0fc8bbf5606663380545f3c8798ae7-test-ipaas-bucket",
            "bucket": "be0d4cf81688de0fc8bbf5606663380545f3c8798ae7-test-ipaas-bucket",
            "bucket_domain_name": "be0d4cf81688de0fc8bbf5606663380545f3c8798ae7-test-ipaas-bucket.s3.amazonaws.com",
            "bucket_prefix": "",
            "bucket_regional_domain_name": "be0d4cf81688de0fc8bbf5606663380545f3c8798ae7-test-ipaas-bucket.s3.eu-west-1.amazonaws.com",
            "cors_rule": [],
            "force_destroy": false,
            "grant": [
              {
                "id": "ac3133221f9a6772efa7a43f0a53fb73eab15ca0636a1ed24c2d9dcba89226ca",
                "permissions": [
                  "FULL_CONTROL"
                ],
                "type": "CanonicalUser",
                "uri": ""
              }
            ],
            "hosted_zone_id": "Z1BKCTXD74EZPE",
            "id": "be0d4cf81688de0fc8bbf5606663380545f3c8798ae7-test-ipaas-bucket",
            "lifecycle_rule": [],
            "logging": [],
            "object_lock_configuration": [],
            "object_lock_enabled": false,
            "policy": "",
            "region": "eu-west-1",
            "replication_configuration": [],
            "request_payer": "BucketOwner",
            "server_side_encryption_configuration": [
              {
                "rule": [
                  {
                    "apply_server_side_encryption_by_default": [
                      {
                        "kms_master_key_id": "",
                        "sse_algorithm": "AES256"
                      }
                    ],
                    "bucket_key_enabled": false
                  }
                ]
              }
            ],
            "tags": {
              "git_commit": "6dad2010382f0d082b3b9599a3ff02ea251c0089",
              "git_file": "tests/terraform/main.tf",
              "git_last_modified_at": "2023-11-23 12:15:43",
              "git_last_modified_by": "steven.soutar@kingfisher.com",
              "git_modifiers": "steven.soutar",
              "git_org": "Bodsda",
              "git_repo": "lambda",
              "ipaas_transfer_enabled": "read",
              "yor_name": "test_buckets",
              "yor_trace": "8e461766-a84c-408b-93c8-64b2c855e817"
            },
            "tags_all": {
              "git_commit": "6dad2010382f0d082b3b9599a3ff02ea251c0089",
              "git_file": "tests/terraform/main.tf",
              "git_last_modified_at": "2023-11-23 12:15:43",
              "git_last_modified_by": "steven.soutar@kingfisher.com",
              "git_modifiers": "steven.soutar",
              "git_org": "Bodsda",
              "git_repo": "lambda",
              "ipaas_transfer_enabled": "read",
              "yor_name": "test_buckets",
              "yor_trace": "8e461766-a84c-408b-93c8-64b2c855e817"
            },
            "timeouts": null,
            "versioning": [
              {
                "enabled": false,
                "mfa_delete": false
              }
            ],
            "website": [],
            "website_domain": null,
            "website_endpoint": null
          },
          "sensitive_attributes": [],
          "private": "eyJlMmJmYjczMC1lY2FhLTExZTYtOGY4OC0zNDM2M2JjN2M0YzAiOnsiY3JlYXRlIjoxMjAwMDAwMDAwMDAwLCJkZWxldGUiOjM2MDAwMDAwMDAwMDAsInJlYWQiOjEyMDAwMDAwMDAwMDAsInVwZGF0ZSI6MTIwMDAwMDAwMDAwMH19",
          "dependencies": [
            "random_id.bucket_names"
          ]
        },
        {
          "index_key": 82,
          "schema_version": 0,
          "attributes": {
            "acceleration_status": "",
            "acl": null,
            "arn": "arn:aws:s3:::82591a794bfb73c31dae7f9b9c04522ffb14504b5763-test-ipaas-bucket",
            "bucket": "82591a794bfb73c31dae7f9b9c04522ffb14504b5763-test-ipaas-bucket",
            "bucket_domain_name": "82591a794bfb73c31dae7f9b9c04522ffb14504b5763-test-ipaas-bucket.s3.amazonaws.com",
            "bucket_prefix": "",
            "bucket_regional_domain_name": "82591a794bfb73c31dae7f9b9c04522ffb14504b5763-test-ipaas-bucket.s3.eu-west-1.amazonaws.com",
            "cors_rule": [],
            "force_destroy": false,
            "grant": [
              {
                "id": "ac3133221f9a6772efa7a43f0a53fb73eab15ca0636a1ed24c2d9dcba89226ca",
                "permissions": [
                  "FULL_CONTROL"
                ],
                "type": "CanonicalUser",
                "uri": ""
              }
            ],
            "hosted_zone_id": "Z1BKCTXD74EZPE",
            "id": "82591a794bfb73c31dae7f9b9c04522ffb14504b5763-test-ipaas-bucket",
            "lifecycle_rule": [],
            "logging": [],
            "object_lock_configuration": [],
            "object_lock_enabled": false,
            "policy": "",
            "region": "eu-west-1",
            "replication_configuration": [],
            "request_payer": "BucketOwner",
            "server_side_encryption_configuration": [
              {
                "rule": [
                  {
                    "apply_server_side_encryption_by_default": [
                      {
                        "kms_master_key_id": "",
                        "sse_algorithm": "AES256"
                      }
                    ],
                    "bucket_key_enabled": false
                  }
                ]
              }
            ],
            "tags": {
              "git_commit": "6dad2010382f0d082b3b9599a3ff02ea251c0089",
              "git_file": "tests/terraform/main.tf",
              "git_last_modified_at": "2023-11-23 12:15:43",
              "git_last_modified_by": "steven.soutar@kingfisher.com",
              "git_modifiers": "steven.soutar",
              "git_org": "Bodsda",
              "git_repo": "lambda",
              "ipaas_transfer_enabled": "read",
              "yor_name": "test_buckets",
              "yor_trace": "8e461766-a84c-408b-93c8-64b2c855e817"
            },
            "tags_all": {
              "git_commit": "6dad2010382f0d082b3b9599a3ff02ea251c0089",
              "git_file": "tests/terraform/main.tf",
              "git_last_modified_at": "2023-11-23 12:15:43",
              "git_last_modified_by": "steven.soutar@kingfisher.com",
              "git_modifiers": "steven.soutar",
              "git_org": "Bodsda",
              "git_repo": "lambda",
              "ipaas_transfer_enabled": "read",
              "yor_name": "test_buckets",
              "yor_trace": "8e461766-a84c-408b-93c8-64b2c855e817"
            },
            "timeouts": null,
            "versioning": [
              {
                "enabled": false,
                "mfa_delete": false
              }
            ],
            "website": [],
            "website_domain": null,
            "website_endpoint": null
          },
          "sensitive_attributes": [],
          "private": "eyJlMmJmYjczMC1lY2FhLTExZTYtOGY4OC0zNDM2M2JjN2M0YzAiOnsiY3JlYXRlIjoxMjAwMDAwMDAwMDAwLCJkZWxldGUiOjM2MDAwMDAwMDAwMDAsInJlYWQiOjEyMDAwMDAwMDAwMDAsInVwZGF0ZSI6MTIwMDAwMDAwMDAwMH19",
          "dependencies": [
            "random_id.bucket_names"
          ]
        },
        {
          "index_key": 83,
          "schema_version": 0,
          "attributes": {
            "acceleration_status": "",
            "acl": null,
            "arn": "arn:aws:s3:::e9943d13e8539d0b094dc3da236c7e352d890a39234e-test-ipaas-bucket",
            "bucket": "e9943d13e8539d0b094dc3da236c7e352d890a39234e-test-ipaas-bucket",
            "bucket_domain_name": "e9943d13e8539d0b094dc3da236c7e352d890a39234e-test-ipaas-bucket.s3.amazonaws.com",
            "bucket_prefix": "",
            "bucket_regional_domain_name": "e9943d13e8539d0b094dc3da236c7e352d890a39234e-test-ipaas-bucket.s3.eu-west-1.amazonaws.com",
            "cors_rule": [],
            "force_destroy": false,
            "grant": [
              {
                "id": "ac3133221f9a6772efa7a43f0a53fb73eab15ca0636a1ed24c2d9dcba89226ca",
                "permissions": [
                  "FULL_CONTROL"
                ],
                "type": "CanonicalUser",
                "uri": ""
              }
            ],
            "hosted_zone_id": "Z1BKCTXD74EZPE",
            "id": "e9943d13e8539d0b094dc3da236c7e352d890a39234e-test-ipaas-bucket",
            "lifecycle_rule": [],
            "logging": [],
            "object_lock_configuration": [],
            "object_lock_enabled": false,
            "policy": "",
            "region": "eu-west-1",
            "replication_configuration": [],
            "request_payer": "BucketOwner",
            "server_side_encryption_configuration": [
              {
                "rule": [
                  {
                    "apply_server_side_encryption_by_default": [
                      {
                        "kms_master_key_id": "",
                        "sse_algorithm": "AES256"
                      }
                    ],
                    "bucket_key_enabled": false
                  }
                ]
              }
            ],
            "tags": {
              "git_commit": "6dad2010382f0d082b3b9599a3ff02ea251c0089",
              "git_file": "tests/terraform/main.tf",
              "git_last_modified_at": "2023-11-23 12:15:43",
              "git_last_modified_by": "steven.soutar@kingfisher.com",
              "git_modifiers": "steven.soutar",
              "git_org": "Bodsda",
              "git_repo": "lambda",
              "ipaas_transfer_enabled": "read",
              "yor_name": "test_buckets",
              "yor_trace": "8e461766-a84c-408b-93c8-64b2c855e817"
            },
            "tags_all": {
              "git_commit": "6dad2010382f0d082b3b9599a3ff02ea251c0089",
              "git_file": "tests/terraform/main.tf",
              "git_last_modified_at": "2023-11-23 12:15:43",
              "git_last_modified_by": "steven.soutar@kingfisher.com",
              "git_modifiers": "steven.soutar",
              "git_org": "Bodsda",
              "git_repo": "lambda",
              "ipaas_transfer_enabled": "read",
              "yor_name": "test_buckets",
              "yor_trace": "8e461766-a84c-408b-93c8-64b2c855e817"
            },
            "timeouts": null,
            "versioning": [
              {
                "enabled": false,
                "mfa_delete": false
              }
            ],
            "website": [],
            "website_domain": null,
            "website_endpoint": null
          },
          "sensitive_attributes": [],
          "private": "eyJlMmJmYjczMC1lY2FhLTExZTYtOGY4OC0zNDM2M2JjN2M0YzAiOnsiY3JlYXRlIjoxMjAwMDAwMDAwMDAwLCJkZWxldGUiOjM2MDAwMDAwMDAwMDAsInJlYWQiOjEyMDAwMDAwMDAwMDAsInVwZGF0ZSI6MTIwMDAwMDAwMDAwMH19",
          "dependencies": [
            "random_id.bucket_names"
          ]
        },
        {
          "index_key": 84,
          "schema_version": 0,
          "attributes": {
            "acceleration_status": "",
            "acl": null,
            "arn": "arn:aws:s3:::02b9531e16ae26d37d7a746ce24188cc2a92b151ef93-test-ipaas-bucket",
            "bucket": "02b9531e16ae26d37d7a746ce24188cc2a92b151ef93-test-ipaas-bucket",
            "bucket_domain_name": "02b9531e16ae26d37d7a746ce24188cc2a92b151ef93-test-ipaas-bucket.s3.amazonaws.com",
            "bucket_prefix": "",
            "bucket_regional_domain_name": "02b9531e16ae26d37d7a746ce24188cc2a92b151ef93-test-ipaas-bucket.s3.eu-west-1.amazonaws.com",
            "cors_rule": [],
            "force_destroy": false,
            "grant": [
              {
                "id": "ac3133221f9a6772efa7a43f0a53fb73eab15ca0636a1ed24c2d9dcba89226ca",
                "permissions": [
                  "FULL_CONTROL"
                ],
                "type": "CanonicalUser",
                "uri": ""
              }
            ],
            "hosted_zone_id": "Z1BKCTXD74EZPE",
            "id": "02b9531e16ae26d37d7a746ce24188cc2a92b151ef93-test-ipaas-bucket",
            "lifecycle_rule": [],
            "logging": [],
            "object_lock_configuration": [],
            "object_lock_enabled": false,
            "policy": "",
            "region": "eu-west-1",
            "replication_configuration": [],
            "request_payer": "BucketOwner",
            "server_side_encryption_configuration": [
              {
                "rule": [
                  {
                    "apply_server_side_encryption_by_default": [
                      {
                        "kms_master_key_id": "",
                        "sse_algorithm": "AES256"
                      }
                    ],
                    "bucket_key_enabled": false
                  }
                ]
              }
            ],
            "tags": {
              "git_commit": "6dad2010382f0d082b3b9599a3ff02ea251c0089",
              "git_file": "tests/terraform/main.tf",
              "git_last_modified_at": "2023-11-23 12:15:43",
              "git_last_modified_by": "steven.soutar@kingfisher.com",
              "git_modifiers": "steven.soutar",
              "git_org": "Bodsda",
              "git_repo": "lambda",
              "ipaas_transfer_enabled": "read",
              "yor_name": "test_buckets",
              "yor_trace": "8e461766-a84c-408b-93c8-64b2c855e817"
            },
            "tags_all": {
              "git_commit": "6dad2010382f0d082b3b9599a3ff02ea251c0089",
              "git_file": "tests/terraform/main.tf",
              "git_last_modified_at": "2023-11-23 12:15:43",
              "git_last_modified_by": "steven.soutar@kingfisher.com",
              "git_modifiers": "steven.soutar",
              "git_org": "Bodsda",
              "git_repo": "lambda",
              "ipaas_transfer_enabled": "read",
              "yor_name": "test_buckets",
              "yor_trace": "8e461766-a84c-408b-93c8-64b2c855e817"
            },
            "timeouts": null,
            "versioning": [
              {
                "enabled": false,
                "mfa_delete": false
              }
            ],
            "website": [],
            "website_domain": null,
            "website_endpoint": null
          },
          "sensitive_attributes": [],
          "private": "eyJlMmJmYjczMC1lY2FhLTExZTYtOGY4OC0zNDM2M2JjN2M0YzAiOnsiY3JlYXRlIjoxMjAwMDAwMDAwMDAwLCJkZWxldGUiOjM2MDAwMDAwMDAwMDAsInJlYWQiOjEyMDAwMDAwMDAwMDAsInVwZGF0ZSI6MTIwMDAwMDAwMDAwMH19",
          "dependencies": [
            "random_id.bucket_names"
          ]
        },
        {
          "index_key": 85,
          "schema_version": 0,
          "attributes": {
            "acceleration_status": "",
            "acl": null,
            "arn": "arn:aws:s3:::a23b9839d13afa98728ea62409aa4974283ad4568270-test-ipaas-bucket",
            "bucket": "a23b9839d13afa98728ea62409aa4974283ad4568270-test-ipaas-bucket",
            "bucket_domain_name": "a23b9839d13afa98728ea62409aa4974283ad4568270-test-ipaas-bucket.s3.amazonaws.com",
            "bucket_prefix": "",
            "bucket_regional_domain_name": "a23b9839d13afa98728ea62409aa4974283ad4568270-test-ipaas-bucket.s3.eu-west-1.amazonaws.com",
            "cors_rule": [],
            "force_destroy": false,
            "grant": [
              {
                "id": "ac3133221f9a6772efa7a43f0a53fb73eab15ca0636a1ed24c2d9dcba89226ca",
                "permissions": [
                  "FULL_CONTROL"
                ],
                "type": "CanonicalUser",
                "uri": ""
              }
            ],
            "hosted_zone_id": "Z1BKCTXD74EZPE",
            "id": "a23b9839d13afa98728ea62409aa4974283ad4568270-test-ipaas-bucket",
            "lifecycle_rule": [],
            "logging": [],
            "object_lock_configuration": [],
            "object_lock_enabled": false,
            "policy": "",
            "region": "eu-west-1",
            "replication_configuration": [],
            "request_payer": "BucketOwner",
            "server_side_encryption_configuration": [
              {
                "rule": [
                  {
                    "apply_server_side_encryption_by_default": [
                      {
                        "kms_master_key_id": "",
                        "sse_algorithm": "AES256"
                      }
                    ],
                    "bucket_key_enabled": false
                  }
                ]
              }
            ],
            "tags": {
              "git_commit": "6dad2010382f0d082b3b9599a3ff02ea251c0089",
              "git_file": "tests/terraform/main.tf",
              "git_last_modified_at": "2023-11-23 12:15:43",
              "git_last_modified_by": "steven.soutar@kingfisher.com",
              "git_modifiers": "steven.soutar",
              "git_org": "Bodsda",
              "git_repo": "lambda",
              "ipaas_transfer_enabled": "read",
              "yor_name": "test_buckets",
              "yor_trace": "8e461766-a84c-408b-93c8-64b2c855e817"
            },
            "tags_all": {
              "git_commit": "6dad2010382f0d082b3b9599a3ff02ea251c0089",
              "git_file": "tests/terraform/main.tf",
              "git_last_modified_at": "2023-11-23 12:15:43",
              "git_last_modified_by": "steven.soutar@kingfisher.com",
              "git_modifiers": "steven.soutar",
              "git_org": "Bodsda",
              "git_repo": "lambda",
              "ipaas_transfer_enabled": "read",
              "yor_name": "test_buckets",
              "yor_trace": "8e461766-a84c-408b-93c8-64b2c855e817"
            },
            "timeouts": null,
            "versioning": [
              {
                "enabled": false,
                "mfa_delete": false
              }
            ],
            "website": [],
            "website_domain": null,
            "website_endpoint": null
          },
          "sensitive_attributes": [],
          "private": "eyJlMmJmYjczMC1lY2FhLTExZTYtOGY4OC0zNDM2M2JjN2M0YzAiOnsiY3JlYXRlIjoxMjAwMDAwMDAwMDAwLCJkZWxldGUiOjM2MDAwMDAwMDAwMDAsInJlYWQiOjEyMDAwMDAwMDAwMDAsInVwZGF0ZSI6MTIwMDAwMDAwMDAwMH19",
          "dependencies": [
            "random_id.bucket_names"
          ]
        },
        {
          "index_key": 86,
          "schema_version": 0,
          "attributes": {
            "acceleration_status": "",
            "acl": null,
            "arn": "arn:aws:s3:::1ac9b8ce6c67ddf2e7153fd2731315eeaa7bf32db5f0-test-ipaas-bucket",
            "bucket": "1ac9b8ce6c67ddf2e7153fd2731315eeaa7bf32db5f0-test-ipaas-bucket",
            "bucket_domain_name": "1ac9b8ce6c67ddf2e7153fd2731315eeaa7bf32db5f0-test-ipaas-bucket.s3.amazonaws.com",
            "bucket_prefix": "",
            "bucket_regional_domain_name": "1ac9b8ce6c67ddf2e7153fd2731315eeaa7bf32db5f0-test-ipaas-bucket.s3.eu-west-1.amazonaws.com",
            "cors_rule": [],
            "force_destroy": false,
            "grant": [
              {
                "id": "ac3133221f9a6772efa7a43f0a53fb73eab15ca0636a1ed24c2d9dcba89226ca",
                "permissions": [
                  "FULL_CONTROL"
                ],
                "type": "CanonicalUser",
                "uri": ""
              }
            ],
            "hosted_zone_id": "Z1BKCTXD74EZPE",
            "id": "1ac9b8ce6c67ddf2e7153fd2731315eeaa7bf32db5f0-test-ipaas-bucket",
            "lifecycle_rule": [],
            "logging": [],
            "object_lock_configuration": [],
            "object_lock_enabled": false,
            "policy": "",
            "region": "eu-west-1",
            "replication_configuration": [],
            "request_payer": "BucketOwner",
            "server_side_encryption_configuration": [
              {
                "rule": [
                  {
                    "apply_server_side_encryption_by_default": [
                      {
                        "kms_master_key_id": "",
                        "sse_algorithm": "AES256"
                      }
                    ],
                    "bucket_key_enabled": false
                  }
                ]
              }
            ],
            "tags": {
              "git_commit": "6dad2010382f0d082b3b9599a3ff02ea251c0089",
              "git_file": "tests/terraform/main.tf",
              "git_last_modified_at": "2023-11-23 12:15:43",
              "git_last_modified_by": "steven.soutar@kingfisher.com",
              "git_modifiers": "steven.soutar",
              "git_org": "Bodsda",
              "git_repo": "lambda",
              "ipaas_transfer_enabled": "read",
              "yor_name": "test_buckets",
              "yor_trace": "8e461766-a84c-408b-93c8-64b2c855e817"
            },
            "tags_all": {
              "git_commit": "6dad2010382f0d082b3b9599a3ff02ea251c0089",
              "git_file": "tests/terraform/main.tf",
              "git_last_modified_at": "2023-11-23 12:15:43",
              "git_last_modified_by": "steven.soutar@kingfisher.com",
              "git_modifiers": "steven.soutar",
              "git_org": "Bodsda",
              "git_repo": "lambda",
              "ipaas_transfer_enabled": "read",
              "yor_name": "test_buckets",
              "yor_trace": "8e461766-a84c-408b-93c8-64b2c855e817"
            },
            "timeouts": null,
            "versioning": [
              {
                "enabled": false,
                "mfa_delete": false
              }
            ],
            "website": [],
            "website_domain": null,
            "website_endpoint": null
          },
          "sensitive_attributes": [],
          "private": "eyJlMmJmYjczMC1lY2FhLTExZTYtOGY4OC0zNDM2M2JjN2M0YzAiOnsiY3JlYXRlIjoxMjAwMDAwMDAwMDAwLCJkZWxldGUiOjM2MDAwMDAwMDAwMDAsInJlYWQiOjEyMDAwMDAwMDAwMDAsInVwZGF0ZSI6MTIwMDAwMDAwMDAwMH19",
          "dependencies": [
            "random_id.bucket_names"
          ]
        },
        {
          "index_key": 87,
          "schema_version": 0,
          "attributes": {
            "acceleration_status": "",
            "acl": null,
            "arn": "arn:aws:s3:::f2797278098f45f971de7913b11bf8ef19c483a31263-test-ipaas-bucket",
            "bucket": "f2797278098f45f971de7913b11bf8ef19c483a31263-test-ipaas-bucket",
            "bucket_domain_name": "f2797278098f45f971de7913b11bf8ef19c483a31263-test-ipaas-bucket.s3.amazonaws.com",
            "bucket_prefix": "",
            "bucket_regional_domain_name": "f2797278098f45f971de7913b11bf8ef19c483a31263-test-ipaas-bucket.s3.eu-west-1.amazonaws.com",
            "cors_rule": [],
            "force_destroy": false,
            "grant": [
              {
                "id": "ac3133221f9a6772efa7a43f0a53fb73eab15ca0636a1ed24c2d9dcba89226ca",
                "permissions": [
                  "FULL_CONTROL"
                ],
                "type": "CanonicalUser",
                "uri": ""
              }
            ],
            "hosted_zone_id": "Z1BKCTXD74EZPE",
            "id": "f2797278098f45f971de7913b11bf8ef19c483a31263-test-ipaas-bucket",
            "lifecycle_rule": [],
            "logging": [],
            "object_lock_configuration": [],
            "object_lock_enabled": false,
            "policy": "",
            "region": "eu-west-1",
            "replication_configuration": [],
            "request_payer": "BucketOwner",
            "server_side_encryption_configuration": [
              {
                "rule": [
                  {
                    "apply_server_side_encryption_by_default": [
                      {
                        "kms_master_key_id": "",
                        "sse_algorithm": "AES256"
                      }
                    ],
                    "bucket_key_enabled": false
                  }
                ]
              }
            ],
            "tags": {
              "git_commit": "6dad2010382f0d082b3b9599a3ff02ea251c0089",
              "git_file": "tests/terraform/main.tf",
              "git_last_modified_at": "2023-11-23 12:15:43",
              "git_last_modified_by": "steven.soutar@kingfisher.com",
              "git_modifiers": "steven.soutar",
              "git_org": "Bodsda",
              "git_repo": "lambda",
              "ipaas_transfer_enabled": "read",
              "yor_name": "test_buckets",
              "yor_trace": "8e461766-a84c-408b-93c8-64b2c855e817"
            },
            "tags_all": {
              "git_commit": "6dad2010382f0d082b3b9599a3ff02ea251c0089",
              "git_file": "tests/terraform/main.tf",
              "git_last_modified_at": "2023-11-23 12:15:43",
              "git_last_modified_by": "steven.soutar@kingfisher.com",
              "git_modifiers": "steven.soutar",
              "git_org": "Bodsda",
              "git_repo": "lambda",
              "ipaas_transfer_enabled": "read",
              "yor_name": "test_buckets",
              "yor_trace": "8e461766-a84c-408b-93c8-64b2c855e817"
            },
            "timeouts": null,
            "versioning": [
              {
                "enabled": false,
                "mfa_delete": false
              }
            ],
            "website": [],
            "website_domain": null,
            "website_endpoint": null
          },
          "sensitive_attributes": [],
          "private": "eyJlMmJmYjczMC1lY2FhLTExZTYtOGY4OC0zNDM2M2JjN2M0YzAiOnsiY3JlYXRlIjoxMjAwMDAwMDAwMDAwLCJkZWxldGUiOjM2MDAwMDAwMDAwMDAsInJlYWQiOjEyMDAwMDAwMDAwMDAsInVwZGF0ZSI6MTIwMDAwMDAwMDAwMH19",
          "dependencies": [
            "random_id.bucket_names"
          ]
        }
      ]
    },
    {
      "mode": "managed",
      "type": "random_id",
      "name": "bucket_names",
      "provider": "provider[\"registry.terraform.io/hashicorp/random\"]",
      "instances": [
        {
          "index_key": 0,
          "schema_version": 0,
          "attributes": {
            "b64_std": "93G9BvuHHrYTqEbjA2p0sxAozNfOag==",
            "b64_url": "93G9BvuHHrYTqEbjA2p0sxAozNfOag",
            "byte_length": 22,
            "dec": "92579900371697364961108983095669888745068913910861418",
            "hex": "f771bd06fb871eb613a846e3036a74b31028ccd7ce6a",
            "id": "93G9BvuHHrYTqEbjA2p0sxAozNfOag",
            "keepers": null,
            "prefix": null
          },
          "sensitive_attributes": []
        },
        {
          "index_key": 1,
          "schema_version": 0,
          "attributes": {
            "b64_std": "mMkx2WK0bnv2zd3FFFSc8TVgETsw+Q==",
            "b64_url": "mMkx2WK0bnv2zd3FFFSc8TVgETsw-Q",
            "byte_length": 22,
            "dec": "57163998129331485995078740204910522582035512321323257",
            "hex": "98c931d962b46e7bf6cdddc514549cf13560113b30f9",
            "id": "mMkx2WK0bnv2zd3FFFSc8TVgETsw-Q",
            "keepers": null,
            "prefix": null
          },
          "sensitive_attributes": []
        },
        {
          "index_key": 2,
          "schema_version": 0,
          "attributes": {
            "b64_std": "UHtNE7tRX0C314k8wmZmOrleV5f0wA==",
            "b64_url": "UHtNE7tRX0C314k8wmZmOrleV5f0wA",
            "byte_length": 22,
            "dec": "30111758266249791985130842386715658569883435052561600",
            "hex": "507b4d13bb515f40b7d7893cc266663ab95e5797f4c0",
            "id": "UHtNE7tRX0C314k8wmZmOrleV5f0wA",
            "keepers": null,
            "prefix": null
          },
          "sensitive_attributes": []
        },
        {
          "index_key": 3,
          "schema_version": 0,
          "attributes": {
            "b64_std": "8pjcRyZ5m55Eayq5P1MkBi2/GdITwQ==",
            "b64_url": "8pjcRyZ5m55Eayq5P1MkBi2_GdITwQ",
            "byte_length": 22,
            "dec": "90766355249472533056405484917573067235115612589134785",
            "hex": "f298dc4726799b9e446b2ab93f5324062dbf19d213c1",
            "id": "8pjcRyZ5m55Eayq5P1MkBi2_GdITwQ",
            "keepers": null,
            "prefix": null
          },
          "sensitive_attributes": []
        },
        {
          "index_key": 4,
          "schema_version": 0,
          "attributes": {
            "b64_std": "7JUJSHyCTFxjkUSqfCqQkadC7EYEwg==",
            "b64_url": "7JUJSHyCTFxjkUSqfCqQkadC7EYEwg",
            "byte_length": 22,
            "dec": "88515899662362988614043207290980881160682641742496962",
            "hex": "ec9509487c824c5c639144aa7c2a9091a742ec4604c2",
            "id": "7JUJSHyCTFxjkUSqfCqQkadC7EYEwg",
            "keepers": null,
            "prefix": null
          },
          "sensitive_attributes": []
        },
        {
          "index_key": 5,
          "schema_version": 0,
          "attributes": {
            "b64_std": "hd4G0bENGl+yg3QbN28zOk2RmsyPKQ==",
            "b64_url": "hd4G0bENGl-yg3QbN28zOk2RmsyPKQ",
            "byte_length": 22,
            "dec": "50085700041553747780285972754017462952033718304018217",
            "hex": "85de06d1b10d1a5fb283741b376f333a4d919acc8f29",
            "id": "hd4G0bENGl-yg3QbN28zOk2RmsyPKQ",
            "keepers": null,
            "prefix": null
          },
          "sensitive_attributes": []
        },
        {
          "index_key": 6,
          "schema_version": 0,
          "attributes": {
            "b64_std": "GRpwW3qB+6pc5C48qzPV1ERF1FBSvQ==",
            "b64_url": "GRpwW3qB-6pc5C48qzPV1ERF1FBSvQ",
            "byte_length": 22,
            "dec": "9392250968494457318499317858622885405814355575984829",
            "hex": "191a705b7a81fbaa5ce42e3cab33d5d44445d45052bd",
            "id": "GRpwW3qB-6pc5C48qzPV1ERF1FBSvQ",
            "keepers": null,
            "prefix": null
          },
          "sensitive_attributes": []
        },
        {
          "index_key": 7,
          "schema_version": 0,
          "attributes": {
            "b64_std": "O/0vcULtHqJ6stkWT5GfmMhCZT6aIw==",
            "b64_url": "O_0vcULtHqJ6stkWT5GfmMhCZT6aIw",
            "byte_length": 22,
            "dec": "22444551492871210782209069021750935069901541146008099",
            "hex": "3bfd2f7142ed1ea27ab2d9164f919f98c842653e9a23",
            "id": "O_0vcULtHqJ6stkWT5GfmMhCZT6aIw",
            "keepers": null,
            "prefix": null
          },
          "sensitive_attributes": []
        },
        {
          "index_key": 8,
          "schema_version": 0,
          "attributes": {
            "b64_std": "1fstP6MQ+PQC6mqhKQdh+L9Wcytx6A==",
            "b64_url": "1fstP6MQ-PQC6mqhKQdh-L9Wcytx6A",
            "byte_length": 22,
            "dec": "80059856515086243576757680429517043166913769702650344",
            "hex": "d5fb2d3fa310f8f402ea6aa1290761f8bf56732b71e8",
            "id": "1fstP6MQ-PQC6mqhKQdh-L9Wcytx6A",
            "keepers": null,
            "prefix": null
          },
          "sensitive_attributes": []
        },
        {
          "index_key": 9,
          "schema_version": 0,
          "attributes": {
            "b64_std": "qCM+hvN33E6SqC0Rd7WRdZpPdysQ1Q==",
            "b64_url": "qCM-hvN33E6SqC0Rd7WRdZpPdysQ1Q",
            "byte_length": 22,
            "dec": "62907771942570773910609325016182017183237367573188821",
            "hex": "a8233e86f377dc4e92a82d1177b591759a4f772b10d5",
            "id": "qCM-hvN33E6SqC0Rd7WRdZpPdysQ1Q",
            "keepers": null,
            "prefix": null
          },
          "sensitive_attributes": []
        },
        {
          "index_key": 10,
          "schema_version": 0,
          "attributes": {
            "b64_std": "qEigU3pKn94mSqTE6fig4+NwKV8cFQ==",
            "b64_url": "qEigU3pKn94mSqTE6fig4-NwKV8cFQ",
            "byte_length": 22,
            "dec": "62962405836353573288125118020003255651379920058129429",
            "hex": "a848a0537a4a9fde264aa4c4e9f8a0e3e370295f1c15",
            "id": "qEigU3pKn94mSqTE6fig4-NwKV8cFQ",
            "keepers": null,
            "prefix": null
          },
          "sensitive_attributes": []
        },
        {
          "index_key": 11,
          "schema_version": 0,
          "attributes": {
            "b64_std": "mpu7p0SHOR4swUfXtz8k3FYa6hFpaQ==",
            "b64_url": "mpu7p0SHOR4swUfXtz8k3FYa6hFpaQ",
            "byte_length": 22,
            "dec": "57845844615388048297755166481381463416482103175506281",
            "hex": "9a9bbba74487391e2cc147d7b73f24dc561aea116969",
            "id": "mpu7p0SHOR4swUfXtz8k3FYa6hFpaQ",
            "keepers": null,
            "prefix": null
          },
          "sensitive_attributes": []
        },
        {
          "index_key": 12,
          "schema_version": 0,
          "attributes": {
            "b64_std": "VC8kGHUzKQuhk2IWAyP0Ig4Gog/GbA==",
            "b64_url": "VC8kGHUzKQuhk2IWAyP0Ig4Gog_GbA",
            "byte_length": 22,
            "dec": "31497027855213469626634593806850652590515630430471788",
            "hex": "542f24187533290ba19362160323f4220e06a20fc66c",
            "id": "VC8kGHUzKQuhk2IWAyP0Ig4Gog_GbA",
            "keepers": null,
            "prefix": null
          },
          "sensitive_attributes": []
        },
        {
          "index_key": 13,
          "schema_version": 0,
          "attributes": {
            "b64_std": "UwcX4Qa+1b8pMn5CftL030KRSh6wZg==",
            "b64_url": "UwcX4Qa-1b8pMn5CftL030KRSh6wZg",
            "byte_length": 22,
            "dec": "31064353626511351627551506559775869341174413284782182",
            "hex": "530717e106bed5bf29327e427ed2f4df42914a1eb066",
            "id": "UwcX4Qa-1b8pMn5CftL030KRSh6wZg",
            "keepers": null,
            "prefix": null
          },
          "sensitive_attributes": []
        },
        {
          "index_key": 14,
          "schema_version": 0,
          "attributes": {
            "b64_std": "vFOygdMvlZdUYLTDvy0juMYutDM2pA==",
            "b64_url": "vFOygdMvlZdUYLTDvy0juMYutDM2pA",
            "byte_length": 22,
            "dec": "70461474532910382286969826223500298884470633873487524",
            "hex": "bc53b281d32f95975460b4c3bf2d23b8c62eb43336a4",
            "id": "vFOygdMvlZdUYLTDvy0juMYutDM2pA",
            "keepers": null,
            "prefix": null
          },
          "sensitive_attributes": []
        },
        {
          "index_key": 15,
          "schema_version": 0,
          "attributes": {
            "b64_std": "PYZGz+ziihCjsOF44FQ2kjSHvuuYqw==",
            "b64_url": "PYZGz-ziihCjsOF44FQ2kjSHvuuYqw",
            "byte_length": 22,
            "dec": "23019055054205521540993487791795656092013508434827435",
            "hex": "3d8646cfece28a10a3b0e178e05436923487beeb98ab",
            "id": "PYZGz-ziihCjsOF44FQ2kjSHvuuYqw",
            "keepers": null,
            "prefix": null
          },
          "sensitive_attributes": []
        },
        {
          "index_key": 16,
          "schema_version": 0,
          "attributes": {
            "b64_std": "onFktEIcg/yxL+7aUDXD1oOQiCCEiQ==",
            "b64_url": "onFktEIcg_yxL-7aUDXD1oOQiCCEiQ",
            "byte_length": 22,
            "dec": "60777120507375930191654825434575226244434489918915721",
            "hex": "a27164b4421c83fcb12feeda5035c3d6839088208489",
            "id": "onFktEIcg_yxL-7aUDXD1oOQiCCEiQ",
            "keepers": null,
            "prefix": null
          },
          "sensitive_attributes": []
        },
        {
          "index_key": 17,
          "schema_version": 0,
          "attributes": {
            "b64_std": "ijN4BdbOSkwX9yI8dY71D4JXbTP2sw==",
            "b64_url": "ijN4BdbOSkwX9yI8dY71D4JXbTP2sw",
            "byte_length": 22,
            "dec": "51707151636238465311478920192491817174404294855882419",
            "hex": "8a337805d6ce4a4c17f7223c758ef50f82576d33f6b3",
            "id": "ijN4BdbOSkwX9yI8dY71D4JXbTP2sw",
            "keepers": null,
            "prefix": null
          },
          "sensitive_attributes": []
        },
        {
          "index_key": 18,
          "schema_version": 0,
          "attributes": {
            "b64_std": "66MThCkiwJxdDaPq7zSdNs7SeeKDYw==",
            "b64_url": "66MThCkiwJxdDaPq7zSdNs7SeeKDYw",
            "byte_length": 22,
            "dec": "88162274686818497941132422721270022547340656763896675",
            "hex": "eba313842922c09c5d0da3eaef349d36ced279e28363",
            "id": "66MThCkiwJxdDaPq7zSdNs7SeeKDYw",
            "keepers": null,
            "prefix": null
          },
          "sensitive_attributes": []
        },
        {
          "index_key": 19,
          "schema_version": 0,
          "attributes": {
            "b64_std": "Blw02s8qRAgIqRypc0yGASc2KyXzyQ==",
            "b64_url": "Blw02s8qRAgIqRypc0yGASc2KyXzyQ",
            "byte_length": 22,
            "dec": "2379626412703871546669500306532271409092441665827785",
            "hex": "065c34dacf2a440808a91ca9734c860127362b25f3c9",
            "id": "Blw02s8qRAgIqRypc0yGASc2KyXzyQ",
            "keepers": null,
            "prefix": null
          },
          "sensitive_attributes": []
        },
        {
          "index_key": 20,
          "schema_version": 0,
          "attributes": {
            "b64_std": "r2VYqwoSY+mAmCrJgdTdm3zqBKlkbg==",
            "b64_url": "r2VYqwoSY-mAmCrJgdTdm3zqBKlkbg",
            "byte_length": 22,
            "dec": "65623391223287514124785476849104925560333438647100526",
            "hex": "af6558ab0a1263e980982ac981d4dd9b7cea04a9646e",
            "id": "r2VYqwoSY-mAmCrJgdTdm3zqBKlkbg",
            "keepers": null,
            "prefix": null
          },
          "sensitive_attributes": []
        },
        {
          "index_key": 21,
          "schema_version": 0,
          "attributes": {
            "b64_std": "z8Tc8+7Oii5hRB9F6jH4LEMBkdoQpg==",
            "b64_url": "z8Tc8-7Oii5hRB9F6jH4LEMBkdoQpg",
            "byte_length": 22,
            "dec": "77735610504209734794680860328871115498621261573656742",
            "hex": "cfc4dcf3eece8a2e61441f45ea31f82c430191da10a6",
            "id": "z8Tc8-7Oii5hRB9F6jH4LEMBkdoQpg",
            "keepers": null,
            "prefix": null
          },
          "sensitive_attributes": []
        },
        {
          "index_key": 22,
          "schema_version": 0,
          "attributes": {
            "b64_std": "PjQ1c8RaNqUw64o0cuwkev5ywFevoQ==",
            "b64_url": "PjQ1c8RaNqUw64o0cuwkev5ywFevoQ",
            "byte_length": 22,
            "dec": "23273257231058555655672786809065235087415754855264161",
            "hex": "3e343573c45a36a530eb8a3472ec247afe72c057afa1",
            "id": "PjQ1c8RaNqUw64o0cuwkev5ywFevoQ",
            "keepers": null,
            "prefix": null
          },
          "sensitive_attributes": []
        },
        {
          "index_key": 23,
          "schema_version": 0,
          "attributes": {
            "b64_std": "61PkNLgFJX2JX4ZwfyphAtunHwz5tg==",
            "b64_url": "61PkNLgFJX2JX4ZwfyphAtunHwz5tg",
            "byte_length": 22,
            "dec": "88046545963290494516886213726156055573284423753071030",
            "hex": "eb53e434b805257d895f86707f2a6102dba71f0cf9b6",
            "id": "61PkNLgFJX2JX4ZwfyphAtunHwz5tg",
            "keepers": null,
            "prefix": null
          },
          "sensitive_attributes": []
        },
        {
          "index_key": 24,
          "schema_version": 0,
          "attributes": {
            "b64_std": "TlzSVXsIg3ze9M+cSgkdCn//IQGNyQ==",
            "b64_url": "TlzSVXsIg3ze9M-cSgkdCn__IQGNyQ",
            "byte_length": 22,
            "dec": "29318923639200835626345200718582686541355929003199945",
            "hex": "4e5cd2557b08837cdef4cf9c4a091d0a7fff21018dc9",
            "id": "TlzSVXsIg3ze9M-cSgkdCn__IQGNyQ",
            "keepers": null,
            "prefix": null
          },
          "sensitive_attributes": []
        },
        {
          "index_key": 25,
          "schema_version": 0,
          "attributes": {
            "b64_std": "AZETa1hCNqVSRHh25AOf2T4cJQCwdw==",
            "b64_url": "AZETa1hCNqVSRHh25AOf2T4cJQCwdw",
            "byte_length": 22,
            "dec": "586173021262486400848334263651542861600433606013047",
            "hex": "0191136b584236a552447876e4039fd93e1c2500b077",
            "id": "AZETa1hCNqVSRHh25AOf2T4cJQCwdw",
            "keepers": null,
            "prefix": null
          },
          "sensitive_attributes": []
        },
        {
          "index_key": 26,
          "schema_version": 0,
          "attributes": {
            "b64_std": "kSIZk1Kuprd7Iug+VwQefAnFPYjw4A==",
            "b64_url": "kSIZk1Kuprd7Iug-VwQefAnFPYjw4A",
            "byte_length": 22,
            "dec": "54300777843573819985713124849323697020486998454497504",
            "hex": "9122199352aea6b77b22e83e57041e7c09c53d88f0e0",
            "id": "kSIZk1Kuprd7Iug-VwQefAnFPYjw4A",
            "keepers": null,
            "prefix": null
          },
          "sensitive_attributes": []
        },
        {
          "index_key": 27,
          "schema_version": 0,
          "attributes": {
            "b64_std": "n5ct+GjJTdXxxFWhTPLMG5WnwuhjpA==",
            "b64_url": "n5ct-GjJTdXxxFWhTPLMG5WnwuhjpA",
            "byte_length": 22,
            "dec": "59709911837451712985657369957361016435361115930125220",
            "hex": "9f972df868c94dd5f1c455a14cf2cc1b95a7c2e863a4",
            "id": "n5ct-GjJTdXxxFWhTPLMG5WnwuhjpA",
            "keepers": null,
            "prefix": null
          },
          "sensitive_attributes": []
        },
        {
          "index_key": 28,
          "schema_version": 0,
          "attributes": {
            "b64_std": "VnEn3bc6FOTqd5pESaFZKOYn0EpPdA==",
            "b64_url": "VnEn3bc6FOTqd5pESaFZKOYn0EpPdA",
            "byte_length": 22,
            "dec": "32341797327561614157891199788494671695780122651676532",
            "hex": "567127ddb73a14e4ea779a4449a15928e627d04a4f74",
            "id": "VnEn3bc6FOTqd5pESaFZKOYn0EpPdA",
            "keepers": null,
            "prefix": null
          },
          "sensitive_attributes": []
        },
        {
          "index_key": 29,
          "schema_version": 0,
          "attributes": {
            "b64_std": "DhRLkPwOoXmpwiZOudLUV4k4APnx8g==",
            "b64_url": "DhRLkPwOoXmpwiZOudLUV4k4APnx8g",
            "byte_length": 22,
            "dec": "5267683308512969138938955893800154237643405328511474",
            "hex": "0e144b90fc0ea179a9c2264eb9d2d457893800f9f1f2",
            "id": "DhRLkPwOoXmpwiZOudLUV4k4APnx8g",
            "keepers": null,
            "prefix": null
          },
          "sensitive_attributes": []
        },
        {
          "index_key": 30,
          "schema_version": 0,
          "attributes": {
            "b64_std": "gnA1BdBBnne2cVcPkyHUyEped+x5YQ==",
            "b64_url": "gnA1BdBBnne2cVcPkyHUyEped-x5YQ",
            "byte_length": 22,
            "dec": "48802765379909774368068374757594803877885924397054305",
            "hex": "82703505d0419e77b671570f9321d4c84a5e77ec7961",
            "id": "gnA1BdBBnne2cVcPkyHUyEped-x5YQ",
            "keepers": null,
            "prefix": null
          },
          "sensitive_attributes": []
        },
        {
          "index_key": 31,
          "schema_version": 0,
          "attributes": {
            "b64_std": "l6FhUT7vSFuh1uyRE1QFwg3K9lEVgw==",
            "b64_url": "l6FhUT7vSFuh1uyRE1QFwg3K9lEVgw",
            "byte_length": 22,
            "dec": "56731664640221174962987205443181684125975226952521091",
            "hex": "97a161513eef485ba1d6ec91135405c20dcaf6511583",
            "id": "l6FhUT7vSFuh1uyRE1QFwg3K9lEVgw",
            "keepers": null,
            "prefix": null
          },
          "sensitive_attributes": []
        },
        {
          "index_key": 32,
          "schema_version": 0,
          "attributes": {
            "b64_std": "hGjdwU+MUnxoamOTux1jE8NNi2jkEA==",
            "b64_url": "hGjdwU-MUnxoamOTux1jE8NNi2jkEA",
            "byte_length": 22,
            "dec": "49540325496902080463013478223948091932319893739332624",
            "hex": "8468ddc14f8c527c686a6393bb1d6313c34d8b68e410",
            "id": "hGjdwU-MUnxoamOTux1jE8NNi2jkEA",
            "keepers": null,
            "prefix": null
          },
          "sensitive_attributes": []
        },
        {
          "index_key": 33,
          "schema_version": 0,
          "attributes": {
            "b64_std": "KrVwG8T84XcxfZMAaB1D4ka9BRZgHw==",
            "b64_url": "KrVwG8T84XcxfZMAaB1D4ka9BRZgHw",
            "byte_length": 22,
            "dec": "15979237427185273129349674902594099436556218701078559",
            "hex": "2ab5701bc4fce177317d9300681d43e246bd0516601f",
            "id": "KrVwG8T84XcxfZMAaB1D4ka9BRZgHw",
            "keepers": null,
            "prefix": null
          },
          "sensitive_attributes": []
        },
        {
          "index_key": 34,
          "schema_version": 0,
          "attributes": {
            "b64_std": "OVCTBHQTElKIz0Esp5CEWRJMti5/oQ==",
            "b64_url": "OVCTBHQTElKIz0Esp5CEWRJMti5_oQ",
            "byte_length": 22,
            "dec": "21443991343876814402119799780308723542459749908774817",
            "hex": "395093047413125288cf412ca7908459124cb62e7fa1",
            "id": "OVCTBHQTElKIz0Esp5CEWRJMti5_oQ",
            "keepers": null,
            "prefix": null
          },
          "sensitive_attributes": []
        },
        {
          "index_key": 35,
          "schema_version": 0,
          "attributes": {
            "b64_std": "1r2TlXW3D0NYeCiu7hb+5e+aC7Eyjw==",
            "b64_url": "1r2TlXW3D0NYeCiu7hb-5e-aC7Eyjw",
            "byte_length": 22,
            "dec": "80343972063700501223144755577425515434106636595180175",
            "hex": "d6bd939575b70f43587828aeee16fee5ef9a0bb1328f",
            "id": "1r2TlXW3D0NYeCiu7hb-5e-aC7Eyjw",
            "keepers": null,
            "prefix": null
          },
          "sensitive_attributes": []
        },
        {
          "index_key": 36,
          "schema_version": 0,
          "attributes": {
            "b64_std": "26MjoDtdvQialdvteh6JLtF1NAaSCg==",
            "b64_url": "26MjoDtdvQialdvteh6JLtF1NAaSCg",
            "byte_length": 22,
            "dec": "82176055950172411379984082081006840409297320084410890",
            "hex": "dba323a03b5dbd089a95dbed7a1e892ed1753406920a",
            "id": "26MjoDtdvQialdvteh6JLtF1NAaSCg",
            "keepers": null,
            "prefix": null
          },
          "sensitive_attributes": []
        },
        {
          "index_key": 37,
          "schema_version": 0,
          "attributes": {
            "b64_std": "h12m6xuk0fU3n5Qm3j88FPMjEHSk4A==",
            "b64_url": "h12m6xuk0fU3n5Qm3j88FPMjEHSk4A",
            "byte_length": 22,
            "dec": "50646369173978974346794337083622685065953664465937632",
            "hex": "875da6eb1ba4d1f5379f9426de3f3c14f3231074a4e0",
            "id": "h12m6xuk0fU3n5Qm3j88FPMjEHSk4A",
            "keepers": null,
            "prefix": null
          },
          "sensitive_attributes": []
        },
        {
          "index_key": 38,
          "schema_version": 0,
          "attributes": {
            "b64_std": "HbaSgcFxjMUHnEMjIRgd2kUSxZydGg==",
            "b64_url": "HbaSgcFxjMUHnEMjIRgd2kUSxZydGg",
            "byte_length": 22,
            "dec": "11117017859838828694126192042049019225590149983018266",
            "hex": "1db69281c1718cc5079c432321181dda4512c59c9d1a",
            "id": "HbaSgcFxjMUHnEMjIRgd2kUSxZydGg",
            "keepers": null,
            "prefix": null
          },
          "sensitive_attributes": []
        },
        {
          "index_key": 39,
          "schema_version": 0,
          "attributes": {
            "b64_std": "Iq5L2pnIZNg0EyswEEJeqBCQriWMfg==",
            "b64_url": "Iq5L2pnIZNg0EyswEEJeqBCQriWMfg",
            "byte_length": 22,
            "dec": "12975644585490391441787885650607070336410496681741438",
            "hex": "22ae4bda99c864d834132b3010425ea81090ae258c7e",
            "id": "Iq5L2pnIZNg0EyswEEJeqBCQriWMfg",
            "keepers": null,
            "prefix": null
          },
          "sensitive_attributes": []
        },
        {
          "index_key": 40,
          "schema_version": 0,
          "attributes": {
            "b64_std": "D1ULzduYlHmA+dGwteD9fJYf6eSw6w==",
            "b64_url": "D1ULzduYlHmA-dGwteD9fJYf6eSw6w",
            "byte_length": 22,
            "dec": "5736461316204549610416687397867073487200211978989803",
            "hex": "0f550bcddb98947980f9d1b0b5e0fd7c961fe9e4b0eb",
            "id": "D1ULzduYlHmA-dGwteD9fJYf6eSw6w",
            "keepers": null,
            "prefix": null
          },
          "sensitive_attributes": []
        },
        {
          "index_key": 41,
          "schema_version": 0,
          "attributes": {
            "b64_std": "RvPIdlTavyoDsmWk+W0OyDrVkjBo8A==",
            "b64_url": "RvPIdlTavyoDsmWk-W0OyDrVkjBo8A",
            "byte_length": 22,
            "dec": "26546398675875155572807174526528273953207890402633968",
            "hex": "46f3c87654dabf2a03b265a4f96d0ec83ad5923068f0",
            "id": "RvPIdlTavyoDsmWk-W0OyDrVkjBo8A",
            "keepers": null,
            "prefix": null
          },
          "sensitive_attributes": []
        },
        {
          "index_key": 42,
          "schema_version": 0,
          "attributes": {
            "b64_std": "7DqUTSUAAEv5pP/1T/rl8qDoNQXBzg==",
            "b64_url": "7DqUTSUAAEv5pP_1T_rl8qDoNQXBzg",
            "byte_length": 22,
            "dec": "88383696666963640264517991118469507590251279332786638",
            "hex": "ec3a944d2500004bf9a4fff54ffae5f2a0e83505c1ce",
            "id": "7DqUTSUAAEv5pP_1T_rl8qDoNQXBzg",
            "keepers": null,
            "prefix": null
          },
          "sensitive_attributes": []
        },
        {
          "index_key": 43,
          "schema_version": 0,
          "attributes": {
            "b64_std": "UWP/B8/E+WEwVIThNoZd/Kjkv2A2aA==",
            "b64_url": "UWP_B8_E-WEwVIThNoZd_Kjkv2A2aA",
            "byte_length": 22,
            "dec": "30451842580640408783761687599616795385408476577543784",
            "hex": "5163ff07cfc4f961305484e136865dfca8e4bf603668",
            "id": "UWP_B8_E-WEwVIThNoZd_Kjkv2A2aA",
            "keepers": null,
            "prefix": null
          },
          "sensitive_attributes": []
        },
        {
          "index_key": 44,
          "schema_version": 0,
          "attributes": {
            "b64_std": "+c72BFbtXFHRhB9ZjJs+/sFOz38kUA==",
            "b64_url": "-c72BFbtXFHRhB9ZjJs-_sFOz38kUA",
            "byte_length": 22,
            "dec": "93464434215816271302663891779683710211981063554540624",
            "hex": "f9cef60456ed5c51d1841f598c9b3efec14ecf7f2450",
            "id": "-c72BFbtXFHRhB9ZjJs-_sFOz38kUA",
            "keepers": null,
            "prefix": null
          },
          "sensitive_attributes": []
        },
        {
          "index_key": 45,
          "schema_version": 0,
          "attributes": {
            "b64_std": "WMwbtCbe2h9MbACdT79hzs0KzWvhig==",
            "b64_url": "WMwbtCbe2h9MbACdT79hzs0KzWvhig",
            "byte_length": 22,
            "dec": "33223013380077132600863124787928080591566647935623562",
            "hex": "58cc1bb426deda1f4c6c009d4fbf61cecd0acd6be18a",
            "id": "WMwbtCbe2h9MbACdT79hzs0KzWvhig",
            "keepers": null,
            "prefix": null
          },
          "sensitive_attributes": []
        },
        {
          "index_key": 46,
          "schema_version": 0,
          "attributes": {
            "b64_std": "+Wm6B7Hf54qsLxqdFULmnuYa069/Kw==",
            "b64_url": "-Wm6B7Hf54qsLxqdFULmnuYa069_Kw",
            "byte_length": 22,
            "dec": "93316480085824475397694174378769139691452816321117995",
            "hex": "f969ba07b1dfe78aac2f1a9d1542e69ee61ad3af7f2b",
            "id": "-Wm6B7Hf54qsLxqdFULmnuYa069_Kw",
            "keepers": null,
            "prefix": null
          },
          "sensitive_attributes": []
        },
        {
          "index_key": 47,
          "schema_version": 0,
          "attributes": {
            "b64_std": "hYZfO7BnpqMTMM7Ne3WPtgSiWpQr3w==",
            "b64_url": "hYZfO7BnpqMTMM7Ne3WPtgSiWpQr3w",
            "byte_length": 22,
            "dec": "49957592652479151434463503496532996798000074260229087",
            "hex": "85865f3bb067a6a31330cecd7b758fb604a25a942bdf",
            "id": "hYZfO7BnpqMTMM7Ne3WPtgSiWpQr3w",
            "keepers": null,
            "prefix": null
          },
          "sensitive_attributes": []
        },
        {
          "index_key": 48,
          "schema_version": 0,
          "attributes": {
            "b64_std": "W7ErFz7CTmzemjd2q7aKFwOY3aqJYw==",
            "b64_url": "W7ErFz7CTmzemjd2q7aKFwOY3aqJYw",
            "byte_length": 22,
            "dec": "34306073938055649942317410892237170082731269848467811",
            "hex": "5bb12b173ec24e6cde9a3776abb68a170398ddaa8963",
            "id": "W7ErFz7CTmzemjd2q7aKFwOY3aqJYw",
            "keepers": null,
            "prefix": null
          },
          "sensitive_attributes": []
        },
        {
          "index_key": 49,
          "schema_version": 0,
          "attributes": {
            "b64_std": "e2gecr6g/bHb7Qw3IA0RO28wlV3sTQ==",
            "b64_url": "e2gecr6g_bHb7Qw3IA0RO28wlV3sTQ",
            "byte_length": 22,
            "dec": "46171933555172079063489479484132037116686899278113869",
            "hex": "7b681e72bea0fdb1dbed0c37200d113b6f30955dec4d",
            "id": "e2gecr6g_bHb7Qw3IA0RO28wlV3sTQ",
            "keepers": null,
            "prefix": null
          },
          "sensitive_attributes": []
        },
        {
          "index_key": 50,
          "schema_version": 0,
          "attributes": {
            "b64_std": "ZGp2+04Qz8u0zOiwLKxZwL8Ah2vXYg==",
            "b64_url": "ZGp2-04Qz8u0zOiwLKxZwL8Ah2vXYg",
            "byte_length": 22,
            "dec": "37570040354426671488040682647569812572403484832028514",
            "hex": "646a76fb4e10cfcbb4cce8b02cac59c0bf00876bd762",
            "id": "ZGp2-04Qz8u0zOiwLKxZwL8Ah2vXYg",
            "keepers": null,
            "prefix": null
          },
          "sensitive_attributes": []
        },
        {
          "index_key": 51,
          "schema_version": 0,
          "attributes": {
            "b64_std": "Uu6QNi9mh1Mh5r/tdJXTlUVCX65j2w==",
            "b64_url": "Uu6QNi9mh1Mh5r_tdJXTlUVCX65j2w",
            "byte_length": 22,
            "dec": "31028503063575474424655707144913640178327076037616603",
            "hex": "52ee90362f66875321e6bfed7495d39545425fae63db",
            "id": "Uu6QNi9mh1Mh5r_tdJXTlUVCX65j2w",
            "keepers": null,
            "prefix": null
          },
          "sensitive_attributes": []
        },
        {
          "index_key": 52,
          "schema_version": 0,
          "attributes": {
            "b64_std": "ki7e3qHtTtlqMm9bZ7ZkBmhNQYpcyA==",
            "b64_url": "ki7e3qHtTtlqMm9bZ7ZkBmhNQYpcyA",
            "byte_length": 22,
            "dec": "54693586633019435735830693929672918629891055259638984",
            "hex": "922ededea1ed4ed96a326f5b67b66406684d418a5cc8",
            "id": "ki7e3qHtTtlqMm9bZ7ZkBmhNQYpcyA",
            "keepers": null,
            "prefix": null
          },
          "sensitive_attributes": []
        },
        {
          "index_key": 53,
          "schema_version": 0,
          "attributes": {
            "b64_std": "jeXpEyejz/OzX4g8c9qEyPiFUaoHsA==",
            "b64_url": "jeXpEyejz_OzX4g8c9qEyPiFUaoHsA",
            "byte_length": 22,
            "dec": "53090377598061930823147984407969313863043744453494704",
            "hex": "8de5e91327a3cff3b35f883c73da84c8f88551aa07b0",
            "id": "jeXpEyejz_OzX4g8c9qEyPiFUaoHsA",
            "keepers": null,
            "prefix": null
          },
          "sensitive_attributes": []
        },
        {
          "index_key": 54,
          "schema_version": 0,
          "attributes": {
            "b64_std": "vsI28DTXpZjui7uvJKybnkCDFyPQkg==",
            "b64_url": "vsI28DTXpZjui7uvJKybnkCDFyPQkg",
            "byte_length": 22,
            "dec": "71371284599701004936268853568581273062711891572543634",
            "hex": "bec236f034d7a598ee8bbbaf24ac9b9e40831723d092",
            "id": "vsI28DTXpZjui7uvJKybnkCDFyPQkg",
            "keepers": null,
            "prefix": null
          },
          "sensitive_attributes": []
        },
        {
          "index_key": 55,
          "schema_version": 0,
          "attributes": {
            "b64_std": "MZVaRUWm0Gw3MiFcLV4w1BwHwxEB1A==",
            "b64_url": "MZVaRUWm0Gw3MiFcLV4w1BwHwxEB1A",
            "byte_length": 22,
            "dec": "18551355636629455228440570379163558726419381834809812",
            "hex": "31955a4545a6d06c3732215c2d5e30d41c07c31101d4",
            "id": "MZVaRUWm0Gw3MiFcLV4w1BwHwxEB1A",
            "keepers": null,
            "prefix": null
          },
          "sensitive_attributes": []
        },
        {
          "index_key": 56,
          "schema_version": 0,
          "attributes": {
            "b64_std": "vNA83tc6D+RorwwfzbKyCU0AUxaCrQ==",
            "b64_url": "vNA83tc6D-RorwwfzbKyCU0AUxaCrQ",
            "byte_length": 22,
            "dec": "70643490650987105935459828742808157152859562104488621",
            "hex": "bcd03cded73a0fe468af0c1fcdb2b2094d00531682ad",
            "id": "vNA83tc6D-RorwwfzbKyCU0AUxaCrQ",
            "keepers": null,
            "prefix": null
          },
          "sensitive_attributes": []
        },
        {
          "index_key": 57,
          "schema_version": 0,
          "attributes": {
            "b64_std": "ZWjJjtu2pcg5h6CF5C7VMdK5kzG8Xg==",
            "b64_url": "ZWjJjtu2pcg5h6CF5C7VMdK5kzG8Xg",
            "byte_length": 22,
            "dec": "37941733198100735911741139080165502098606407438941278",
            "hex": "6568c98edbb6a5c83987a085e42ed531d2b99331bc5e",
            "id": "ZWjJjtu2pcg5h6CF5C7VMdK5kzG8Xg",
            "keepers": null,
            "prefix": null
          },
          "sensitive_attributes": []
        },
        {
          "index_key": 58,
          "schema_version": 0,
          "attributes": {
            "b64_std": "gFa/Eb+oNcPOJvJ/ppsEknH28G7KCA==",
            "b64_url": "gFa_Eb-oNcPOJvJ_ppsEknH28G7KCA",
            "byte_length": 22,
            "dec": "48017265605915065719405434315068810001000643636939272",
            "hex": "8056bf11bfa835c3ce26f27fa69b049271f6f06eca08",
            "id": "gFa_Eb-oNcPOJvJ_ppsEknH28G7KCA",
            "keepers": null,
            "prefix": null
          },
          "sensitive_attributes": []
        },
        {
          "index_key": 59,
          "schema_version": 0,
          "attributes": {
            "b64_std": "m/BzcAGO8dpVDInZza5lVPkUg+GH2w==",
            "b64_url": "m_BzcAGO8dpVDInZza5lVPkUg-GH2w",
            "byte_length": 22,
            "dec": "58343804394007505331293408236371741082879073135462363",
            "hex": "9bf07370018ef1da550c89d9cdae6554f91483e187db",
            "id": "m_BzcAGO8dpVDInZza5lVPkUg-GH2w",
            "keepers": null,
            "prefix": null
          },
          "sensitive_attributes": []
        },
        {
          "index_key": 60,
          "schema_version": 0,
          "attributes": {
            "b64_std": "5LsXglCnhodFkiPkQa0yP4u59X1Leg==",
            "b64_url": "5LsXglCnhodFkiPkQa0yP4u59X1Leg",
            "byte_length": 22,
            "dec": "85578362586821613981446023360011138695830883197078394",
            "hex": "e4bb178250a78687459223e441ad323f8bb9f57d4b7a",
            "id": "5LsXglCnhodFkiPkQa0yP4u59X1Leg",
            "keepers": null,
            "prefix": null
          },
          "sensitive_attributes": []
        },
        {
          "index_key": 61,
          "schema_version": 0,
          "attributes": {
            "b64_std": "abG/wK2mAPmw93rTkbEOpPq+qItwUw==",
            "b64_url": "abG_wK2mAPmw93rTkbEOpPq-qItwUw",
            "byte_length": 22,
            "dec": "39544944515369459364640499913442244426212098934796371",
            "hex": "69b1bfc0ada600f9b0f77ad391b10ea4fabea88b7053",
            "id": "abG_wK2mAPmw93rTkbEOpPq-qItwUw",
            "keepers": null,
            "prefix": null
          },
          "sensitive_attributes": []
        },
        {
          "index_key": 62,
          "schema_version": 0,
          "attributes": {
            "b64_std": "6F3eh59Q0LaffF9ZBuot//elyS4JRA==",
            "b64_url": "6F3eh59Q0LaffF9ZBuot__elyS4JRA",
            "byte_length": 22,
            "dec": "86938695317058838263514158876956765157762509369641284",
            "hex": "e85dde879f50d0b69f7c5f5906ea2dfff7a5c92e0944",
            "id": "6F3eh59Q0LaffF9ZBuot__elyS4JRA",
            "keepers": null,
            "prefix": null
          },
          "sensitive_attributes": []
        },
        {
          "index_key": 63,
          "schema_version": 0,
          "attributes": {
            "b64_std": "VInh/hDD0uixAaqJLeTefjDGk8LRVw==",
            "b64_url": "VInh_hDD0uixAaqJLeTefjDGk8LRVw",
            "byte_length": 22,
            "dec": "31629647122251217826057025337692781912653557708018007",
            "hex": "5489e1fe10c3d2e8b101aa892de4de7e30c693c2d157",
            "id": "VInh_hDD0uixAaqJLeTefjDGk8LRVw",
            "keepers": null,
            "prefix": null
          },
          "sensitive_attributes": []
        },
        {
          "index_key": 64,
          "schema_version": 0,
          "attributes": {
            "b64_std": "DhT8/RbcD3kmQuvQ+VEllRT5Eb+3Ag==",
            "b64_url": "DhT8_RbcD3kmQuvQ-VEllRT5Eb-3Ag",
            "byte_length": 22,
            "dec": "5268696210694709931699063847819266452883094475093762",
            "hex": "0e14fcfd16dc0f792642ebd0f951259514f911bfb702",
            "id": "DhT8_RbcD3kmQuvQ-VEllRT5Eb-3Ag",
            "keepers": null,
            "prefix": null
          },
          "sensitive_attributes": []
        },
        {
          "index_key": 65,
          "schema_version": 0,
          "attributes": {
            "b64_std": "INSaTI/5ZcVv7aL3PggeS3VyqjkavQ==",
            "b64_url": "INSaTI_5ZcVv7aL3PggeS3VyqjkavQ",
            "byte_length": 22,
            "dec": "12283340652106172558983117326743637165241931247721149",
            "hex": "20d49a4c8ff965c56feda2f73e081e4b7572aa391abd",
            "id": "INSaTI_5ZcVv7aL3PggeS3VyqjkavQ",
            "keepers": null,
            "prefix": null
          },
          "sensitive_attributes": []
        },
        {
          "index_key": 66,
          "schema_version": 0,
          "attributes": {
            "b64_std": "6EXRUZrMn0BMujmC2aZ3f6EWp/RA5g==",
            "b64_url": "6EXRUZrMn0BMujmC2aZ3f6EWp_RA5g",
            "byte_length": 22,
            "dec": "86903543856249203000207838574524834151453343555535078",
            "hex": "e845d1519acc9f404cba3982d9a6777fa116a7f440e6",
            "id": "6EXRUZrMn0BMujmC2aZ3f6EWp_RA5g",
            "keepers": null,
            "prefix": null
          },
          "sensitive_attributes": []
        },
        {
          "index_key": 67,
          "schema_version": 0,
          "attributes": {
            "b64_std": "UsJVavyxqdBtMwUSR2O0BXPQJcmWOw==",
            "b64_url": "UsJVavyxqdBtMwUSR2O0BXPQJcmWOw",
            "byte_length": 22,
            "dec": "30963861338599772051161327027560929878458225801139771",
            "hex": "52c2556afcb1a9d06d3305124763b40573d025c9963b",
            "id": "UsJVavyxqdBtMwUSR2O0BXPQJcmWOw",
            "keepers": null,
            "prefix": null
          },
          "sensitive_attributes": []
        },
        {
          "index_key": 68,
          "schema_version": 0,
          "attributes": {
            "b64_std": "eLBmlNosrcCTTUXEuX6QeMNUhfd1gw==",
            "b64_url": "eLBmlNosrcCTTUXEuX6QeMNUhfd1gw",
            "byte_length": 22,
            "dec": "45155140223550171688604902382594940254980168052340099",
            "hex": "78b06694da2cadc0934d45c4b97e9078c35485f77583",
            "id": "eLBmlNosrcCTTUXEuX6QeMNUhfd1gw",
            "keepers": null,
            "prefix": null
          },
          "sensitive_attributes": []
        },
        {
          "index_key": 69,
          "schema_version": 0,
          "attributes": {
            "b64_std": "YINSC7ca52q4yYtNGpZra41C6NERxQ==",
            "b64_url": "YINSC7ca52q4yYtNGpZra41C6NERxQ",
            "byte_length": 22,
            "dec": "36109789352036726411586777032619159800351040302289349",
            "hex": "6083520bb71ae76ab8c98b4d1a966b6b8d42e8d111c5",
            "id": "YINSC7ca52q4yYtNGpZra41C6NERxQ",
            "keepers": null,
            "prefix": null
          },
          "sensitive_attributes": []
        },
        {
          "index_key": 70,
          "schema_version": 0,
          "attributes": {
            "b64_std": "mewrrkE3CpEmkbYcgLN/+91/a2EW9g==",
            "b64_url": "mewrrkE3CpEmkbYcgLN_-91_a2EW9g",
            "byte_length": 22,
            "dec": "57589259890000736720016311794216731444844560751073014",
            "hex": "99ec2bae41370a912691b61c80b37ffbdd7f6b6116f6",
            "id": "mewrrkE3CpEmkbYcgLN_-91_a2EW9g",
            "keepers": null,
            "prefix": null
          },
          "sensitive_attributes": []
        },
        {
          "index_key": 71,
          "schema_version": 0,
          "attributes": {
            "b64_std": "cyXfysELMuxb/JRmoa+qCct5DJGIUw==",
            "b64_url": "cyXfysELMuxb_JRmoa-qCct5DJGIUw",
            "byte_length": 22,
            "dec": "43081961390111931118803212879928515061167316224018515",
            "hex": "7325dfcac10b32ec5bfc9466a1afaa09cb790c918853",
            "id": "cyXfysELMuxb_JRmoa-qCct5DJGIUw",
            "keepers": null,
            "prefix": null
          },
          "sensitive_attributes": []
        },
        {
          "index_key": 72,
          "schema_version": 0,
          "attributes": {
            "b64_std": "nqlsVfxvF+9WjcOBqDteDoRSlOpkoA==",
            "b64_url": "nqlsVfxvF-9WjcOBqDteDoRSlOpkoA",
            "byte_length": 22,
            "dec": "59362430492025973890940828530946013553946970609575072",
            "hex": "9ea96c55fc6f17ef568dc381a83b5e0e845294ea64a0",
            "id": "nqlsVfxvF-9WjcOBqDteDoRSlOpkoA",
            "keepers": null,
            "prefix": null
          },
          "sensitive_attributes": []
        },
        {
          "index_key": 73,
          "schema_version": 0,
          "attributes": {
            "b64_std": "e5Psl18/RiX8U7o0ik2nKkwMiGJaWQ==",
            "b64_url": "e5Psl18_RiX8U7o0ik2nKkwMiGJaWQ",
            "byte_length": 22,
            "dec": "46235954994494751417451115126693414691710074926291545",
            "hex": "7b93ec975f3f4625fc53ba348a4da72a4c0c88625a59",
            "id": "e5Psl18_RiX8U7o0ik2nKkwMiGJaWQ",
            "keepers": null,
            "prefix": null
          },
          "sensitive_attributes": []
        },
        {
          "index_key": 74,
          "schema_version": 0,
          "attributes": {
            "b64_std": "q2n7I0sc8XYwlpCBjhqjRDnhCeZbXw==",
            "b64_url": "q2n7I0sc8XYwlpCBjhqjRDnhCeZbXw",
            "byte_length": 22,
            "dec": "64133587091470179994767589472411811212600421409774431",
            "hex": "ab69fb234b1cf176309690818e1aa34439e109e65b5f",
            "id": "q2n7I0sc8XYwlpCBjhqjRDnhCeZbXw",
            "keepers": null,
            "prefix": null
          },
          "sensitive_attributes": []
        },
        {
          "index_key": 75,
          "schema_version": 0,
          "attributes": {
            "b64_std": "YYdMO0xSQtEmFA8Sah1MwoMpE+WAtA==",
            "b64_url": "YYdMO0xSQtEmFA8Sah1MwoMpE-WAtA",
            "byte_length": 22,
            "dec": "36489746584931728183813388018069500148657102862516404",
            "hex": "61874c3b4c5242d126140f126a1d4cc2832913e580b4",
            "id": "YYdMO0xSQtEmFA8Sah1MwoMpE-WAtA",
            "keepers": null,
            "prefix": null
          },
          "sensitive_attributes": []
        },
        {
          "index_key": 76,
          "schema_version": 0,
          "attributes": {
            "b64_std": "J27/NdeClu5O1WTbC4HpyuKyqjx/3Q==",
            "b64_url": "J27_NdeClu5O1WTbC4HpyuKyqjx_3Q",
            "byte_length": 22,
            "dec": "14753854520577768462142830513474803724046733890322397",
            "hex": "276eff35d78296ee4ed564db0b81e9cae2b2aa3c7fdd",
            "id": "J27_NdeClu5O1WTbC4HpyuKyqjx_3Q",
            "keepers": null,
            "prefix": null
          },
          "sensitive_attributes": []
        },
        {
          "index_key": 77,
          "schema_version": 0,
          "attributes": {
            "b64_std": "QTe8iq4D85Dje5ws86D6OoTDTwhSpQ==",
            "b64_url": "QTe8iq4D85Dje5ws86D6OoTDTwhSpQ",
            "byte_length": 22,
            "dec": "24400846218166058852401737118674691887635926029456037",
            "hex": "4137bc8aae03f390e37b9c2cf3a0fa3a84c34f0852a5",
            "id": "QTe8iq4D85Dje5ws86D6OoTDTwhSpQ",
            "keepers": null,
            "prefix": null
          },
          "sensitive_attributes": []
        },
        {
          "index_key": 78,
          "schema_version": 0,
          "attributes": {
            "b64_std": "qAdzX9s6nRReLtmhE5ntC5B5dHw9wA==",
            "b64_url": "qAdzX9s6nRReLtmhE5ntC5B5dHw9wA",
            "byte_length": 22,
            "dec": "62867151601395763419374430536905870711599322550255040",
            "hex": "a807735fdb3a9d145e2ed9a11399ed0b9079747c3dc0",
            "id": "qAdzX9s6nRReLtmhE5ntC5B5dHw9wA",
            "keepers": null,
            "prefix": null
          },
          "sensitive_attributes": []
        },
        {
          "index_key": 79,
          "schema_version": 0,
          "attributes": {
            "b64_std": "uSZoHH4eVxL+MOSdlgmwU3c40zheMQ==",
            "b64_url": "uSZoHH4eVxL-MOSdlgmwU3c40zheMQ",
            "byte_length": 22,
            "dec": "69272848976657639995048223627956473330904706324127281",
            "hex": "b926681c7e1e5712fe30e49d9609b0537738d3385e31",
            "id": "uSZoHH4eVxL-MOSdlgmwU3c40zheMQ",
            "keepers": null,
            "prefix": null
          },
          "sensitive_attributes": []
        },
        {
          "index_key": 80,
          "schema_version": 0,
          "attributes": {
            "b64_std": "A8zD2Ol3Cf+ahF+hidN6y94tcHZ9wg==",
            "b64_url": "A8zD2Ol3Cf-ahF-hidN6y94tcHZ9wg",
            "byte_length": 22,
            "dec": "1421697681984580681801174621389051608422551666458050",
            "hex": "03ccc3d8e97709ff9a845fa189d37acbde2d70767dc2",
            "id": "A8zD2Ol3Cf-ahF-hidN6y94tcHZ9wg",
            "keepers": null,
            "prefix": null
          },
          "sensitive_attributes": []
        },
        {
          "index_key": 81,
          "schema_version": 0,
          "attributes": {
            "b64_std": "vg1M+BaI3g/Iu/VgZmM4BUXzyHmK5w==",
            "b64_url": "vg1M-BaI3g_Iu_VgZmM4BUXzyHmK5w",
            "byte_length": 22,
            "dec": "71106878576906855389733122700029403901517702796774119",
            "hex": "be0d4cf81688de0fc8bbf5606663380545f3c8798ae7",
            "id": "vg1M-BaI3g_Iu_VgZmM4BUXzyHmK5w",
            "keepers": null,
            "prefix": null
          },
          "sensitive_attributes": []
        },
        {
          "index_key": 82,
          "schema_version": 0,
          "attributes": {
            "b64_std": "glkaeUv7c8Mdrn+bnARSL/sUUEtXYw==",
            "b64_url": "glkaeUv7c8Mdrn-bnARSL_sUUEtXYw",
            "byte_length": 22,
            "dec": "48768999274864096112870381174415151479917835207792483",
            "hex": "82591a794bfb73c31dae7f9b9c04522ffb14504b5763",
            "id": "glkaeUv7c8Mdrn-bnARSL_sUUEtXYw",
            "keepers": null,
            "prefix": null
          },
          "sensitive_attributes": []
        },
        {
          "index_key": 83,
          "schema_version": 0,
          "attributes": {
            "b64_std": "6ZQ9E+hTnQsJTcPaI2x+NS2JCjkjTg==",
            "b64_url": "6ZQ9E-hTnQsJTcPaI2x-NS2JCjkjTg",
            "byte_length": 22,
            "dec": "87392300598228352441922477826453898284599903283389262",
            "hex": "e9943d13e8539d0b094dc3da236c7e352d890a39234e",
            "id": "6ZQ9E-hTnQsJTcPaI2x-NS2JCjkjTg",
            "keepers": null,
            "prefix": null
          },
          "sensitive_attributes": []
        },
        {
          "index_key": 84,
          "schema_version": 0,
          "attributes": {
            "b64_std": "ArlTHhauJtN9enRs4kGIzCqSsVHvkw==",
            "b64_url": "ArlTHhauJtN9enRs4kGIzCqSsVHvkw",
            "byte_length": 22,
            "dec": "1019141158451704699713622690113598179269738178408339",
            "hex": "02b9531e16ae26d37d7a746ce24188cc2a92b151ef93",
            "id": "ArlTHhauJtN9enRs4kGIzCqSsVHvkw",
            "keepers": null,
            "prefix": null
          },
          "sensitive_attributes": []
        },
        {
          "index_key": 85,
          "schema_version": 0,
          "attributes": {
            "b64_std": "ojuYOdE6+phyjqYkCapJdCg61FaCcA==",
            "b64_url": "ojuYOdE6-phyjqYkCapJdCg61FaCcA",
            "byte_length": 22,
            "dec": "60698493555955907871341308511204531486405323186930288",
            "hex": "a23b9839d13afa98728ea62409aa4974283ad4568270",
            "id": "ojuYOdE6-phyjqYkCapJdCg61FaCcA",
            "keepers": null,
            "prefix": null
          },
          "sensitive_attributes": []
        },
        {
          "index_key": 86,
          "schema_version": 0,
          "attributes": {
            "b64_std": "Gsm4zmxn3fLnFT/ScxMV7qp78y218A==",
            "b64_url": "Gsm4zmxn3fLnFT_ScxMV7qp78y218A",
            "byte_length": 22,
            "dec": "10022571784876814778936284646005138733231124735964656",
            "hex": "1ac9b8ce6c67ddf2e7153fd2731315eeaa7bf32db5f0",
            "id": "Gsm4zmxn3fLnFT_ScxMV7qp78y218A",
            "keepers": null,
            "prefix": null
          },
          "sensitive_attributes": []
        },
        {
          "index_key": 87,
          "schema_version": 0,
          "attributes": {
            "b64_std": "8nlyeAmPRflx3nkTsRv47xnEg6MSYw==",
            "b64_url": "8nlyeAmPRflx3nkTsRv47xnEg6MSYw",
            "byte_length": 22,
            "dec": "90720444635911198546816569947131244361279720306971235",
            "hex": "f2797278098f45f971de7913b11bf8ef19c483a31263",
            "id": "8nlyeAmPRflx3nkTsRv47xnEg6MSYw",
            "keepers": null,
            "prefix": null
          },
          "sensitive_attributes": []
        }
      ]
    }
  ],
  "check_results": null
}
